
Microsoft Visual Studio Solution File, Format Version 12.00
# Visual Studio Version 17
VisualStudioVersion = 17.0.31314.256
MinimumVisualStudioVersion = 10.0.40219.1
Project("{2150E333-8FDC-42A3-9474-1A3956D46DE8}") = "Automation", "Automation", "{0BFBE63A-B98A-3411-8EEB-8918FEC737B3}"
EndProject
Project("{2150E333-8FDC-42A3-9474-1A3956D46DE8}") = "Engine", "Engine", "{233774A8-CC9D-3FA9-86D1-90573E92B704}"
EndProject
Project("{2150E333-8FDC-42A3-9474-1A3956D46DE8}") = "Games", "Games", "{DE1F8B53-6C02-3C13-9101-A7C8D96F3FF6}"
EndProject
Project("{2150E333-8FDC-42A3-9474-1A3956D46DE8}") = "Programs", "Programs", "{A338B9E2-A559-34BE-A46D-F789DD488FAD}"
EndProject
Project("{2150E333-8FDC-42A3-9474-1A3956D46DE8}") = "Rules", "Rules", "{C2F57ECE-B26F-39D8-BDA7-C1D40BD8F180}"
EndProject
Project("{2150E333-8FDC-42A3-9474-1A3956D46DE8}") = "Shared", "Shared", "{57713676-9DBE-331C-AD10-26632AC9EE0C}"
EndProject
Project("{2150E333-8FDC-42A3-9474-1A3956D46DE8}") = "UnrealBuildTool.Plugins", "UnrealBuildTool.Plugins", "{7B5CFB44-F0FB-31DF-AE62-C3C096A29A7B}"
EndProject
Project("{8BC9CEB8-8B4A-11D0-8D11-00A0C91BC942}") = "Solstice", "Intermediate\ProjectFiles\Solstice.vcxproj", "{75C58A33-4D24-38A3-B185-9D33B5CA3DF1}"
	ProjectSection(ProjectDependencies) = postProject
		{9A3C8904-9A2B-3D4F-AAB8-4ACAAF19D5E1} = {9A3C8904-9A2B-3D4F-AAB8-4ACAAF19D5E1}
	EndProjectSection
EndProject
Project("{8BC9CEB8-8B4A-11D0-8D11-00A0C91BC942}") = "UE5", "Intermediate\ProjectFiles\UE5.vcxproj", "{81E9E468-8455-3013-869B-4320B22BF92E}"
EndProject
Project("{FAE04EC0-301F-11D3-BF4B-00C04F79EFBC}") = "UnrealBuildTool", "E:\epic\UE_5.3\Engine\Source\Programs\UnrealBuildTool\UnrealBuildTool.csproj", "{9A3C8904-9A2B-3D4F-AAB8-4ACAAF19D5E1}"
EndProject
Project("{FAE04EC0-301F-11D3-BF4B-00C04F79EFBC}") = "AutomationTool", "E:\epic\UE_5.3\Engine\Source\Programs\AutomationTool\AutomationTool.csproj", "{585F0EFA-0861-3F8D-9477-AD193ADD2300}"
EndProject
Project("{FAE04EC0-301F-11D3-BF4B-00C04F79EFBC}") = "Android.Automation", "E:\epic\UE_5.3\Engine\Source\Programs\AutomationTool\Android\Android.Automation.csproj", "{A7B93103-B257-358C-89A7-AE1AD23A0D8B}"
EndProject
Project("{FAE04EC0-301F-11D3-BF4B-00C04F79EFBC}") = "Apple.Automation", "E:\epic\UE_5.3\Engine\Source\Programs\AutomationTool\Apple\Apple.Automation.csproj", "{67E802E3-B148-36F6-B930-71027BC2D573}"
EndProject
Project("{FAE04EC0-301F-11D3-BF4B-00C04F79EFBC}") = "AutomationUtils.Automation", "E:\epic\UE_5.3\Engine\Source\Programs\AutomationTool\AutomationUtils\AutomationUtils.Automation.csproj", "{31394E1F-B6E0-3DB9-A6DE-6532EA7DBD44}"
EndProject
Project("{FAE04EC0-301F-11D3-BF4B-00C04F79EFBC}") = "BuildGraph.Automation", "E:\epic\UE_5.3\Engine\Source\Programs\AutomationTool\BuildGraph\BuildGraph.Automation.csproj", "{E70A035C-BDC6-352E-A121-D6465A8C3D1C}"
EndProject
Project("{FAE04EC0-301F-11D3-BF4B-00C04F79EFBC}") = "CookedEditor.Automation", "E:\epic\UE_5.3\Engine\Source\Programs\AutomationTool\CookedEditor\CookedEditor.Automation.csproj", "{6A6B6719-133F-37CF-B112-B3CA6FDB30F9}"
EndProject
Project("{FAE04EC0-301F-11D3-BF4B-00C04F79EFBC}") = "CrowdinLocalization.Automation", "E:\epic\UE_5.3\Engine\Source\Programs\AutomationTool\CrowdinLocalization\CrowdinLocalization.Automation.csproj", "{BA0A4C5F-DCA0-3EB1-8675-E022772B4D97}"
EndProject
Project("{FAE04EC0-301F-11D3-BF4B-00C04F79EFBC}") = "Gauntlet.Automation", "E:\epic\UE_5.3\Engine\Source\Programs\AutomationTool\Gauntlet\Gauntlet.Automation.csproj", "{A1A8738B-56B4-357D-93E6-D0A57544CDE2}"
EndProject
Project("{FAE04EC0-301F-11D3-BF4B-00C04F79EFBC}") = "IOS.Automation", "E:\epic\UE_5.3\Engine\Source\Programs\AutomationTool\IOS\IOS.Automation.csproj", "{8AA62C7E-6CBD-32CB-A561-B806BCA1C270}"
EndProject
Project("{FAE04EC0-301F-11D3-BF4B-00C04F79EFBC}") = "Linux.Automation", "E:\epic\UE_5.3\Engine\Source\Programs\AutomationTool\Linux\Linux.Automation.csproj", "{3C8738F3-BE38-3B9C-8D77-86B5BDBAE443}"
EndProject
Project("{FAE04EC0-301F-11D3-BF4B-00C04F79EFBC}") = "Localization.Automation", "E:\epic\UE_5.3\Engine\Source\Programs\AutomationTool\Localization\Localization.Automation.csproj", "{55AEB1DB-2213-3ECA-A467-F04D584A930D}"
EndProject
Project("{FAE04EC0-301F-11D3-BF4B-00C04F79EFBC}") = "LowLevelTests.Automation", "E:\epic\UE_5.3\Engine\Source\Programs\AutomationTool\LowLevelTests\LowLevelTests.Automation.csproj", "{23E8084B-1BB9-314C-B497-392BC3CDFED8}"
EndProject
Project("{FAE04EC0-301F-11D3-BF4B-00C04F79EFBC}") = "Mac.Automation", "E:\epic\UE_5.3\Engine\Source\Programs\AutomationTool\Mac\Mac.Automation.csproj", "{F4733B6B-854F-3622-9E0C-DC3CF0AB2CE6}"
EndProject
Project("{FAE04EC0-301F-11D3-BF4B-00C04F79EFBC}") = "OneSkyLocalization.Automation", "E:\epic\UE_5.3\Engine\Source\Programs\AutomationTool\OneSkyLocalization\OneSkyLocalization.Automation.csproj", "{45AF5A68-A344-3B89-BC69-20AFB5ADD393}"
EndProject
Project("{FAE04EC0-301F-11D3-BF4B-00C04F79EFBC}") = "AutomationScripts.Automation", "E:\epic\UE_5.3\Engine\Source\Programs\AutomationTool\Scripts\AutomationScripts.Automation.csproj", "{E57508EF-3F99-3BD8-870F-C119F8DAEC37}"
EndProject
Project("{FAE04EC0-301F-11D3-BF4B-00C04F79EFBC}") = "SmartlingLocalization.Automation", "E:\epic\UE_5.3\Engine\Source\Programs\AutomationTool\SmartlingLocalization\SmartlingLocalization.Automation.csproj", "{522632E7-9AA0-3D82-969F-7EBCCF1EEEF8}"
EndProject
Project("{FAE04EC0-301F-11D3-BF4B-00C04F79EFBC}") = "SteamDeck.Automation", "E:\epic\UE_5.3\Engine\Source\Programs\AutomationTool\SteamDeck\SteamDeck.Automation.csproj", "{DA4E471F-006F-396B-B99A-1472E98429AD}"
EndProject
Project("{FAE04EC0-301F-11D3-BF4B-00C04F79EFBC}") = "TVOS.Automation", "E:\epic\UE_5.3\Engine\Source\Programs\AutomationTool\TVOS\TVOS.Automation.csproj", "{0C3A58B2-0575-3D96-9A6E-EFE139713DF4}"
EndProject
Project("{FAE04EC0-301F-11D3-BF4B-00C04F79EFBC}") = "Turnkey.Automation", "E:\epic\UE_5.3\Engine\Source\Programs\AutomationTool\Turnkey\Turnkey.Automation.csproj", "{620300E6-F91F-363B-B167-BF6B11AFC9C6}"
EndProject
Project("{FAE04EC0-301F-11D3-BF4B-00C04F79EFBC}") = "Win.Automation", "E:\epic\UE_5.3\Engine\Source\Programs\AutomationTool\Win\Win.Automation.csproj", "{7529CBEF-3827-35EA-9B8C-2AF36658C7D7}"
EndProject
Project("{FAE04EC0-301F-11D3-BF4B-00C04F79EFBC}") = "XLocLocalization.Automation", "E:\epic\UE_5.3\Engine\Source\Programs\AutomationTool\XLocLocalization\XLocLocalization.Automation.csproj", "{1FB0E080-75FF-3784-835C-D28948EB943D}"
EndProject
Project("{FAE04EC0-301F-11D3-BF4B-00C04F79EFBC}") = "ScriptGeneratorUbtPlugin.ubtplugin", "E:\epic\UE_5.3\Engine\Plugins\ScriptPlugin\Source\ScriptGeneratorUbtPlugin\ScriptGeneratorUbtPlugin.ubtplugin.csproj", "{D35AC87B-2F3E-325D-86A0-4F4C8D78430D}"
EndProject
Project("{FAE04EC0-301F-11D3-BF4B-00C04F79EFBC}") = "EpicGames.AspNet", "E:\epic\UE_5.3\Engine\Source\Programs\Shared\EpicGames.AspNet\EpicGames.AspNet.csproj", "{16EFED17-DFCC-3B1D-83C0-757E415832BC}"
EndProject
Project("{FAE04EC0-301F-11D3-BF4B-00C04F79EFBC}") = "EpicGames.Box", "E:\epic\UE_5.3\Engine\Source\Programs\Shared\EpicGames.Box\EpicGames.Box.csproj", "{106DE75F-4665-3E55-96EE-9A3CBF5B2D35}"
EndProject
Project("{FAE04EC0-301F-11D3-BF4B-00C04F79EFBC}") = "EpicGames.Build", "E:\epic\UE_5.3\Engine\Source\Programs\Shared\EpicGames.Build\EpicGames.Build.csproj", "{2D7A331E-EA21-34EA-99FF-F5C1C0745626}"
EndProject
Project("{FAE04EC0-301F-11D3-BF4B-00C04F79EFBC}") = "EpicGames.BuildGraph", "E:\epic\UE_5.3\Engine\Source\Programs\Shared\EpicGames.BuildGraph\EpicGames.BuildGraph.csproj", "{41CEEA32-72BA-3879-BC95-34491EB6D2EF}"
EndProject
Project("{FAE04EC0-301F-11D3-BF4B-00C04F79EFBC}") = "EpicGames.Core", "E:\epic\UE_5.3\Engine\Source\Programs\Shared\EpicGames.Core\EpicGames.Core.csproj", "{AE330B20-77F9-39BB-B087-13A129E46607}"
EndProject
Project("{FAE04EC0-301F-11D3-BF4B-00C04F79EFBC}") = "EpicGames.Horde", "E:\epic\UE_5.3\Engine\Source\Programs\Shared\EpicGames.Horde\EpicGames.Horde.csproj", "{9E1242BA-4F57-31F1-8DF3-D7271A1B76D5}"
EndProject
Project("{FAE04EC0-301F-11D3-BF4B-00C04F79EFBC}") = "EpicGames.IoHash", "E:\epic\UE_5.3\Engine\Source\Programs\Shared\EpicGames.IoHash\EpicGames.IoHash.csproj", "{6BD7A014-1229-39E6-AB5C-7FE49E380089}"
EndProject
Project("{FAE04EC0-301F-11D3-BF4B-00C04F79EFBC}") = "EpicGames.Jupiter", "E:\epic\UE_5.3\Engine\Source\Programs\Shared\EpicGames.Jupiter\EpicGames.Jupiter.csproj", "{BF7507B0-A85E-3F09-B418-7704A6E1CA27}"
EndProject
Project("{FAE04EC0-301F-11D3-BF4B-00C04F79EFBC}") = "EpicGames.MongoDB", "E:\epic\UE_5.3\Engine\Source\Programs\Shared\EpicGames.MongoDB\EpicGames.MongoDB.csproj", "{8E7B7BF6-F48D-3E1E-B569-A35024F0F00D}"
EndProject
Project("{FAE04EC0-301F-11D3-BF4B-00C04F79EFBC}") = "EpicGames.MsBuild", "E:\epic\UE_5.3\Engine\Source\Programs\Shared\EpicGames.MsBuild\EpicGames.MsBuild.csproj", "{958A5CFB-EAF5-3D3F-B4B7-2A6232583FE9}"
EndProject
Project("{FAE04EC0-301F-11D3-BF4B-00C04F79EFBC}") = "EpicGames.OIDC", "E:\epic\UE_5.3\Engine\Source\Programs\Shared\EpicGames.OIDC\EpicGames.OIDC.csproj", "{2DA8C863-219B-3395-9EA8-C664F5A2B38B}"
EndProject
Project("{FAE04EC0-301F-11D3-BF4B-00C04F79EFBC}") = "EpicGames.Oodle", "E:\epic\UE_5.3\Engine\Source\Programs\Shared\EpicGames.Oodle\EpicGames.Oodle.csproj", "{CE3694B2-86F6-3835-98CE-2B81048A0CC2}"
EndProject
Project("{FAE04EC0-301F-11D3-BF4B-00C04F79EFBC}") = "EpicGames.Perforce", "E:\epic\UE_5.3\Engine\Source\Programs\Shared\EpicGames.Perforce\EpicGames.Perforce.csproj", "{3F3EF96E-6227-39B7-9337-823868D95085}"
EndProject
Project("{FAE04EC0-301F-11D3-BF4B-00C04F79EFBC}") = "EpicGames.Perforce.Fixture", "E:\epic\UE_5.3\Engine\Source\Programs\Shared\EpicGames.Perforce.Fixture\EpicGames.Perforce.Fixture.csproj", "{EE64BB97-190B-34B9-A574-1FAA554C3B1E}"
EndProject
Project("{FAE04EC0-301F-11D3-BF4B-00C04F79EFBC}") = "EpicGames.Perforce.Managed", "E:\epic\UE_5.3\Engine\Source\Programs\Shared\EpicGames.Perforce.Managed\EpicGames.Perforce.Managed.csproj", "{5C3BCAFB-FE5E-37F5-8D44-F1180701B8B9}"
EndProject
Project("{FAE04EC0-301F-11D3-BF4B-00C04F79EFBC}") = "EpicGames.Redis", "E:\epic\UE_5.3\Engine\Source\Programs\Shared\EpicGames.Redis\EpicGames.Redis.csproj", "{FA5B35B8-F57C-36BA-908E-0ED1D20A9566}"
EndProject
Project("{FAE04EC0-301F-11D3-BF4B-00C04F79EFBC}") = "EpicGames.Serialization", "E:\epic\UE_5.3\Engine\Source\Programs\Shared\EpicGames.Serialization\EpicGames.Serialization.csproj", "{8F4C5885-DA38-331A-A51A-9245546C25A9}"
EndProject
Project("{FAE04EC0-301F-11D3-BF4B-00C04F79EFBC}") = "EpicGames.Slack", "E:\epic\UE_5.3\Engine\Source\Programs\Shared\EpicGames.Slack\EpicGames.Slack.csproj", "{0447BC20-1C14-30C2-BA66-8BE0687AA48E}"
EndProject
Project("{FAE04EC0-301F-11D3-BF4B-00C04F79EFBC}") = "EpicGames.Tracing", "E:\epic\UE_5.3\Engine\Source\Programs\Shared\EpicGames.Tracing\EpicGames.Tracing.csproj", "{D2653D15-70B1-3C68-94F5-BE96454F458A}"
EndProject
Project("{FAE04EC0-301F-11D3-BF4B-00C04F79EFBC}") = "EpicGames.UHT", "E:\epic\UE_5.3\Engine\Source\Programs\Shared\EpicGames.UHT\EpicGames.UHT.csproj", "{99DCE036-C9D5-3EE1-8390-5155C120CC30}"
EndProject
Project("{FAE04EC0-301F-11D3-BF4B-00C04F79EFBC}") = "SolsticeModuleRules", "Intermediate\Build\BuildRulesProjects\SolsticeModuleRules\SolsticeModuleRules.csproj", "{8B63E15B-DADE-3AAF-B96C-000B10F1F75D}"
EndProject
Project("{FAE04EC0-301F-11D3-BF4B-00C04F79EFBC}") = "UE5ProgramRules", "E:\epic\UE_5.3\Engine\Intermediate\Build\BuildRulesProjects\UE5ProgramRules\UE5ProgramRules.csproj", "{3C64BD4C-598E-3386-9DF3-9C44F000E929}"
EndProject
Project("{FAE04EC0-301F-11D3-BF4B-00C04F79EFBC}") = "UE5Rules", "E:\epic\UE_5.3\Engine\Intermediate\Build\BuildRulesProjects\UE5Rules\UE5Rules.csproj", "{280A6222-D82F-3581-8F6D-0173BC716570}"
EndProject
Project("{2150E333-8FDC-42A3-9474-1A3956D46DE8}") = "Visualizers", "Visualizers", "{1CCEC849-CC72-4C59-8C36-2F7C38706D4C}"
	ProjectSection(SolutionItems) = preProject
		E:\epic\UE_5.3\Engine\Extras\VisualStudioDebugging\Unreal.natvis = E:\epic\UE_5.3\Engine\Extras\VisualStudioDebugging\Unreal.natvis
		E:\epic\UE_5.3\Engine\Extras\VisualStudioDebugging\Unreal.natstepfilter = E:\epic\UE_5.3\Engine\Extras\VisualStudioDebugging\Unreal.natstepfilter
	EndProjectSection
EndProject
Global
	GlobalSection(SolutionConfigurationPlatforms) = preSolution
		DebugGame Editor|Win64 = DebugGame Editor|Win64
		DebugGame|Win64 = DebugGame|Win64
		Development Editor|Win64 = Development Editor|Win64
		Development|Win64 = Development|Win64
		Shipping|Win64 = Shipping|Win64
	EndGlobalSection
	# UnrealVS Section
	GlobalSection(ddbf523f-7eb6-4887-bd51-85a714ff87eb) = preSolution
		AvailablePlatforms=Win64
	EndGlobalSection
	GlobalSection(ProjectConfigurationPlatforms) = postSolution
		{75C58A33-4D24-38A3-B185-9D33B5CA3DF1}.DebugGame Editor|Win64.ActiveCfg = DebugGame_Editor|x64
		{75C58A33-4D24-38A3-B185-9D33B5CA3DF1}.DebugGame Editor|Win64.Build.0 = DebugGame_Editor|x64
		{75C58A33-4D24-38A3-B185-9D33B5CA3DF1}.DebugGame|Win64.ActiveCfg = DebugGame|x64
		{75C58A33-4D24-38A3-B185-9D33B5CA3DF1}.DebugGame|Win64.Build.0 = DebugGame|x64
		{75C58A33-4D24-38A3-B185-9D33B5CA3DF1}.Development Editor|Win64.ActiveCfg = Development_Editor|x64
		{75C58A33-4D24-38A3-B185-9D33B5CA3DF1}.Development Editor|Win64.Build.0 = Development_Editor|x64
		{75C58A33-4D24-38A3-B185-9D33B5CA3DF1}.Development|Win64.ActiveCfg = Development|x64
		{75C58A33-4D24-38A3-B185-9D33B5CA3DF1}.Development|Win64.Build.0 = Development|x64
		{75C58A33-4D24-38A3-B185-9D33B5CA3DF1}.Shipping|Win64.ActiveCfg = Shipping|x64
		{75C58A33-4D24-38A3-B185-9D33B5CA3DF1}.Shipping|Win64.Build.0 = Shipping|x64
		{81E9E468-8455-3013-869B-4320B22BF92E}.DebugGame Editor|Win64.ActiveCfg = BuiltWithUnrealBuildTool|Win64
		{81E9E468-8455-3013-869B-4320B22BF92E}.DebugGame|Win64.ActiveCfg = BuiltWithUnrealBuildTool|Win64
		{81E9E468-8455-3013-869B-4320B22BF92E}.Development Editor|Win64.ActiveCfg = BuiltWithUnrealBuildTool|Win64
		{81E9E468-8455-3013-869B-4320B22BF92E}.Development|Win64.ActiveCfg = BuiltWithUnrealBuildTool|Win64
		{81E9E468-8455-3013-869B-4320B22BF92E}.Shipping|Win64.ActiveCfg = BuiltWithUnrealBuildTool|Win64
		{9A3C8904-9A2B-3D4F-AAB8-4ACAAF19D5E1}.DebugGame Editor|Win64.ActiveCfg = Development|Any CPU
		{9A3C8904-9A2B-3D4F-AAB8-4ACAAF19D5E1}.DebugGame Editor|Win64.Build.0 = Development|Any CPU
		{9A3C8904-9A2B-3D4F-AAB8-4ACAAF19D5E1}.DebugGame|Win64.ActiveCfg = Development|Any CPU
		{9A3C8904-9A2B-3D4F-AAB8-4ACAAF19D5E1}.DebugGame|Win64.Build.0 = Development|Any CPU
		{9A3C8904-9A2B-3D4F-AAB8-4ACAAF19D5E1}.Development Editor|Win64.ActiveCfg = Development|Any CPU
		{9A3C8904-9A2B-3D4F-AAB8-4ACAAF19D5E1}.Development Editor|Win64.Build.0 = Development|Any CPU
		{9A3C8904-9A2B-3D4F-AAB8-4ACAAF19D5E1}.Development|Win64.ActiveCfg = Development|Any CPU
		{9A3C8904-9A2B-3D4F-AAB8-4ACAAF19D5E1}.Development|Win64.Build.0 = Development|Any CPU
		{9A3C8904-9A2B-3D4F-AAB8-4ACAAF19D5E1}.Shipping|Win64.ActiveCfg = Development|Any CPU
		{9A3C8904-9A2B-3D4F-AAB8-4ACAAF19D5E1}.Shipping|Win64.Build.0 = Development|Any CPU
		{585F0EFA-0861-3F8D-9477-AD193ADD2300}.DebugGame Editor|Win64.ActiveCfg = Development|Any CPU
		{585F0EFA-0861-3F8D-9477-AD193ADD2300}.DebugGame Editor|Win64.Build.0 = Development|Any CPU
		{585F0EFA-0861-3F8D-9477-AD193ADD2300}.DebugGame|Win64.ActiveCfg = Development|Any CPU
		{585F0EFA-0861-3F8D-9477-AD193ADD2300}.DebugGame|Win64.Build.0 = Development|Any CPU
		{585F0EFA-0861-3F8D-9477-AD193ADD2300}.Development Editor|Win64.ActiveCfg = Development|Any CPU
		{585F0EFA-0861-3F8D-9477-AD193ADD2300}.Development Editor|Win64.Build.0 = Development|Any CPU
		{585F0EFA-0861-3F8D-9477-AD193ADD2300}.Development|Win64.ActiveCfg = Development|Any CPU
		{585F0EFA-0861-3F8D-9477-AD193ADD2300}.Development|Win64.Build.0 = Development|Any CPU
		{585F0EFA-0861-3F8D-9477-AD193ADD2300}.Shipping|Win64.ActiveCfg = Development|Any CPU
		{585F0EFA-0861-3F8D-9477-AD193ADD2300}.Shipping|Win64.Build.0 = Development|Any CPU
		{A7B93103-B257-358C-89A7-AE1AD23A0D8B}.DebugGame Editor|Win64.ActiveCfg = Development|Any CPU
		{A7B93103-B257-358C-89A7-AE1AD23A0D8B}.DebugGame Editor|Win64.Build.0 = Development|Any CPU
		{A7B93103-B257-358C-89A7-AE1AD23A0D8B}.DebugGame|Win64.ActiveCfg = Development|Any CPU
		{A7B93103-B257-358C-89A7-AE1AD23A0D8B}.DebugGame|Win64.Build.0 = Development|Any CPU
		{A7B93103-B257-358C-89A7-AE1AD23A0D8B}.Development Editor|Win64.ActiveCfg = Development|Any CPU
		{A7B93103-B257-358C-89A7-AE1AD23A0D8B}.Development Editor|Win64.Build.0 = Development|Any CPU
		{A7B93103-B257-358C-89A7-AE1AD23A0D8B}.Development|Win64.ActiveCfg = Development|Any CPU
		{A7B93103-B257-358C-89A7-AE1AD23A0D8B}.Development|Win64.Build.0 = Development|Any CPU
		{A7B93103-B257-358C-89A7-AE1AD23A0D8B}.Shipping|Win64.ActiveCfg = Development|Any CPU
		{A7B93103-B257-358C-89A7-AE1AD23A0D8B}.Shipping|Win64.Build.0 = Development|Any CPU
		{67E802E3-B148-36F6-B930-71027BC2D573}.DebugGame Editor|Win64.ActiveCfg = Development|Any CPU
		{67E802E3-B148-36F6-B930-71027BC2D573}.DebugGame Editor|Win64.Build.0 = Development|Any CPU
		{67E802E3-B148-36F6-B930-71027BC2D573}.DebugGame|Win64.ActiveCfg = Development|Any CPU
		{67E802E3-B148-36F6-B930-71027BC2D573}.DebugGame|Win64.Build.0 = Development|Any CPU
		{67E802E3-B148-36F6-B930-71027BC2D573}.Development Editor|Win64.ActiveCfg = Development|Any CPU
		{67E802E3-B148-36F6-B930-71027BC2D573}.Development Editor|Win64.Build.0 = Development|Any CPU
		{67E802E3-B148-36F6-B930-71027BC2D573}.Development|Win64.ActiveCfg = Development|Any CPU
		{67E802E3-B148-36F6-B930-71027BC2D573}.Development|Win64.Build.0 = Development|Any CPU
		{67E802E3-B148-36F6-B930-71027BC2D573}.Shipping|Win64.ActiveCfg = Development|Any CPU
		{67E802E3-B148-36F6-B930-71027BC2D573}.Shipping|Win64.Build.0 = Development|Any CPU
		{31394E1F-B6E0-3DB9-A6DE-6532EA7DBD44}.DebugGame Editor|Win64.ActiveCfg = Development|Any CPU
		{31394E1F-B6E0-3DB9-A6DE-6532EA7DBD44}.DebugGame Editor|Win64.Build.0 = Development|Any CPU
		{31394E1F-B6E0-3DB9-A6DE-6532EA7DBD44}.DebugGame|Win64.ActiveCfg = Development|Any CPU
		{31394E1F-B6E0-3DB9-A6DE-6532EA7DBD44}.DebugGame|Win64.Build.0 = Development|Any CPU
		{31394E1F-B6E0-3DB9-A6DE-6532EA7DBD44}.Development Editor|Win64.ActiveCfg = Development|Any CPU
		{31394E1F-B6E0-3DB9-A6DE-6532EA7DBD44}.Development Editor|Win64.Build.0 = Development|Any CPU
		{31394E1F-B6E0-3DB9-A6DE-6532EA7DBD44}.Development|Win64.ActiveCfg = Development|Any CPU
		{31394E1F-B6E0-3DB9-A6DE-6532EA7DBD44}.Development|Win64.Build.0 = Development|Any CPU
		{31394E1F-B6E0-3DB9-A6DE-6532EA7DBD44}.Shipping|Win64.ActiveCfg = Development|Any CPU
		{31394E1F-B6E0-3DB9-A6DE-6532EA7DBD44}.Shipping|Win64.Build.0 = Development|Any CPU
		{E70A035C-BDC6-352E-A121-D6465A8C3D1C}.DebugGame Editor|Win64.ActiveCfg = Development|Any CPU
		{E70A035C-BDC6-352E-A121-D6465A8C3D1C}.DebugGame Editor|Win64.Build.0 = Development|Any CPU
		{E70A035C-BDC6-352E-A121-D6465A8C3D1C}.DebugGame|Win64.ActiveCfg = Development|Any CPU
		{E70A035C-BDC6-352E-A121-D6465A8C3D1C}.DebugGame|Win64.Build.0 = Development|Any CPU
		{E70A035C-BDC6-352E-A121-D6465A8C3D1C}.Development Editor|Win64.ActiveCfg = Development|Any CPU
		{E70A035C-BDC6-352E-A121-D6465A8C3D1C}.Development Editor|Win64.Build.0 = Development|Any CPU
		{E70A035C-BDC6-352E-A121-D6465A8C3D1C}.Development|Win64.ActiveCfg = Development|Any CPU
		{E70A035C-BDC6-352E-A121-D6465A8C3D1C}.Development|Win64.Build.0 = Development|Any CPU
		{E70A035C-BDC6-352E-A121-D6465A8C3D1C}.Shipping|Win64.ActiveCfg = Development|Any CPU
		{E70A035C-BDC6-352E-A121-D6465A8C3D1C}.Shipping|Win64.Build.0 = Development|Any CPU
		{6A6B6719-133F-37CF-B112-B3CA6FDB30F9}.DebugGame Editor|Win64.ActiveCfg = Development|Any CPU
		{6A6B6719-133F-37CF-B112-B3CA6FDB30F9}.DebugGame Editor|Win64.Build.0 = Development|Any CPU
		{6A6B6719-133F-37CF-B112-B3CA6FDB30F9}.DebugGame|Win64.ActiveCfg = Development|Any CPU
		{6A6B6719-133F-37CF-B112-B3CA6FDB30F9}.DebugGame|Win64.Build.0 = Development|Any CPU
		{6A6B6719-133F-37CF-B112-B3CA6FDB30F9}.Development Editor|Win64.ActiveCfg = Development|Any CPU
		{6A6B6719-133F-37CF-B112-B3CA6FDB30F9}.Development Editor|Win64.Build.0 = Development|Any CPU
		{6A6B6719-133F-37CF-B112-B3CA6FDB30F9}.Development|Win64.ActiveCfg = Development|Any CPU
		{6A6B6719-133F-37CF-B112-B3CA6FDB30F9}.Development|Win64.Build.0 = Development|Any CPU
		{6A6B6719-133F-37CF-B112-B3CA6FDB30F9}.Shipping|Win64.ActiveCfg = Development|Any CPU
		{6A6B6719-133F-37CF-B112-B3CA6FDB30F9}.Shipping|Win64.Build.0 = Development|Any CPU
		{BA0A4C5F-DCA0-3EB1-8675-E022772B4D97}.DebugGame Editor|Win64.ActiveCfg = Development|Any CPU
		{BA0A4C5F-DCA0-3EB1-8675-E022772B4D97}.DebugGame Editor|Win64.Build.0 = Development|Any CPU
		{BA0A4C5F-DCA0-3EB1-8675-E022772B4D97}.DebugGame|Win64.ActiveCfg = Development|Any CPU
		{BA0A4C5F-DCA0-3EB1-8675-E022772B4D97}.DebugGame|Win64.Build.0 = Development|Any CPU
		{BA0A4C5F-DCA0-3EB1-8675-E022772B4D97}.Development Editor|Win64.ActiveCfg = Development|Any CPU
		{BA0A4C5F-DCA0-3EB1-8675-E022772B4D97}.Development Editor|Win64.Build.0 = Development|Any CPU
		{BA0A4C5F-DCA0-3EB1-8675-E022772B4D97}.Development|Win64.ActiveCfg = Development|Any CPU
		{BA0A4C5F-DCA0-3EB1-8675-E022772B4D97}.Development|Win64.Build.0 = Development|Any CPU
		{BA0A4C5F-DCA0-3EB1-8675-E022772B4D97}.Shipping|Win64.ActiveCfg = Development|Any CPU
		{BA0A4C5F-DCA0-3EB1-8675-E022772B4D97}.Shipping|Win64.Build.0 = Development|Any CPU
		{A1A8738B-56B4-357D-93E6-D0A57544CDE2}.DebugGame Editor|Win64.ActiveCfg = Development|Any CPU
		{A1A8738B-56B4-357D-93E6-D0A57544CDE2}.DebugGame Editor|Win64.Build.0 = Development|Any CPU
		{A1A8738B-56B4-357D-93E6-D0A57544CDE2}.DebugGame|Win64.ActiveCfg = Development|Any CPU
		{A1A8738B-56B4-357D-93E6-D0A57544CDE2}.DebugGame|Win64.Build.0 = Development|Any CPU
		{A1A8738B-56B4-357D-93E6-D0A57544CDE2}.Development Editor|Win64.ActiveCfg = Development|Any CPU
		{A1A8738B-56B4-357D-93E6-D0A57544CDE2}.Development Editor|Win64.Build.0 = Development|Any CPU
		{A1A8738B-56B4-357D-93E6-D0A57544CDE2}.Development|Win64.ActiveCfg = Development|Any CPU
		{A1A8738B-56B4-357D-93E6-D0A57544CDE2}.Development|Win64.Build.0 = Development|Any CPU
		{A1A8738B-56B4-357D-93E6-D0A57544CDE2}.Shipping|Win64.ActiveCfg = Development|Any CPU
		{A1A8738B-56B4-357D-93E6-D0A57544CDE2}.Shipping|Win64.Build.0 = Development|Any CPU
		{8AA62C7E-6CBD-32CB-A561-B806BCA1C270}.DebugGame Editor|Win64.ActiveCfg = Development|Any CPU
		{8AA62C7E-6CBD-32CB-A561-B806BCA1C270}.DebugGame Editor|Win64.Build.0 = Development|Any CPU
		{8AA62C7E-6CBD-32CB-A561-B806BCA1C270}.DebugGame|Win64.ActiveCfg = Development|Any CPU
		{8AA62C7E-6CBD-32CB-A561-B806BCA1C270}.DebugGame|Win64.Build.0 = Development|Any CPU
		{8AA62C7E-6CBD-32CB-A561-B806BCA1C270}.Development Editor|Win64.ActiveCfg = Development|Any CPU
		{8AA62C7E-6CBD-32CB-A561-B806BCA1C270}.Development Editor|Win64.Build.0 = Development|Any CPU
		{8AA62C7E-6CBD-32CB-A561-B806BCA1C270}.Development|Win64.ActiveCfg = Development|Any CPU
		{8AA62C7E-6CBD-32CB-A561-B806BCA1C270}.Development|Win64.Build.0 = Development|Any CPU
		{8AA62C7E-6CBD-32CB-A561-B806BCA1C270}.Shipping|Win64.ActiveCfg = Development|Any CPU
		{8AA62C7E-6CBD-32CB-A561-B806BCA1C270}.Shipping|Win64.Build.0 = Development|Any CPU
		{3C8738F3-BE38-3B9C-8D77-86B5BDBAE443}.DebugGame Editor|Win64.ActiveCfg = Development|Any CPU
		{3C8738F3-BE38-3B9C-8D77-86B5BDBAE443}.DebugGame Editor|Win64.Build.0 = Development|Any CPU
		{3C8738F3-BE38-3B9C-8D77-86B5BDBAE443}.DebugGame|Win64.ActiveCfg = Development|Any CPU
		{3C8738F3-BE38-3B9C-8D77-86B5BDBAE443}.DebugGame|Win64.Build.0 = Development|Any CPU
		{3C8738F3-BE38-3B9C-8D77-86B5BDBAE443}.Development Editor|Win64.ActiveCfg = Development|Any CPU
		{3C8738F3-BE38-3B9C-8D77-86B5BDBAE443}.Development Editor|Win64.Build.0 = Development|Any CPU
		{3C8738F3-BE38-3B9C-8D77-86B5BDBAE443}.Development|Win64.ActiveCfg = Development|Any CPU
		{3C8738F3-BE38-3B9C-8D77-86B5BDBAE443}.Development|Win64.Build.0 = Development|Any CPU
		{3C8738F3-BE38-3B9C-8D77-86B5BDBAE443}.Shipping|Win64.ActiveCfg = Development|Any CPU
		{3C8738F3-BE38-3B9C-8D77-86B5BDBAE443}.Shipping|Win64.Build.0 = Development|Any CPU
		{55AEB1DB-2213-3ECA-A467-F04D584A930D}.DebugGame Editor|Win64.ActiveCfg = Development|Any CPU
		{55AEB1DB-2213-3ECA-A467-F04D584A930D}.DebugGame Editor|Win64.Build.0 = Development|Any CPU
		{55AEB1DB-2213-3ECA-A467-F04D584A930D}.DebugGame|Win64.ActiveCfg = Development|Any CPU
		{55AEB1DB-2213-3ECA-A467-F04D584A930D}.DebugGame|Win64.Build.0 = Development|Any CPU
		{55AEB1DB-2213-3ECA-A467-F04D584A930D}.Development Editor|Win64.ActiveCfg = Development|Any CPU
		{55AEB1DB-2213-3ECA-A467-F04D584A930D}.Development Editor|Win64.Build.0 = Development|Any CPU
		{55AEB1DB-2213-3ECA-A467-F04D584A930D}.Development|Win64.ActiveCfg = Development|Any CPU
		{55AEB1DB-2213-3ECA-A467-F04D584A930D}.Development|Win64.Build.0 = Development|Any CPU
		{55AEB1DB-2213-3ECA-A467-F04D584A930D}.Shipping|Win64.ActiveCfg = Development|Any CPU
		{55AEB1DB-2213-3ECA-A467-F04D584A930D}.Shipping|Win64.Build.0 = Development|Any CPU
		{23E8084B-1BB9-314C-B497-392BC3CDFED8}.DebugGame Editor|Win64.ActiveCfg = Development|Any CPU
		{23E8084B-1BB9-314C-B497-392BC3CDFED8}.DebugGame Editor|Win64.Build.0 = Development|Any CPU
		{23E8084B-1BB9-314C-B497-392BC3CDFED8}.DebugGame|Win64.ActiveCfg = Development|Any CPU
		{23E8084B-1BB9-314C-B497-392BC3CDFED8}.DebugGame|Win64.Build.0 = Development|Any CPU
		{23E8084B-1BB9-314C-B497-392BC3CDFED8}.Development Editor|Win64.ActiveCfg = Development|Any CPU
		{23E8084B-1BB9-314C-B497-392BC3CDFED8}.Development Editor|Win64.Build.0 = Development|Any CPU
		{23E8084B-1BB9-314C-B497-392BC3CDFED8}.Development|Win64.ActiveCfg = Development|Any CPU
		{23E8084B-1BB9-314C-B497-392BC3CDFED8}.Development|Win64.Build.0 = Development|Any CPU
		{23E8084B-1BB9-314C-B497-392BC3CDFED8}.Shipping|Win64.ActiveCfg = Development|Any CPU
		{23E8084B-1BB9-314C-B497-392BC3CDFED8}.Shipping|Win64.Build.0 = Development|Any CPU
		{F4733B6B-854F-3622-9E0C-DC3CF0AB2CE6}.DebugGame Editor|Win64.ActiveCfg = Development|Any CPU
		{F4733B6B-854F-3622-9E0C-DC3CF0AB2CE6}.DebugGame Editor|Win64.Build.0 = Development|Any CPU
		{F4733B6B-854F-3622-9E0C-DC3CF0AB2CE6}.DebugGame|Win64.ActiveCfg = Development|Any CPU
		{F4733B6B-854F-3622-9E0C-DC3CF0AB2CE6}.DebugGame|Win64.Build.0 = Development|Any CPU
		{F4733B6B-854F-3622-9E0C-DC3CF0AB2CE6}.Development Editor|Win64.ActiveCfg = Development|Any CPU
		{F4733B6B-854F-3622-9E0C-DC3CF0AB2CE6}.Development Editor|Win64.Build.0 = Development|Any CPU
		{F4733B6B-854F-3622-9E0C-DC3CF0AB2CE6}.Development|Win64.ActiveCfg = Development|Any CPU
		{F4733B6B-854F-3622-9E0C-DC3CF0AB2CE6}.Development|Win64.Build.0 = Development|Any CPU
		{F4733B6B-854F-3622-9E0C-DC3CF0AB2CE6}.Shipping|Win64.ActiveCfg = Development|Any CPU
		{F4733B6B-854F-3622-9E0C-DC3CF0AB2CE6}.Shipping|Win64.Build.0 = Development|Any CPU
		{45AF5A68-A344-3B89-BC69-20AFB5ADD393}.DebugGame Editor|Win64.ActiveCfg = Development|Any CPU
		{45AF5A68-A344-3B89-BC69-20AFB5ADD393}.DebugGame Editor|Win64.Build.0 = Development|Any CPU
		{45AF5A68-A344-3B89-BC69-20AFB5ADD393}.DebugGame|Win64.ActiveCfg = Development|Any CPU
		{45AF5A68-A344-3B89-BC69-20AFB5ADD393}.DebugGame|Win64.Build.0 = Development|Any CPU
		{45AF5A68-A344-3B89-BC69-20AFB5ADD393}.Development Editor|Win64.ActiveCfg = Development|Any CPU
		{45AF5A68-A344-3B89-BC69-20AFB5ADD393}.Development Editor|Win64.Build.0 = Development|Any CPU
		{45AF5A68-A344-3B89-BC69-20AFB5ADD393}.Development|Win64.ActiveCfg = Development|Any CPU
		{45AF5A68-A344-3B89-BC69-20AFB5ADD393}.Development|Win64.Build.0 = Development|Any CPU
		{45AF5A68-A344-3B89-BC69-20AFB5ADD393}.Shipping|Win64.ActiveCfg = Development|Any CPU
		{45AF5A68-A344-3B89-BC69-20AFB5ADD393}.Shipping|Win64.Build.0 = Development|Any CPU
		{E57508EF-3F99-3BD8-870F-C119F8DAEC37}.DebugGame Editor|Win64.ActiveCfg = Development|Any CPU
		{E57508EF-3F99-3BD8-870F-C119F8DAEC37}.DebugGame Editor|Win64.Build.0 = Development|Any CPU
		{E57508EF-3F99-3BD8-870F-C119F8DAEC37}.DebugGame|Win64.ActiveCfg = Development|Any CPU
		{E57508EF-3F99-3BD8-870F-C119F8DAEC37}.DebugGame|Win64.Build.0 = Development|Any CPU
		{E57508EF-3F99-3BD8-870F-C119F8DAEC37}.Development Editor|Win64.ActiveCfg = Development|Any CPU
		{E57508EF-3F99-3BD8-870F-C119F8DAEC37}.Development Editor|Win64.Build.0 = Development|Any CPU
		{E57508EF-3F99-3BD8-870F-C119F8DAEC37}.Development|Win64.ActiveCfg = Development|Any CPU
		{E57508EF-3F99-3BD8-870F-C119F8DAEC37}.Development|Win64.Build.0 = Development|Any CPU
		{E57508EF-3F99-3BD8-870F-C119F8DAEC37}.Shipping|Win64.ActiveCfg = Development|Any CPU
		{E57508EF-3F99-3BD8-870F-C119F8DAEC37}.Shipping|Win64.Build.0 = Development|Any CPU
		{522632E7-9AA0-3D82-969F-7EBCCF1EEEF8}.DebugGame Editor|Win64.ActiveCfg = Development|Any CPU
		{522632E7-9AA0-3D82-969F-7EBCCF1EEEF8}.DebugGame Editor|Win64.Build.0 = Development|Any CPU
		{522632E7-9AA0-3D82-969F-7EBCCF1EEEF8}.DebugGame|Win64.ActiveCfg = Development|Any CPU
		{522632E7-9AA0-3D82-969F-7EBCCF1EEEF8}.DebugGame|Win64.Build.0 = Development|Any CPU
		{522632E7-9AA0-3D82-969F-7EBCCF1EEEF8}.Development Editor|Win64.ActiveCfg = Development|Any CPU
		{522632E7-9AA0-3D82-969F-7EBCCF1EEEF8}.Development Editor|Win64.Build.0 = Development|Any CPU
		{522632E7-9AA0-3D82-969F-7EBCCF1EEEF8}.Development|Win64.ActiveCfg = Development|Any CPU
		{522632E7-9AA0-3D82-969F-7EBCCF1EEEF8}.Development|Win64.Build.0 = Development|Any CPU
		{522632E7-9AA0-3D82-969F-7EBCCF1EEEF8}.Shipping|Win64.ActiveCfg = Development|Any CPU
		{522632E7-9AA0-3D82-969F-7EBCCF1EEEF8}.Shipping|Win64.Build.0 = Development|Any CPU
		{DA4E471F-006F-396B-B99A-1472E98429AD}.DebugGame Editor|Win64.ActiveCfg = Development|Any CPU
		{DA4E471F-006F-396B-B99A-1472E98429AD}.DebugGame Editor|Win64.Build.0 = Development|Any CPU
		{DA4E471F-006F-396B-B99A-1472E98429AD}.DebugGame|Win64.ActiveCfg = Development|Any CPU
		{DA4E471F-006F-396B-B99A-1472E98429AD}.DebugGame|Win64.Build.0 = Development|Any CPU
		{DA4E471F-006F-396B-B99A-1472E98429AD}.Development Editor|Win64.ActiveCfg = Development|Any CPU
		{DA4E471F-006F-396B-B99A-1472E98429AD}.Development Editor|Win64.Build.0 = Development|Any CPU
		{DA4E471F-006F-396B-B99A-1472E98429AD}.Development|Win64.ActiveCfg = Development|Any CPU
		{DA4E471F-006F-396B-B99A-1472E98429AD}.Development|Win64.Build.0 = Development|Any CPU
		{DA4E471F-006F-396B-B99A-1472E98429AD}.Shipping|Win64.ActiveCfg = Development|Any CPU
		{DA4E471F-006F-396B-B99A-1472E98429AD}.Shipping|Win64.Build.0 = Development|Any CPU
		{0C3A58B2-0575-3D96-9A6E-EFE139713DF4}.DebugGame Editor|Win64.ActiveCfg = Development|Any CPU
		{0C3A58B2-0575-3D96-9A6E-EFE139713DF4}.DebugGame Editor|Win64.Build.0 = Development|Any CPU
		{0C3A58B2-0575-3D96-9A6E-EFE139713DF4}.DebugGame|Win64.ActiveCfg = Development|Any CPU
		{0C3A58B2-0575-3D96-9A6E-EFE139713DF4}.DebugGame|Win64.Build.0 = Development|Any CPU
		{0C3A58B2-0575-3D96-9A6E-EFE139713DF4}.Development Editor|Win64.ActiveCfg = Development|Any CPU
		{0C3A58B2-0575-3D96-9A6E-EFE139713DF4}.Development Editor|Win64.Build.0 = Development|Any CPU
		{0C3A58B2-0575-3D96-9A6E-EFE139713DF4}.Development|Win64.ActiveCfg = Development|Any CPU
		{0C3A58B2-0575-3D96-9A6E-EFE139713DF4}.Development|Win64.Build.0 = Development|Any CPU
		{0C3A58B2-0575-3D96-9A6E-EFE139713DF4}.Shipping|Win64.ActiveCfg = Development|Any CPU
		{0C3A58B2-0575-3D96-9A6E-EFE139713DF4}.Shipping|Win64.Build.0 = Development|Any CPU
		{620300E6-F91F-363B-B167-BF6B11AFC9C6}.DebugGame Editor|Win64.ActiveCfg = Development|Any CPU
		{620300E6-F91F-363B-B167-BF6B11AFC9C6}.DebugGame Editor|Win64.Build.0 = Development|Any CPU
		{620300E6-F91F-363B-B167-BF6B11AFC9C6}.DebugGame|Win64.ActiveCfg = Development|Any CPU
		{620300E6-F91F-363B-B167-BF6B11AFC9C6}.DebugGame|Win64.Build.0 = Development|Any CPU
		{620300E6-F91F-363B-B167-BF6B11AFC9C6}.Development Editor|Win64.ActiveCfg = Development|Any CPU
		{620300E6-F91F-363B-B167-BF6B11AFC9C6}.Development Editor|Win64.Build.0 = Development|Any CPU
		{620300E6-F91F-363B-B167-BF6B11AFC9C6}.Development|Win64.ActiveCfg = Development|Any CPU
		{620300E6-F91F-363B-B167-BF6B11AFC9C6}.Development|Win64.Build.0 = Development|Any CPU
		{620300E6-F91F-363B-B167-BF6B11AFC9C6}.Shipping|Win64.ActiveCfg = Development|Any CPU
		{620300E6-F91F-363B-B167-BF6B11AFC9C6}.Shipping|Win64.Build.0 = Development|Any CPU
		{7529CBEF-3827-35EA-9B8C-2AF36658C7D7}.DebugGame Editor|Win64.ActiveCfg = Development|Any CPU
		{7529CBEF-3827-35EA-9B8C-2AF36658C7D7}.DebugGame Editor|Win64.Build.0 = Development|Any CPU
		{7529CBEF-3827-35EA-9B8C-2AF36658C7D7}.DebugGame|Win64.ActiveCfg = Development|Any CPU
		{7529CBEF-3827-35EA-9B8C-2AF36658C7D7}.DebugGame|Win64.Build.0 = Development|Any CPU
		{7529CBEF-3827-35EA-9B8C-2AF36658C7D7}.Development Editor|Win64.ActiveCfg = Development|Any CPU
		{7529CBEF-3827-35EA-9B8C-2AF36658C7D7}.Development Editor|Win64.Build.0 = Development|Any CPU
		{7529CBEF-3827-35EA-9B8C-2AF36658C7D7}.Development|Win64.ActiveCfg = Development|Any CPU
		{7529CBEF-3827-35EA-9B8C-2AF36658C7D7}.Development|Win64.Build.0 = Development|Any CPU
		{7529CBEF-3827-35EA-9B8C-2AF36658C7D7}.Shipping|Win64.ActiveCfg = Development|Any CPU
		{7529CBEF-3827-35EA-9B8C-2AF36658C7D7}.Shipping|Win64.Build.0 = Development|Any CPU
		{1FB0E080-75FF-3784-835C-D28948EB943D}.DebugGame Editor|Win64.ActiveCfg = Development|Any CPU
		{1FB0E080-75FF-3784-835C-D28948EB943D}.DebugGame Editor|Win64.Build.0 = Development|Any CPU
		{1FB0E080-75FF-3784-835C-D28948EB943D}.DebugGame|Win64.ActiveCfg = Development|Any CPU
		{1FB0E080-75FF-3784-835C-D28948EB943D}.DebugGame|Win64.Build.0 = Development|Any CPU
		{1FB0E080-75FF-3784-835C-D28948EB943D}.Development Editor|Win64.ActiveCfg = Development|Any CPU
		{1FB0E080-75FF-3784-835C-D28948EB943D}.Development Editor|Win64.Build.0 = Development|Any CPU
		{1FB0E080-75FF-3784-835C-D28948EB943D}.Development|Win64.ActiveCfg = Development|Any CPU
		{1FB0E080-75FF-3784-835C-D28948EB943D}.Development|Win64.Build.0 = Development|Any CPU
		{1FB0E080-75FF-3784-835C-D28948EB943D}.Shipping|Win64.ActiveCfg = Development|Any CPU
		{1FB0E080-75FF-3784-835C-D28948EB943D}.Shipping|Win64.Build.0 = Development|Any CPU
		{D35AC87B-2F3E-325D-86A0-4F4C8D78430D}.DebugGame Editor|Win64.ActiveCfg = Development|Any CPU
		{D35AC87B-2F3E-325D-86A0-4F4C8D78430D}.DebugGame Editor|Win64.Build.0 = Development|Any CPU
		{D35AC87B-2F3E-325D-86A0-4F4C8D78430D}.DebugGame|Win64.ActiveCfg = Development|Any CPU
		{D35AC87B-2F3E-325D-86A0-4F4C8D78430D}.DebugGame|Win64.Build.0 = Development|Any CPU
		{D35AC87B-2F3E-325D-86A0-4F4C8D78430D}.Development Editor|Win64.ActiveCfg = Development|Any CPU
		{D35AC87B-2F3E-325D-86A0-4F4C8D78430D}.Development Editor|Win64.Build.0 = Development|Any CPU
		{D35AC87B-2F3E-325D-86A0-4F4C8D78430D}.Development|Win64.ActiveCfg = Development|Any CPU
		{D35AC87B-2F3E-325D-86A0-4F4C8D78430D}.Development|Win64.Build.0 = Development|Any CPU
		{D35AC87B-2F3E-325D-86A0-4F4C8D78430D}.Shipping|Win64.ActiveCfg = Development|Any CPU
		{D35AC87B-2F3E-325D-86A0-4F4C8D78430D}.Shipping|Win64.Build.0 = Development|Any CPU
		{16EFED17-DFCC-3B1D-83C0-757E415832BC}.DebugGame Editor|Win64.ActiveCfg = Development|Any CPU
		{16EFED17-DFCC-3B1D-83C0-757E415832BC}.DebugGame Editor|Win64.Build.0 = Development|Any CPU
		{16EFED17-DFCC-3B1D-83C0-757E415832BC}.DebugGame|Win64.ActiveCfg = Development|Any CPU
		{16EFED17-DFCC-3B1D-83C0-757E415832BC}.DebugGame|Win64.Build.0 = Development|Any CPU
		{16EFED17-DFCC-3B1D-83C0-757E415832BC}.Development Editor|Win64.ActiveCfg = Development|Any CPU
		{16EFED17-DFCC-3B1D-83C0-757E415832BC}.Development Editor|Win64.Build.0 = Development|Any CPU
		{16EFED17-DFCC-3B1D-83C0-757E415832BC}.Development|Win64.ActiveCfg = Development|Any CPU
		{16EFED17-DFCC-3B1D-83C0-757E415832BC}.Development|Win64.Build.0 = Development|Any CPU
		{16EFED17-DFCC-3B1D-83C0-757E415832BC}.Shipping|Win64.ActiveCfg = Development|Any CPU
		{16EFED17-DFCC-3B1D-83C0-757E415832BC}.Shipping|Win64.Build.0 = Development|Any CPU
		{106DE75F-4665-3E55-96EE-9A3CBF5B2D35}.DebugGame Editor|Win64.ActiveCfg = Development|Any CPU
		{106DE75F-4665-3E55-96EE-9A3CBF5B2D35}.DebugGame Editor|Win64.Build.0 = Development|Any CPU
		{106DE75F-4665-3E55-96EE-9A3CBF5B2D35}.DebugGame|Win64.ActiveCfg = Development|Any CPU
		{106DE75F-4665-3E55-96EE-9A3CBF5B2D35}.DebugGame|Win64.Build.0 = Development|Any CPU
		{106DE75F-4665-3E55-96EE-9A3CBF5B2D35}.Development Editor|Win64.ActiveCfg = Development|Any CPU
		{106DE75F-4665-3E55-96EE-9A3CBF5B2D35}.Development Editor|Win64.Build.0 = Development|Any CPU
		{106DE75F-4665-3E55-96EE-9A3CBF5B2D35}.Development|Win64.ActiveCfg = Development|Any CPU
		{106DE75F-4665-3E55-96EE-9A3CBF5B2D35}.Development|Win64.Build.0 = Development|Any CPU
		{106DE75F-4665-3E55-96EE-9A3CBF5B2D35}.Shipping|Win64.ActiveCfg = Development|Any CPU
		{106DE75F-4665-3E55-96EE-9A3CBF5B2D35}.Shipping|Win64.Build.0 = Development|Any CPU
		{2D7A331E-EA21-34EA-99FF-F5C1C0745626}.DebugGame Editor|Win64.ActiveCfg = Development|Any CPU
		{2D7A331E-EA21-34EA-99FF-F5C1C0745626}.DebugGame Editor|Win64.Build.0 = Development|Any CPU
		{2D7A331E-EA21-34EA-99FF-F5C1C0745626}.DebugGame|Win64.ActiveCfg = Development|Any CPU
		{2D7A331E-EA21-34EA-99FF-F5C1C0745626}.DebugGame|Win64.Build.0 = Development|Any CPU
		{2D7A331E-EA21-34EA-99FF-F5C1C0745626}.Development Editor|Win64.ActiveCfg = Development|Any CPU
		{2D7A331E-EA21-34EA-99FF-F5C1C0745626}.Development Editor|Win64.Build.0 = Development|Any CPU
		{2D7A331E-EA21-34EA-99FF-F5C1C0745626}.Development|Win64.ActiveCfg = Development|Any CPU
		{2D7A331E-EA21-34EA-99FF-F5C1C0745626}.Development|Win64.Build.0 = Development|Any CPU
		{2D7A331E-EA21-34EA-99FF-F5C1C0745626}.Shipping|Win64.ActiveCfg = Development|Any CPU
		{2D7A331E-EA21-34EA-99FF-F5C1C0745626}.Shipping|Win64.Build.0 = Development|Any CPU
		{41CEEA32-72BA-3879-BC95-34491EB6D2EF}.DebugGame Editor|Win64.ActiveCfg = Development|Any CPU
		{41CEEA32-72BA-3879-BC95-34491EB6D2EF}.DebugGame Editor|Win64.Build.0 = Development|Any CPU
		{41CEEA32-72BA-3879-BC95-34491EB6D2EF}.DebugGame|Win64.ActiveCfg = Development|Any CPU
		{41CEEA32-72BA-3879-BC95-34491EB6D2EF}.DebugGame|Win64.Build.0 = Development|Any CPU
		{41CEEA32-72BA-3879-BC95-34491EB6D2EF}.Development Editor|Win64.ActiveCfg = Development|Any CPU
		{41CEEA32-72BA-3879-BC95-34491EB6D2EF}.Development Editor|Win64.Build.0 = Development|Any CPU
		{41CEEA32-72BA-3879-BC95-34491EB6D2EF}.Development|Win64.ActiveCfg = Development|Any CPU
		{41CEEA32-72BA-3879-BC95-34491EB6D2EF}.Development|Win64.Build.0 = Development|Any CPU
		{41CEEA32-72BA-3879-BC95-34491EB6D2EF}.Shipping|Win64.ActiveCfg = Development|Any CPU
		{41CEEA32-72BA-3879-BC95-34491EB6D2EF}.Shipping|Win64.Build.0 = Development|Any CPU
		{AE330B20-77F9-39BB-B087-13A129E46607}.DebugGame Editor|Win64.ActiveCfg = Development|Any CPU
		{AE330B20-77F9-39BB-B087-13A129E46607}.DebugGame Editor|Win64.Build.0 = Development|Any CPU
		{AE330B20-77F9-39BB-B087-13A129E46607}.DebugGame|Win64.ActiveCfg = Development|Any CPU
		{AE330B20-77F9-39BB-B087-13A129E46607}.DebugGame|Win64.Build.0 = Development|Any CPU
		{AE330B20-77F9-39BB-B087-13A129E46607}.Development Editor|Win64.ActiveCfg = Development|Any CPU
		{AE330B20-77F9-39BB-B087-13A129E46607}.Development Editor|Win64.Build.0 = Development|Any CPU
		{AE330B20-77F9-39BB-B087-13A129E46607}.Development|Win64.ActiveCfg = Development|Any CPU
		{AE330B20-77F9-39BB-B087-13A129E46607}.Development|Win64.Build.0 = Development|Any CPU
		{AE330B20-77F9-39BB-B087-13A129E46607}.Shipping|Win64.ActiveCfg = Development|Any CPU
		{AE330B20-77F9-39BB-B087-13A129E46607}.Shipping|Win64.Build.0 = Development|Any CPU
		{9E1242BA-4F57-31F1-8DF3-D7271A1B76D5}.DebugGame Editor|Win64.ActiveCfg = Development|Any CPU
		{9E1242BA-4F57-31F1-8DF3-D7271A1B76D5}.DebugGame Editor|Win64.Build.0 = Development|Any CPU
		{9E1242BA-4F57-31F1-8DF3-D7271A1B76D5}.DebugGame|Win64.ActiveCfg = Development|Any CPU
		{9E1242BA-4F57-31F1-8DF3-D7271A1B76D5}.DebugGame|Win64.Build.0 = Development|Any CPU
		{9E1242BA-4F57-31F1-8DF3-D7271A1B76D5}.Development Editor|Win64.ActiveCfg = Development|Any CPU
		{9E1242BA-4F57-31F1-8DF3-D7271A1B76D5}.Development Editor|Win64.Build.0 = Development|Any CPU
		{9E1242BA-4F57-31F1-8DF3-D7271A1B76D5}.Development|Win64.ActiveCfg = Development|Any CPU
		{9E1242BA-4F57-31F1-8DF3-D7271A1B76D5}.Development|Win64.Build.0 = Development|Any CPU
		{9E1242BA-4F57-31F1-8DF3-D7271A1B76D5}.Shipping|Win64.ActiveCfg = Development|Any CPU
		{9E1242BA-4F57-31F1-8DF3-D7271A1B76D5}.Shipping|Win64.Build.0 = Development|Any CPU
		{6BD7A014-1229-39E6-AB5C-7FE49E380089}.DebugGame Editor|Win64.ActiveCfg = Development|Any CPU
		{6BD7A014-1229-39E6-AB5C-7FE49E380089}.DebugGame Editor|Win64.Build.0 = Development|Any CPU
		{6BD7A014-1229-39E6-AB5C-7FE49E380089}.DebugGame|Win64.ActiveCfg = Development|Any CPU
		{6BD7A014-1229-39E6-AB5C-7FE49E380089}.DebugGame|Win64.Build.0 = Development|Any CPU
		{6BD7A014-1229-39E6-AB5C-7FE49E380089}.Development Editor|Win64.ActiveCfg = Development|Any CPU
		{6BD7A014-1229-39E6-AB5C-7FE49E380089}.Development Editor|Win64.Build.0 = Development|Any CPU
		{6BD7A014-1229-39E6-AB5C-7FE49E380089}.Development|Win64.ActiveCfg = Development|Any CPU
		{6BD7A014-1229-39E6-AB5C-7FE49E380089}.Development|Win64.Build.0 = Development|Any CPU
		{6BD7A014-1229-39E6-AB5C-7FE49E380089}.Shipping|Win64.ActiveCfg = Development|Any CPU
		{6BD7A014-1229-39E6-AB5C-7FE49E380089}.Shipping|Win64.Build.0 = Development|Any CPU
		{BF7507B0-A85E-3F09-B418-7704A6E1CA27}.DebugGame Editor|Win64.ActiveCfg = Development|Any CPU
		{BF7507B0-A85E-3F09-B418-7704A6E1CA27}.DebugGame Editor|Win64.Build.0 = Development|Any CPU
		{BF7507B0-A85E-3F09-B418-7704A6E1CA27}.DebugGame|Win64.ActiveCfg = Development|Any CPU
		{BF7507B0-A85E-3F09-B418-7704A6E1CA27}.DebugGame|Win64.Build.0 = Development|Any CPU
		{BF7507B0-A85E-3F09-B418-7704A6E1CA27}.Development Editor|Win64.ActiveCfg = Development|Any CPU
		{BF7507B0-A85E-3F09-B418-7704A6E1CA27}.Development Editor|Win64.Build.0 = Development|Any CPU
		{BF7507B0-A85E-3F09-B418-7704A6E1CA27}.Development|Win64.ActiveCfg = Development|Any CPU
		{BF7507B0-A85E-3F09-B418-7704A6E1CA27}.Development|Win64.Build.0 = Development|Any CPU
		{BF7507B0-A85E-3F09-B418-7704A6E1CA27}.Shipping|Win64.ActiveCfg = Development|Any CPU
		{BF7507B0-A85E-3F09-B418-7704A6E1CA27}.Shipping|Win64.Build.0 = Development|Any CPU
		{8E7B7BF6-F48D-3E1E-B569-A35024F0F00D}.DebugGame Editor|Win64.ActiveCfg = Development|Any CPU
		{8E7B7BF6-F48D-3E1E-B569-A35024F0F00D}.DebugGame Editor|Win64.Build.0 = Development|Any CPU
		{8E7B7BF6-F48D-3E1E-B569-A35024F0F00D}.DebugGame|Win64.ActiveCfg = Development|Any CPU
		{8E7B7BF6-F48D-3E1E-B569-A35024F0F00D}.DebugGame|Win64.Build.0 = Development|Any CPU
		{8E7B7BF6-F48D-3E1E-B569-A35024F0F00D}.Development Editor|Win64.ActiveCfg = Development|Any CPU
		{8E7B7BF6-F48D-3E1E-B569-A35024F0F00D}.Development Editor|Win64.Build.0 = Development|Any CPU
		{8E7B7BF6-F48D-3E1E-B569-A35024F0F00D}.Development|Win64.ActiveCfg = Development|Any CPU
		{8E7B7BF6-F48D-3E1E-B569-A35024F0F00D}.Development|Win64.Build.0 = Development|Any CPU
		{8E7B7BF6-F48D-3E1E-B569-A35024F0F00D}.Shipping|Win64.ActiveCfg = Development|Any CPU
		{8E7B7BF6-F48D-3E1E-B569-A35024F0F00D}.Shipping|Win64.Build.0 = Development|Any CPU
		{958A5CFB-EAF5-3D3F-B4B7-2A6232583FE9}.DebugGame Editor|Win64.ActiveCfg = Development|Any CPU
		{958A5CFB-EAF5-3D3F-B4B7-2A6232583FE9}.DebugGame Editor|Win64.Build.0 = Development|Any CPU
		{958A5CFB-EAF5-3D3F-B4B7-2A6232583FE9}.DebugGame|Win64.ActiveCfg = Development|Any CPU
		{958A5CFB-EAF5-3D3F-B4B7-2A6232583FE9}.DebugGame|Win64.Build.0 = Development|Any CPU
		{958A5CFB-EAF5-3D3F-B4B7-2A6232583FE9}.Development Editor|Win64.ActiveCfg = Development|Any CPU
		{958A5CFB-EAF5-3D3F-B4B7-2A6232583FE9}.Development Editor|Win64.Build.0 = Development|Any CPU
		{958A5CFB-EAF5-3D3F-B4B7-2A6232583FE9}.Development|Win64.ActiveCfg = Development|Any CPU
		{958A5CFB-EAF5-3D3F-B4B7-2A6232583FE9}.Development|Win64.Build.0 = Development|Any CPU
		{958A5CFB-EAF5-3D3F-B4B7-2A6232583FE9}.Shipping|Win64.ActiveCfg = Development|Any CPU
		{958A5CFB-EAF5-3D3F-B4B7-2A6232583FE9}.Shipping|Win64.Build.0 = Development|Any CPU
		{2DA8C863-219B-3395-9EA8-C664F5A2B38B}.DebugGame Editor|Win64.ActiveCfg = Development|Any CPU
		{2DA8C863-219B-3395-9EA8-C664F5A2B38B}.DebugGame Editor|Win64.Build.0 = Development|Any CPU
		{2DA8C863-219B-3395-9EA8-C664F5A2B38B}.DebugGame|Win64.ActiveCfg = Development|Any CPU
		{2DA8C863-219B-3395-9EA8-C664F5A2B38B}.DebugGame|Win64.Build.0 = Development|Any CPU
		{2DA8C863-219B-3395-9EA8-C664F5A2B38B}.Development Editor|Win64.ActiveCfg = Development|Any CPU
		{2DA8C863-219B-3395-9EA8-C664F5A2B38B}.Development Editor|Win64.Build.0 = Development|Any CPU
		{2DA8C863-219B-3395-9EA8-C664F5A2B38B}.Development|Win64.ActiveCfg = Development|Any CPU
		{2DA8C863-219B-3395-9EA8-C664F5A2B38B}.Development|Win64.Build.0 = Development|Any CPU
		{2DA8C863-219B-3395-9EA8-C664F5A2B38B}.Shipping|Win64.ActiveCfg = Development|Any CPU
		{2DA8C863-219B-3395-9EA8-C664F5A2B38B}.Shipping|Win64.Build.0 = Development|Any CPU
		{CE3694B2-86F6-3835-98CE-2B81048A0CC2}.DebugGame Editor|Win64.ActiveCfg = Development|Any CPU
		{CE3694B2-86F6-3835-98CE-2B81048A0CC2}.DebugGame Editor|Win64.Build.0 = Development|Any CPU
		{CE3694B2-86F6-3835-98CE-2B81048A0CC2}.DebugGame|Win64.ActiveCfg = Development|Any CPU
		{CE3694B2-86F6-3835-98CE-2B81048A0CC2}.DebugGame|Win64.Build.0 = Development|Any CPU
		{CE3694B2-86F6-3835-98CE-2B81048A0CC2}.Development Editor|Win64.ActiveCfg = Development|Any CPU
		{CE3694B2-86F6-3835-98CE-2B81048A0CC2}.Development Editor|Win64.Build.0 = Development|Any CPU
		{CE3694B2-86F6-3835-98CE-2B81048A0CC2}.Development|Win64.ActiveCfg = Development|Any CPU
		{CE3694B2-86F6-3835-98CE-2B81048A0CC2}.Development|Win64.Build.0 = Development|Any CPU
		{CE3694B2-86F6-3835-98CE-2B81048A0CC2}.Shipping|Win64.ActiveCfg = Development|Any CPU
		{CE3694B2-86F6-3835-98CE-2B81048A0CC2}.Shipping|Win64.Build.0 = Development|Any CPU
		{3F3EF96E-6227-39B7-9337-823868D95085}.DebugGame Editor|Win64.ActiveCfg = Development|Any CPU
		{3F3EF96E-6227-39B7-9337-823868D95085}.DebugGame Editor|Win64.Build.0 = Development|Any CPU
		{3F3EF96E-6227-39B7-9337-823868D95085}.DebugGame|Win64.ActiveCfg = Development|Any CPU
		{3F3EF96E-6227-39B7-9337-823868D95085}.DebugGame|Win64.Build.0 = Development|Any CPU
		{3F3EF96E-6227-39B7-9337-823868D95085}.Development Editor|Win64.ActiveCfg = Development|Any CPU
		{3F3EF96E-6227-39B7-9337-823868D95085}.Development Editor|Win64.Build.0 = Development|Any CPU
		{3F3EF96E-6227-39B7-9337-823868D95085}.Development|Win64.ActiveCfg = Development|Any CPU
		{3F3EF96E-6227-39B7-9337-823868D95085}.Development|Win64.Build.0 = Development|Any CPU
		{3F3EF96E-6227-39B7-9337-823868D95085}.Shipping|Win64.ActiveCfg = Development|Any CPU
		{3F3EF96E-6227-39B7-9337-823868D95085}.Shipping|Win64.Build.0 = Development|Any CPU
		{EE64BB97-190B-34B9-A574-1FAA554C3B1E}.DebugGame Editor|Win64.ActiveCfg = Development|Any CPU
		{EE64BB97-190B-34B9-A574-1FAA554C3B1E}.DebugGame Editor|Win64.Build.0 = Development|Any CPU
		{EE64BB97-190B-34B9-A574-1FAA554C3B1E}.DebugGame|Win64.ActiveCfg = Development|Any CPU
		{EE64BB97-190B-34B9-A574-1FAA554C3B1E}.DebugGame|Win64.Build.0 = Development|Any CPU
		{EE64BB97-190B-34B9-A574-1FAA554C3B1E}.Development Editor|Win64.ActiveCfg = Development|Any CPU
		{EE64BB97-190B-34B9-A574-1FAA554C3B1E}.Development Editor|Win64.Build.0 = Development|Any CPU
		{EE64BB97-190B-34B9-A574-1FAA554C3B1E}.Development|Win64.ActiveCfg = Development|Any CPU
		{EE64BB97-190B-34B9-A574-1FAA554C3B1E}.Development|Win64.Build.0 = Development|Any CPU
		{EE64BB97-190B-34B9-A574-1FAA554C3B1E}.Shipping|Win64.ActiveCfg = Development|Any CPU
		{EE64BB97-190B-34B9-A574-1FAA554C3B1E}.Shipping|Win64.Build.0 = Development|Any CPU
		{5C3BCAFB-FE5E-37F5-8D44-F1180701B8B9}.DebugGame Editor|Win64.ActiveCfg = Development|Any CPU
		{5C3BCAFB-FE5E-37F5-8D44-F1180701B8B9}.DebugGame Editor|Win64.Build.0 = Development|Any CPU
		{5C3BCAFB-FE5E-37F5-8D44-F1180701B8B9}.DebugGame|Win64.ActiveCfg = Development|Any CPU
		{5C3BCAFB-FE5E-37F5-8D44-F1180701B8B9}.DebugGame|Win64.Build.0 = Development|Any CPU
		{5C3BCAFB-FE5E-37F5-8D44-F1180701B8B9}.Development Editor|Win64.ActiveCfg = Development|Any CPU
		{5C3BCAFB-FE5E-37F5-8D44-F1180701B8B9}.Development Editor|Win64.Build.0 = Development|Any CPU
		{5C3BCAFB-FE5E-37F5-8D44-F1180701B8B9}.Development|Win64.ActiveCfg = Development|Any CPU
		{5C3BCAFB-FE5E-37F5-8D44-F1180701B8B9}.Development|Win64.Build.0 = Development|Any CPU
		{5C3BCAFB-FE5E-37F5-8D44-F1180701B8B9}.Shipping|Win64.ActiveCfg = Development|Any CPU
		{5C3BCAFB-FE5E-37F5-8D44-F1180701B8B9}.Shipping|Win64.Build.0 = Development|Any CPU
		{FA5B35B8-F57C-36BA-908E-0ED1D20A9566}.DebugGame Editor|Win64.ActiveCfg = Development|Any CPU
		{FA5B35B8-F57C-36BA-908E-0ED1D20A9566}.DebugGame Editor|Win64.Build.0 = Development|Any CPU
		{FA5B35B8-F57C-36BA-908E-0ED1D20A9566}.DebugGame|Win64.ActiveCfg = Development|Any CPU
		{FA5B35B8-F57C-36BA-908E-0ED1D20A9566}.DebugGame|Win64.Build.0 = Development|Any CPU
		{FA5B35B8-F57C-36BA-908E-0ED1D20A9566}.Development Editor|Win64.ActiveCfg = Development|Any CPU
		{FA5B35B8-F57C-36BA-908E-0ED1D20A9566}.Development Editor|Win64.Build.0 = Development|Any CPU
		{FA5B35B8-F57C-36BA-908E-0ED1D20A9566}.Development|Win64.ActiveCfg = Development|Any CPU
		{FA5B35B8-F57C-36BA-908E-0ED1D20A9566}.Development|Win64.Build.0 = Development|Any CPU
		{FA5B35B8-F57C-36BA-908E-0ED1D20A9566}.Shipping|Win64.ActiveCfg = Development|Any CPU
		{FA5B35B8-F57C-36BA-908E-0ED1D20A9566}.Shipping|Win64.Build.0 = Development|Any CPU
		{8F4C5885-DA38-331A-A51A-9245546C25A9}.DebugGame Editor|Win64.ActiveCfg = Development|Any CPU
		{8F4C5885-DA38-331A-A51A-9245546C25A9}.DebugGame Editor|Win64.Build.0 = Development|Any CPU
		{8F4C5885-DA38-331A-A51A-9245546C25A9}.DebugGame|Win64.ActiveCfg = Development|Any CPU
		{8F4C5885-DA38-331A-A51A-9245546C25A9}.DebugGame|Win64.Build.0 = Development|Any CPU
		{8F4C5885-DA38-331A-A51A-9245546C25A9}.Development Editor|Win64.ActiveCfg = Development|Any CPU
		{8F4C5885-DA38-331A-A51A-9245546C25A9}.Development Editor|Win64.Build.0 = Development|Any CPU
		{8F4C5885-DA38-331A-A51A-9245546C25A9}.Development|Win64.ActiveCfg = Development|Any CPU
		{8F4C5885-DA38-331A-A51A-9245546C25A9}.Development|Win64.Build.0 = Development|Any CPU
		{8F4C5885-DA38-331A-A51A-9245546C25A9}.Shipping|Win64.ActiveCfg = Development|Any CPU
		{8F4C5885-DA38-331A-A51A-9245546C25A9}.Shipping|Win64.Build.0 = Development|Any CPU
		{0447BC20-1C14-30C2-BA66-8BE0687AA48E}.DebugGame Editor|Win64.ActiveCfg = Development|Any CPU
		{0447BC20-1C14-30C2-BA66-8BE0687AA48E}.DebugGame Editor|Win64.Build.0 = Development|Any CPU
		{0447BC20-1C14-30C2-BA66-8BE0687AA48E}.DebugGame|Win64.ActiveCfg = Development|Any CPU
		{0447BC20-1C14-30C2-BA66-8BE0687AA48E}.DebugGame|Win64.Build.0 = Development|Any CPU
		{0447BC20-1C14-30C2-BA66-8BE0687AA48E}.Development Editor|Win64.ActiveCfg = Development|Any CPU
		{0447BC20-1C14-30C2-BA66-8BE0687AA48E}.Development Editor|Win64.Build.0 = Development|Any CPU
		{0447BC20-1C14-30C2-BA66-8BE0687AA48E}.Development|Win64.ActiveCfg = Development|Any CPU
		{0447BC20-1C14-30C2-BA66-8BE0687AA48E}.Development|Win64.Build.0 = Development|Any CPU
		{0447BC20-1C14-30C2-BA66-8BE0687AA48E}.Shipping|Win64.ActiveCfg = Development|Any CPU
		{0447BC20-1C14-30C2-BA66-8BE0687AA48E}.Shipping|Win64.Build.0 = Development|Any CPU
		{D2653D15-70B1-3C68-94F5-BE96454F458A}.DebugGame Editor|Win64.ActiveCfg = Development|Any CPU
		{D2653D15-70B1-3C68-94F5-BE96454F458A}.DebugGame Editor|Win64.Build.0 = Development|Any CPU
		{D2653D15-70B1-3C68-94F5-BE96454F458A}.DebugGame|Win64.ActiveCfg = Development|Any CPU
		{D2653D15-70B1-3C68-94F5-BE96454F458A}.DebugGame|Win64.Build.0 = Development|Any CPU
		{D2653D15-70B1-3C68-94F5-BE96454F458A}.Development Editor|Win64.ActiveCfg = Development|Any CPU
		{D2653D15-70B1-3C68-94F5-BE96454F458A}.Development Editor|Win64.Build.0 = Development|Any CPU
		{D2653D15-70B1-3C68-94F5-BE96454F458A}.Development|Win64.ActiveCfg = Development|Any CPU
		{D2653D15-70B1-3C68-94F5-BE96454F458A}.Development|Win64.Build.0 = Development|Any CPU
		{D2653D15-70B1-3C68-94F5-BE96454F458A}.Shipping|Win64.ActiveCfg = Development|Any CPU
		{D2653D15-70B1-3C68-94F5-BE96454F458A}.Shipping|Win64.Build.0 = Development|Any CPU
		{99DCE036-C9D5-3EE1-8390-5155C120CC30}.DebugGame Editor|Win64.ActiveCfg = Development|Any CPU
		{99DCE036-C9D5-3EE1-8390-5155C120CC30}.DebugGame Editor|Win64.Build.0 = Development|Any CPU
		{99DCE036-C9D5-3EE1-8390-5155C120CC30}.DebugGame|Win64.ActiveCfg = Development|Any CPU
		{99DCE036-C9D5-3EE1-8390-5155C120CC30}.DebugGame|Win64.Build.0 = Development|Any CPU
		{99DCE036-C9D5-3EE1-8390-5155C120CC30}.Development Editor|Win64.ActiveCfg = Development|Any CPU
		{99DCE036-C9D5-3EE1-8390-5155C120CC30}.Development Editor|Win64.Build.0 = Development|Any CPU
		{99DCE036-C9D5-3EE1-8390-5155C120CC30}.Development|Win64.ActiveCfg = Development|Any CPU
		{99DCE036-C9D5-3EE1-8390-5155C120CC30}.Development|Win64.Build.0 = Development|Any CPU
		{99DCE036-C9D5-3EE1-8390-5155C120CC30}.Shipping|Win64.ActiveCfg = Development|Any CPU
		{99DCE036-C9D5-3EE1-8390-5155C120CC30}.Shipping|Win64.Build.0 = Development|Any CPU
		{8B63E15B-DADE-3AAF-B96C-000B10F1F75D}.DebugGame Editor|Win64.ActiveCfg = Development|Any CPU
		{8B63E15B-DADE-3AAF-B96C-000B10F1F75D}.DebugGame Editor|Win64.Build.0 = Development|Any CPU
		{8B63E15B-DADE-3AAF-B96C-000B10F1F75D}.DebugGame|Win64.ActiveCfg = Development|Any CPU
		{8B63E15B-DADE-3AAF-B96C-000B10F1F75D}.DebugGame|Win64.Build.0 = Development|Any CPU
		{8B63E15B-DADE-3AAF-B96C-000B10F1F75D}.Development Editor|Win64.ActiveCfg = Development|Any CPU
		{8B63E15B-DADE-3AAF-B96C-000B10F1F75D}.Development Editor|Win64.Build.0 = Development|Any CPU
		{8B63E15B-DADE-3AAF-B96C-000B10F1F75D}.Development|Win64.ActiveCfg = Development|Any CPU
		{8B63E15B-DADE-3AAF-B96C-000B10F1F75D}.Development|Win64.Build.0 = Development|Any CPU
		{8B63E15B-DADE-3AAF-B96C-000B10F1F75D}.Shipping|Win64.ActiveCfg = Development|Any CPU
		{8B63E15B-DADE-3AAF-B96C-000B10F1F75D}.Shipping|Win64.Build.0 = Development|Any CPU
		{3C64BD4C-598E-3386-9DF3-9C44F000E929}.DebugGame Editor|Win64.ActiveCfg = Development|Any CPU
		{3C64BD4C-598E-3386-9DF3-9C44F000E929}.DebugGame Editor|Win64.Build.0 = Development|Any CPU
		{3C64BD4C-598E-3386-9DF3-9C44F000E929}.DebugGame|Win64.ActiveCfg = Development|Any CPU
		{3C64BD4C-598E-3386-9DF3-9C44F000E929}.DebugGame|Win64.Build.0 = Development|Any CPU
		{3C64BD4C-598E-3386-9DF3-9C44F000E929}.Development Editor|Win64.ActiveCfg = Development|Any CPU
		{3C64BD4C-598E-3386-9DF3-9C44F000E929}.Development Editor|Win64.Build.0 = Development|Any CPU
		{3C64BD4C-598E-3386-9DF3-9C44F000E929}.Development|Win64.ActiveCfg = Development|Any CPU
		{3C64BD4C-598E-3386-9DF3-9C44F000E929}.Development|Win64.Build.0 = Development|Any CPU
		{3C64BD4C-598E-3386-9DF3-9C44F000E929}.Shipping|Win64.ActiveCfg = Development|Any CPU
		{3C64BD4C-598E-3386-9DF3-9C44F000E929}.Shipping|Win64.Build.0 = Development|Any CPU
		{280A6222-D82F-3581-8F6D-0173BC716570}.DebugGame Editor|Win64.ActiveCfg = Development|Any CPU
		{280A6222-D82F-3581-8F6D-0173BC716570}.DebugGame Editor|Win64.Build.0 = Development|Any CPU
		{280A6222-D82F-3581-8F6D-0173BC716570}.DebugGame|Win64.ActiveCfg = Development|Any CPU
		{280A6222-D82F-3581-8F6D-0173BC716570}.DebugGame|Win64.Build.0 = Development|Any CPU
		{280A6222-D82F-3581-8F6D-0173BC716570}.Development Editor|Win64.ActiveCfg = Development|Any CPU
		{280A6222-D82F-3581-8F6D-0173BC716570}.Development Editor|Win64.Build.0 = Development|Any CPU
		{280A6222-D82F-3581-8F6D-0173BC716570}.Development|Win64.ActiveCfg = Development|Any CPU
		{280A6222-D82F-3581-8F6D-0173BC716570}.Development|Win64.Build.0 = Development|Any CPU
		{280A6222-D82F-3581-8F6D-0173BC716570}.Shipping|Win64.ActiveCfg = Development|Any CPU
		{280A6222-D82F-3581-8F6D-0173BC716570}.Shipping|Win64.Build.0 = Development|Any CPU
	EndGlobalSection
	GlobalSection(SolutionProperties) = preSolution
		HideSolutionNode = FALSE
	EndGlobalSection
	GlobalSection(NestedProjects) = preSolution
		{81E9E468-8455-3013-869B-4320B22BF92E} = {233774A8-CC9D-3FA9-86D1-90573E92B704}
		{75C58A33-4D24-38A3-B185-9D33B5CA3DF1} = {DE1F8B53-6C02-3C13-9101-A7C8D96F3FF6}
		{9A3C8904-9A2B-3D4F-AAB8-4ACAAF19D5E1} = {A338B9E2-A559-34BE-A46D-F789DD488FAD}
		{585F0EFA-0861-3F8D-9477-AD193ADD2300} = {A338B9E2-A559-34BE-A46D-F789DD488FAD}
		{0BFBE63A-B98A-3411-8EEB-8918FEC737B3} = {A338B9E2-A559-34BE-A46D-F789DD488FAD}
		{7B5CFB44-F0FB-31DF-AE62-C3C096A29A7B} = {A338B9E2-A559-34BE-A46D-F789DD488FAD}
		{57713676-9DBE-331C-AD10-26632AC9EE0C} = {A338B9E2-A559-34BE-A46D-F789DD488FAD}
		{A7B93103-B257-358C-89A7-AE1AD23A0D8B} = {0BFBE63A-B98A-3411-8EEB-8918FEC737B3}
		{67E802E3-B148-36F6-B930-71027BC2D573} = {0BFBE63A-B98A-3411-8EEB-8918FEC737B3}
		{31394E1F-B6E0-3DB9-A6DE-6532EA7DBD44} = {0BFBE63A-B98A-3411-8EEB-8918FEC737B3}
		{E70A035C-BDC6-352E-A121-D6465A8C3D1C} = {0BFBE63A-B98A-3411-8EEB-8918FEC737B3}
		{6A6B6719-133F-37CF-B112-B3CA6FDB30F9} = {0BFBE63A-B98A-3411-8EEB-8918FEC737B3}
		{BA0A4C5F-DCA0-3EB1-8675-E022772B4D97} = {0BFBE63A-B98A-3411-8EEB-8918FEC737B3}
		{A1A8738B-56B4-357D-93E6-D0A57544CDE2} = {0BFBE63A-B98A-3411-8EEB-8918FEC737B3}
		{8AA62C7E-6CBD-32CB-A561-B806BCA1C270} = {0BFBE63A-B98A-3411-8EEB-8918FEC737B3}
		{3C8738F3-BE38-3B9C-8D77-86B5BDBAE443} = {0BFBE63A-B98A-3411-8EEB-8918FEC737B3}
		{55AEB1DB-2213-3ECA-A467-F04D584A930D} = {0BFBE63A-B98A-3411-8EEB-8918FEC737B3}
		{23E8084B-1BB9-314C-B497-392BC3CDFED8} = {0BFBE63A-B98A-3411-8EEB-8918FEC737B3}
		{F4733B6B-854F-3622-9E0C-DC3CF0AB2CE6} = {0BFBE63A-B98A-3411-8EEB-8918FEC737B3}
		{45AF5A68-A344-3B89-BC69-20AFB5ADD393} = {0BFBE63A-B98A-3411-8EEB-8918FEC737B3}
		{E57508EF-3F99-3BD8-870F-C119F8DAEC37} = {0BFBE63A-B98A-3411-8EEB-8918FEC737B3}
		{522632E7-9AA0-3D82-969F-7EBCCF1EEEF8} = {0BFBE63A-B98A-3411-8EEB-8918FEC737B3}
		{DA4E471F-006F-396B-B99A-1472E98429AD} = {0BFBE63A-B98A-3411-8EEB-8918FEC737B3}
		{0C3A58B2-0575-3D96-9A6E-EFE139713DF4} = {0BFBE63A-B98A-3411-8EEB-8918FEC737B3}
		{620300E6-F91F-363B-B167-BF6B11AFC9C6} = {0BFBE63A-B98A-3411-8EEB-8918FEC737B3}
		{7529CBEF-3827-35EA-9B8C-2AF36658C7D7} = {0BFBE63A-B98A-3411-8EEB-8918FEC737B3}
		{1FB0E080-75FF-3784-835C-D28948EB943D} = {0BFBE63A-B98A-3411-8EEB-8918FEC737B3}
		{D35AC87B-2F3E-325D-86A0-4F4C8D78430D} = {7B5CFB44-F0FB-31DF-AE62-C3C096A29A7B}
		{16EFED17-DFCC-3B1D-83C0-757E415832BC} = {57713676-9DBE-331C-AD10-26632AC9EE0C}
		{106DE75F-4665-3E55-96EE-9A3CBF5B2D35} = {57713676-9DBE-331C-AD10-26632AC9EE0C}
		{2D7A331E-EA21-34EA-99FF-F5C1C0745626} = {57713676-9DBE-331C-AD10-26632AC9EE0C}
		{41CEEA32-72BA-3879-BC95-34491EB6D2EF} = {57713676-9DBE-331C-AD10-26632AC9EE0C}
		{AE330B20-77F9-39BB-B087-13A129E46607} = {57713676-9DBE-331C-AD10-26632AC9EE0C}
		{9E1242BA-4F57-31F1-8DF3-D7271A1B76D5} = {57713676-9DBE-331C-AD10-26632AC9EE0C}
		{6BD7A014-1229-39E6-AB5C-7FE49E380089} = {57713676-9DBE-331C-AD10-26632AC9EE0C}
		{BF7507B0-A85E-3F09-B418-7704A6E1CA27} = {57713676-9DBE-331C-AD10-26632AC9EE0C}
		{8E7B7BF6-F48D-3E1E-B569-A35024F0F00D} = {57713676-9DBE-331C-AD10-26632AC9EE0C}
		{958A5CFB-EAF5-3D3F-B4B7-2A6232583FE9} = {57713676-9DBE-331C-AD10-26632AC9EE0C}
		{2DA8C863-219B-3395-9EA8-C664F5A2B38B} = {57713676-9DBE-331C-AD10-26632AC9EE0C}
		{CE3694B2-86F6-3835-98CE-2B81048A0CC2} = {57713676-9DBE-331C-AD10-26632AC9EE0C}
		{3F3EF96E-6227-39B7-9337-823868D95085} = {57713676-9DBE-331C-AD10-26632AC9EE0C}
		{EE64BB97-190B-34B9-A574-1FAA554C3B1E} = {57713676-9DBE-331C-AD10-26632AC9EE0C}
		{5C3BCAFB-FE5E-37F5-8D44-F1180701B8B9} = {57713676-9DBE-331C-AD10-26632AC9EE0C}
		{FA5B35B8-F57C-36BA-908E-0ED1D20A9566} = {57713676-9DBE-331C-AD10-26632AC9EE0C}
		{8F4C5885-DA38-331A-A51A-9245546C25A9} = {57713676-9DBE-331C-AD10-26632AC9EE0C}
		{0447BC20-1C14-30C2-BA66-8BE0687AA48E} = {57713676-9DBE-331C-AD10-26632AC9EE0C}
		{D2653D15-70B1-3C68-94F5-BE96454F458A} = {57713676-9DBE-331C-AD10-26632AC9EE0C}
		{99DCE036-C9D5-3EE1-8390-5155C120CC30} = {57713676-9DBE-331C-AD10-26632AC9EE0C}
		{8B63E15B-DADE-3AAF-B96C-000B10F1F75D} = {C2F57ECE-B26F-39D8-BDA7-C1D40BD8F180}
		{3C64BD4C-598E-3386-9DF3-9C44F000E929} = {C2F57ECE-B26F-39D8-BDA7-C1D40BD8F180}
		{280A6222-D82F-3581-8F6D-0173BC716570} = {C2F57ECE-B26F-39D8-BDA7-C1D40BD8F180}
	EndGlobalSection
EndGlobal
