
Microsoft Visual Studio Solution File, Format Version 12.00
# Visual Studio Version 17
VisualStudioVersion = 17.0.31314.256
MinimumVisualStudioVersion = 10.0.40219.1
Project("{2150E333-8FDC-42A3-9474-1A3956D46DE8}") = "Automation", "Automation", "{0BFBE63A-B98A-3411-8EEB-8918FEC737B3}"
EndProject
Project("{2150E333-8FDC-42A3-9474-1A3956D46DE8}") = "Engine", "Engine", "{233774A8-CC9D-3FA9-86D1-90573E92B704}"
EndProject
Project("{2150E333-8FDC-42A3-9474-1A3956D46DE8}") = "Games", "Games", "{DE1F8B53-6C02-3C13-9101-A7C8D96F3FF6}"
EndProject
Project("{2150E333-8FDC-42A3-9474-1A3956D46DE8}") = "Programs", "Programs", "{A338B9E2-A559-34BE-A46D-F789DD488FAD}"
EndProject
Project("{2150E333-8FDC-42A3-9474-1A3956D46DE8}") = "Rules", "Rules", "{C2F57ECE-B26F-39D8-BDA7-C1D40BD8F180}"
EndProject
Project("{2150E333-8FDC-42A3-9474-1A3956D46DE8}") = "Shared", "Shared", "{57713676-9DBE-331C-AD10-26632AC9EE0C}"
EndProject
Project("{2150E333-8FDC-42A3-9474-1A3956D46DE8}") = "UnrealBuildTool.Plugins", "UnrealBuildTool.Plugins", "{7B5CFB44-F0FB-31DF-AE62-C3C096A29A7B}"
EndProject
Project("{8BC9CEB8-8B4A-11D0-8D11-00A0C91BC942}") = "Solstice", "Intermediate\ProjectFiles\Solstice.vcxproj", "{B444F7B4-D714-30E9-BEBE-E06CFE3D3E35}"
	ProjectSection(ProjectDependencies) = postProject
		{666EDC70-24E0-3346-8B7A-4DD8D7D45C19} = {666EDC70-24E0-3346-8B7A-4DD8D7D45C19}
	EndProjectSection
EndProject
Project("{8BC9CEB8-8B4A-11D0-8D11-00A0C91BC942}") = "UE5", "Intermediate\ProjectFiles\UE5.vcxproj", "{E9E8FF93-FA62-3B54-80BD-BD168B9C9FD8}"
EndProject
Project("{FAE04EC0-301F-11D3-BF4B-00C04F79EFBC}") = "UnrealBuildTool", "..\UnrealEngine5.3\UE_5.3\Engine\Source\Programs\UnrealBuildTool\UnrealBuildTool.csproj", "{666EDC70-24E0-3346-8B7A-4DD8D7D45C19}"
EndProject
Project("{FAE04EC0-301F-11D3-BF4B-00C04F79EFBC}") = "AutomationTool", "..\UnrealEngine5.3\UE_5.3\Engine\Source\Programs\AutomationTool\AutomationTool.csproj", "{E467DF9B-7598-3B84-944D-33F50229E718}"
EndProject
Project("{FAE04EC0-301F-11D3-BF4B-00C04F79EFBC}") = "Android.Automation", "..\UnrealEngine5.3\UE_5.3\Engine\Source\Programs\AutomationTool\Android\Android.Automation.csproj", "{CEFB8F0E-8742-3B4D-AC90-8D1B864249EC}"
EndProject
Project("{FAE04EC0-301F-11D3-BF4B-00C04F79EFBC}") = "Apple.Automation", "..\UnrealEngine5.3\UE_5.3\Engine\Source\Programs\AutomationTool\Apple\Apple.Automation.csproj", "{63985741-01FA-3DD8-B8E6-6B9DD401160B}"
EndProject
Project("{FAE04EC0-301F-11D3-BF4B-00C04F79EFBC}") = "AutomationUtils.Automation", "..\UnrealEngine5.3\UE_5.3\Engine\Source\Programs\AutomationTool\AutomationUtils\AutomationUtils.Automation.csproj", "{A62F0E02-85C5-3DD6-AB89-9614D056B070}"
EndProject
Project("{FAE04EC0-301F-11D3-BF4B-00C04F79EFBC}") = "BuildGraph.Automation", "..\UnrealEngine5.3\UE_5.3\Engine\Source\Programs\AutomationTool\BuildGraph\BuildGraph.Automation.csproj", "{88939F63-30F3-369A-B285-B612AFAE8BE2}"
EndProject
Project("{FAE04EC0-301F-11D3-BF4B-00C04F79EFBC}") = "CookedEditor.Automation", "..\UnrealEngine5.3\UE_5.3\Engine\Source\Programs\AutomationTool\CookedEditor\CookedEditor.Automation.csproj", "{8854FA5C-FEC6-3492-820F-2D0C816E6931}"
EndProject
Project("{FAE04EC0-301F-11D3-BF4B-00C04F79EFBC}") = "CrowdinLocalization.Automation", "..\UnrealEngine5.3\UE_5.3\Engine\Source\Programs\AutomationTool\CrowdinLocalization\CrowdinLocalization.Automation.csproj", "{0EEB4E2D-7DB8-3855-87D8-66831CAB6FD6}"
EndProject
Project("{FAE04EC0-301F-11D3-BF4B-00C04F79EFBC}") = "Gauntlet.Automation", "..\UnrealEngine5.3\UE_5.3\Engine\Source\Programs\AutomationTool\Gauntlet\Gauntlet.Automation.csproj", "{0810A002-1ADC-3306-89D5-C9548516763B}"
EndProject
Project("{FAE04EC0-301F-11D3-BF4B-00C04F79EFBC}") = "IOS.Automation", "..\UnrealEngine5.3\UE_5.3\Engine\Source\Programs\AutomationTool\IOS\IOS.Automation.csproj", "{A76D517F-6F56-3A06-BE82-16321B4DFD51}"
EndProject
Project("{FAE04EC0-301F-11D3-BF4B-00C04F79EFBC}") = "Linux.Automation", "..\UnrealEngine5.3\UE_5.3\Engine\Source\Programs\AutomationTool\Linux\Linux.Automation.csproj", "{AB5C82A2-28CC-3D30-9945-8F8ED380F198}"
EndProject
Project("{FAE04EC0-301F-11D3-BF4B-00C04F79EFBC}") = "Localization.Automation", "..\UnrealEngine5.3\UE_5.3\Engine\Source\Programs\AutomationTool\Localization\Localization.Automation.csproj", "{79377D22-7644-39BC-BB2A-2B5E40EA8ADC}"
EndProject
Project("{FAE04EC0-301F-11D3-BF4B-00C04F79EFBC}") = "LowLevelTests.Automation", "..\UnrealEngine5.3\UE_5.3\Engine\Source\Programs\AutomationTool\LowLevelTests\LowLevelTests.Automation.csproj", "{9DE392C5-9A1C-338E-B233-14BCA2C23A4B}"
EndProject
Project("{FAE04EC0-301F-11D3-BF4B-00C04F79EFBC}") = "Mac.Automation", "..\UnrealEngine5.3\UE_5.3\Engine\Source\Programs\AutomationTool\Mac\Mac.Automation.csproj", "{4A57D230-139D-303B-9142-B657465A1670}"
EndProject
Project("{FAE04EC0-301F-11D3-BF4B-00C04F79EFBC}") = "OneSkyLocalization.Automation", "..\UnrealEngine5.3\UE_5.3\Engine\Source\Programs\AutomationTool\OneSkyLocalization\OneSkyLocalization.Automation.csproj", "{6B9CFAF6-215E-3747-9151-722E7135C12A}"
EndProject
Project("{FAE04EC0-301F-11D3-BF4B-00C04F79EFBC}") = "AutomationScripts.Automation", "..\UnrealEngine5.3\UE_5.3\Engine\Source\Programs\AutomationTool\Scripts\AutomationScripts.Automation.csproj", "{2D2C6ABC-6E1A-3539-8B87-EA8F426E3CDE}"
EndProject
Project("{FAE04EC0-301F-11D3-BF4B-00C04F79EFBC}") = "SmartlingLocalization.Automation", "..\UnrealEngine5.3\UE_5.3\Engine\Source\Programs\AutomationTool\SmartlingLocalization\SmartlingLocalization.Automation.csproj", "{554C2EB3-E692-366A-A7A7-DB85BBB84801}"
EndProject
Project("{FAE04EC0-301F-11D3-BF4B-00C04F79EFBC}") = "SteamDeck.Automation", "..\UnrealEngine5.3\UE_5.3\Engine\Source\Programs\AutomationTool\SteamDeck\SteamDeck.Automation.csproj", "{CDBFD0C6-EFD2-37A0-A7B2-6D41553DEFD0}"
EndProject
Project("{FAE04EC0-301F-11D3-BF4B-00C04F79EFBC}") = "TVOS.Automation", "..\UnrealEngine5.3\UE_5.3\Engine\Source\Programs\AutomationTool\TVOS\TVOS.Automation.csproj", "{C4E0402A-484C-3892-BBF5-04ED00D66773}"
EndProject
Project("{FAE04EC0-301F-11D3-BF4B-00C04F79EFBC}") = "Turnkey.Automation", "..\UnrealEngine5.3\UE_5.3\Engine\Source\Programs\AutomationTool\Turnkey\Turnkey.Automation.csproj", "{C0CEF9D9-CECA-32B4-87AA-303008BFCC3E}"
EndProject
Project("{FAE04EC0-301F-11D3-BF4B-00C04F79EFBC}") = "Win.Automation", "..\UnrealEngine5.3\UE_5.3\Engine\Source\Programs\AutomationTool\Win\Win.Automation.csproj", "{86EDD4CB-ADF3-3ED9-8F0B-6C69A1C01726}"
EndProject
Project("{FAE04EC0-301F-11D3-BF4B-00C04F79EFBC}") = "XLocLocalization.Automation", "..\UnrealEngine5.3\UE_5.3\Engine\Source\Programs\AutomationTool\XLocLocalization\XLocLocalization.Automation.csproj", "{6E06AD4C-3266-325F-9B96-CF96CDAD956A}"
EndProject
Project("{FAE04EC0-301F-11D3-BF4B-00C04F79EFBC}") = "ScriptGeneratorUbtPlugin.ubtplugin", "..\UnrealEngine5.3\UE_5.3\Engine\Plugins\ScriptPlugin\Source\ScriptGeneratorUbtPlugin\ScriptGeneratorUbtPlugin.ubtplugin.csproj", "{804022CC-66A4-3993-A286-75B3DFC937A2}"
EndProject
Project("{FAE04EC0-301F-11D3-BF4B-00C04F79EFBC}") = "EpicGames.AspNet", "..\UnrealEngine5.3\UE_5.3\Engine\Source\Programs\Shared\EpicGames.AspNet\EpicGames.AspNet.csproj", "{86D506FE-2D8E-3E6D-8A06-AF3F77DCE1EB}"
EndProject
Project("{FAE04EC0-301F-11D3-BF4B-00C04F79EFBC}") = "EpicGames.Box", "..\UnrealEngine5.3\UE_5.3\Engine\Source\Programs\Shared\EpicGames.Box\EpicGames.Box.csproj", "{4E27B922-3173-3A6E-873F-90EB29A93812}"
EndProject
Project("{FAE04EC0-301F-11D3-BF4B-00C04F79EFBC}") = "EpicGames.Build", "..\UnrealEngine5.3\UE_5.3\Engine\Source\Programs\Shared\EpicGames.Build\EpicGames.Build.csproj", "{D0D2512A-211C-3C81-882F-A37B41A759D9}"
EndProject
Project("{FAE04EC0-301F-11D3-BF4B-00C04F79EFBC}") = "EpicGames.BuildGraph", "..\UnrealEngine5.3\UE_5.3\Engine\Source\Programs\Shared\EpicGames.BuildGraph\EpicGames.BuildGraph.csproj", "{7543F670-6F36-3C09-AF5C-4010F1981FEC}"
EndProject
Project("{FAE04EC0-301F-11D3-BF4B-00C04F79EFBC}") = "EpicGames.Core", "..\UnrealEngine5.3\UE_5.3\Engine\Source\Programs\Shared\EpicGames.Core\EpicGames.Core.csproj", "{D9BD1DB7-7A23-3C91-8A72-D3604C093931}"
EndProject
Project("{FAE04EC0-301F-11D3-BF4B-00C04F79EFBC}") = "EpicGames.Horde", "..\UnrealEngine5.3\UE_5.3\Engine\Source\Programs\Shared\EpicGames.Horde\EpicGames.Horde.csproj", "{50279D49-161A-31FD-9077-3A00810621E9}"
EndProject
Project("{FAE04EC0-301F-11D3-BF4B-00C04F79EFBC}") = "EpicGames.IoHash", "..\UnrealEngine5.3\UE_5.3\Engine\Source\Programs\Shared\EpicGames.IoHash\EpicGames.IoHash.csproj", "{D2F22D78-3A7B-3A8F-B058-64CDE988D32B}"
EndProject
Project("{FAE04EC0-301F-11D3-BF4B-00C04F79EFBC}") = "EpicGames.Jupiter", "..\UnrealEngine5.3\UE_5.3\Engine\Source\Programs\Shared\EpicGames.Jupiter\EpicGames.Jupiter.csproj", "{32A10EEF-7334-370C-AEC9-56E1225DA46F}"
EndProject
Project("{FAE04EC0-301F-11D3-BF4B-00C04F79EFBC}") = "EpicGames.MongoDB", "..\UnrealEngine5.3\UE_5.3\Engine\Source\Programs\Shared\EpicGames.MongoDB\EpicGames.MongoDB.csproj", "{F1B6EE42-E42E-309D-83BC-DDEF9DF379E8}"
EndProject
Project("{FAE04EC0-301F-11D3-BF4B-00C04F79EFBC}") = "EpicGames.MsBuild", "..\UnrealEngine5.3\UE_5.3\Engine\Source\Programs\Shared\EpicGames.MsBuild\EpicGames.MsBuild.csproj", "{33B7C0FC-A17C-33E5-992F-2044F144BFF4}"
EndProject
Project("{FAE04EC0-301F-11D3-BF4B-00C04F79EFBC}") = "EpicGames.OIDC", "..\UnrealEngine5.3\UE_5.3\Engine\Source\Programs\Shared\EpicGames.OIDC\EpicGames.OIDC.csproj", "{D0FA957A-092F-3589-BE19-AD534846332E}"
EndProject
Project("{FAE04EC0-301F-11D3-BF4B-00C04F79EFBC}") = "EpicGames.Oodle", "..\UnrealEngine5.3\UE_5.3\Engine\Source\Programs\Shared\EpicGames.Oodle\EpicGames.Oodle.csproj", "{D227430F-B08E-301B-AA74-D53197709EDB}"
EndProject
Project("{FAE04EC0-301F-11D3-BF4B-00C04F79EFBC}") = "EpicGames.Perforce.Fixture", "..\UnrealEngine5.3\UE_5.3\Engine\Source\Programs\Shared\EpicGames.Perforce.Fixture\EpicGames.Perforce.Fixture.csproj", "{6F5A58D9-7CD5-379D-AE84-CABF5770B8CF}"
EndProject
Project("{FAE04EC0-301F-11D3-BF4B-00C04F79EFBC}") = "EpicGames.Perforce.Managed", "..\UnrealEngine5.3\UE_5.3\Engine\Source\Programs\Shared\EpicGames.Perforce.Managed\EpicGames.Perforce.Managed.csproj", "{C822FDE9-8A8B-33DA-AC55-C1D855321813}"
EndProject
Project("{FAE04EC0-301F-11D3-BF4B-00C04F79EFBC}") = "EpicGames.Perforce", "..\UnrealEngine5.3\UE_5.3\Engine\Source\Programs\Shared\EpicGames.Perforce\EpicGames.Perforce.csproj", "{E46D8840-EACE-3EE4-94CE-340A4D1775DF}"
EndProject
Project("{FAE04EC0-301F-11D3-BF4B-00C04F79EFBC}") = "EpicGames.Redis", "..\UnrealEngine5.3\UE_5.3\Engine\Source\Programs\Shared\EpicGames.Redis\EpicGames.Redis.csproj", "{AEE84960-8B21-39E9-BC7A-8A437541BFC7}"
EndProject
Project("{FAE04EC0-301F-11D3-BF4B-00C04F79EFBC}") = "EpicGames.Serialization", "..\UnrealEngine5.3\UE_5.3\Engine\Source\Programs\Shared\EpicGames.Serialization\EpicGames.Serialization.csproj", "{7734102C-0708-3E2E-8FD6-5139D92DA894}"
EndProject
Project("{FAE04EC0-301F-11D3-BF4B-00C04F79EFBC}") = "EpicGames.Slack", "..\UnrealEngine5.3\UE_5.3\Engine\Source\Programs\Shared\EpicGames.Slack\EpicGames.Slack.csproj", "{357FAF76-2C9A-34D1-ADE9-253E509B3347}"
EndProject
Project("{FAE04EC0-301F-11D3-BF4B-00C04F79EFBC}") = "EpicGames.Tracing", "..\UnrealEngine5.3\UE_5.3\Engine\Source\Programs\Shared\EpicGames.Tracing\EpicGames.Tracing.csproj", "{797B415A-3CEB-3037-977C-F5112956CBC9}"
EndProject
Project("{FAE04EC0-301F-11D3-BF4B-00C04F79EFBC}") = "EpicGames.UHT", "..\UnrealEngine5.3\UE_5.3\Engine\Source\Programs\Shared\EpicGames.UHT\EpicGames.UHT.csproj", "{3E6E48B2-9278-3C5E-A286-C88C258A27E1}"
EndProject
Project("{FAE04EC0-301F-11D3-BF4B-00C04F79EFBC}") = "SolsticeModuleRules", "Intermediate\Build\BuildRulesProjects\SolsticeModuleRules\SolsticeModuleRules.csproj", "{BB32AE33-58EE-37C7-AAC8-10162A14273A}"
EndProject
Project("{FAE04EC0-301F-11D3-BF4B-00C04F79EFBC}") = "UE5ProgramRules", "..\UnrealEngine5.3\UE_5.3\Engine\Intermediate\Build\BuildRulesProjects\UE5ProgramRules\UE5ProgramRules.csproj", "{7503271A-CA28-3239-8602-F52CCA7E2A1B}"
EndProject
Project("{FAE04EC0-301F-11D3-BF4B-00C04F79EFBC}") = "UE5Rules", "..\UnrealEngine5.3\UE_5.3\Engine\Intermediate\Build\BuildRulesProjects\UE5Rules\UE5Rules.csproj", "{CC342C76-5FDC-31C1-9A88-389832B45C48}"
EndProject
Project("{2150E333-8FDC-42A3-9474-1A3956D46DE8}") = "Visualizers", "Visualizers", "{1CCEC849-CC72-4C59-8C36-2F7C38706D4C}"
	ProjectSection(SolutionItems) = preProject
		..\UnrealEngine5.3\UE_5.3\Engine\Extras\VisualStudioDebugging\Unreal.natvis = ..\UnrealEngine5.3\UE_5.3\Engine\Extras\VisualStudioDebugging\Unreal.natvis
		..\UnrealEngine5.3\UE_5.3\Engine\Extras\VisualStudioDebugging\Unreal.natstepfilter = ..\UnrealEngine5.3\UE_5.3\Engine\Extras\VisualStudioDebugging\Unreal.natstepfilter
	EndProjectSection
EndProject
Global
	GlobalSection(SolutionConfigurationPlatforms) = preSolution
		DebugGame Editor|Win64 = DebugGame Editor|Win64
		DebugGame|Win64 = DebugGame|Win64
		Development Editor|Win64 = Development Editor|Win64
		Development|Win64 = Development|Win64
		Shipping|Win64 = Shipping|Win64
	EndGlobalSection
	# UnrealVS Section
	GlobalSection(ddbf523f-7eb6-4887-bd51-85a714ff87eb) = preSolution
		AvailablePlatforms=Win64
	EndGlobalSection
	GlobalSection(ProjectConfigurationPlatforms) = postSolution
		{B444F7B4-D714-30E9-BEBE-E06CFE3D3E35}.DebugGame Editor|Win64.ActiveCfg = DebugGame_Editor|x64
		{B444F7B4-D714-30E9-BEBE-E06CFE3D3E35}.DebugGame Editor|Win64.Build.0 = DebugGame_Editor|x64
		{B444F7B4-D714-30E9-BEBE-E06CFE3D3E35}.DebugGame|Win64.ActiveCfg = DebugGame|x64
		{B444F7B4-D714-30E9-BEBE-E06CFE3D3E35}.DebugGame|Win64.Build.0 = DebugGame|x64
		{B444F7B4-D714-30E9-BEBE-E06CFE3D3E35}.Development Editor|Win64.ActiveCfg = Development_Editor|x64
		{B444F7B4-D714-30E9-BEBE-E06CFE3D3E35}.Development Editor|Win64.Build.0 = Development_Editor|x64
		{B444F7B4-D714-30E9-BEBE-E06CFE3D3E35}.Development|Win64.ActiveCfg = Development|x64
		{B444F7B4-D714-30E9-BEBE-E06CFE3D3E35}.Development|Win64.Build.0 = Development|x64
		{B444F7B4-D714-30E9-BEBE-E06CFE3D3E35}.Shipping|Win64.ActiveCfg = Shipping|x64
		{B444F7B4-D714-30E9-BEBE-E06CFE3D3E35}.Shipping|Win64.Build.0 = Shipping|x64
		{E9E8FF93-FA62-3B54-80BD-BD168B9C9FD8}.DebugGame Editor|Win64.ActiveCfg = BuiltWithUnrealBuildTool|Win64
		{E9E8FF93-FA62-3B54-80BD-BD168B9C9FD8}.DebugGame|Win64.ActiveCfg = BuiltWithUnrealBuildTool|Win64
		{E9E8FF93-FA62-3B54-80BD-BD168B9C9FD8}.Development Editor|Win64.ActiveCfg = BuiltWithUnrealBuildTool|Win64
		{E9E8FF93-FA62-3B54-80BD-BD168B9C9FD8}.Development|Win64.ActiveCfg = BuiltWithUnrealBuildTool|Win64
		{E9E8FF93-FA62-3B54-80BD-BD168B9C9FD8}.Shipping|Win64.ActiveCfg = BuiltWithUnrealBuildTool|Win64
		{666EDC70-24E0-3346-8B7A-4DD8D7D45C19}.DebugGame Editor|Win64.ActiveCfg = Development|Any CPU
		{666EDC70-24E0-3346-8B7A-4DD8D7D45C19}.DebugGame Editor|Win64.Build.0 = Development|Any CPU
		{666EDC70-24E0-3346-8B7A-4DD8D7D45C19}.DebugGame|Win64.ActiveCfg = Development|Any CPU
		{666EDC70-24E0-3346-8B7A-4DD8D7D45C19}.DebugGame|Win64.Build.0 = Development|Any CPU
		{666EDC70-24E0-3346-8B7A-4DD8D7D45C19}.Development Editor|Win64.ActiveCfg = Development|Any CPU
		{666EDC70-24E0-3346-8B7A-4DD8D7D45C19}.Development Editor|Win64.Build.0 = Development|Any CPU
		{666EDC70-24E0-3346-8B7A-4DD8D7D45C19}.Development|Win64.ActiveCfg = Development|Any CPU
		{666EDC70-24E0-3346-8B7A-4DD8D7D45C19}.Development|Win64.Build.0 = Development|Any CPU
		{666EDC70-24E0-3346-8B7A-4DD8D7D45C19}.Shipping|Win64.ActiveCfg = Development|Any CPU
		{666EDC70-24E0-3346-8B7A-4DD8D7D45C19}.Shipping|Win64.Build.0 = Development|Any CPU
		{E467DF9B-7598-3B84-944D-33F50229E718}.DebugGame Editor|Win64.ActiveCfg = Development|Any CPU
		{E467DF9B-7598-3B84-944D-33F50229E718}.DebugGame Editor|Win64.Build.0 = Development|Any CPU
		{E467DF9B-7598-3B84-944D-33F50229E718}.DebugGame|Win64.ActiveCfg = Development|Any CPU
		{E467DF9B-7598-3B84-944D-33F50229E718}.DebugGame|Win64.Build.0 = Development|Any CPU
		{E467DF9B-7598-3B84-944D-33F50229E718}.Development Editor|Win64.ActiveCfg = Development|Any CPU
		{E467DF9B-7598-3B84-944D-33F50229E718}.Development Editor|Win64.Build.0 = Development|Any CPU
		{E467DF9B-7598-3B84-944D-33F50229E718}.Development|Win64.ActiveCfg = Development|Any CPU
		{E467DF9B-7598-3B84-944D-33F50229E718}.Development|Win64.Build.0 = Development|Any CPU
		{E467DF9B-7598-3B84-944D-33F50229E718}.Shipping|Win64.ActiveCfg = Development|Any CPU
		{E467DF9B-7598-3B84-944D-33F50229E718}.Shipping|Win64.Build.0 = Development|Any CPU
		{CEFB8F0E-8742-3B4D-AC90-8D1B864249EC}.DebugGame Editor|Win64.ActiveCfg = Development|Any CPU
		{CEFB8F0E-8742-3B4D-AC90-8D1B864249EC}.DebugGame Editor|Win64.Build.0 = Development|Any CPU
		{CEFB8F0E-8742-3B4D-AC90-8D1B864249EC}.DebugGame|Win64.ActiveCfg = Development|Any CPU
		{CEFB8F0E-8742-3B4D-AC90-8D1B864249EC}.DebugGame|Win64.Build.0 = Development|Any CPU
		{CEFB8F0E-8742-3B4D-AC90-8D1B864249EC}.Development Editor|Win64.ActiveCfg = Development|Any CPU
		{CEFB8F0E-8742-3B4D-AC90-8D1B864249EC}.Development Editor|Win64.Build.0 = Development|Any CPU
		{CEFB8F0E-8742-3B4D-AC90-8D1B864249EC}.Development|Win64.ActiveCfg = Development|Any CPU
		{CEFB8F0E-8742-3B4D-AC90-8D1B864249EC}.Development|Win64.Build.0 = Development|Any CPU
		{CEFB8F0E-8742-3B4D-AC90-8D1B864249EC}.Shipping|Win64.ActiveCfg = Development|Any CPU
		{CEFB8F0E-8742-3B4D-AC90-8D1B864249EC}.Shipping|Win64.Build.0 = Development|Any CPU
		{63985741-01FA-3DD8-B8E6-6B9DD401160B}.DebugGame Editor|Win64.ActiveCfg = Development|Any CPU
		{63985741-01FA-3DD8-B8E6-6B9DD401160B}.DebugGame Editor|Win64.Build.0 = Development|Any CPU
		{63985741-01FA-3DD8-B8E6-6B9DD401160B}.DebugGame|Win64.ActiveCfg = Development|Any CPU
		{63985741-01FA-3DD8-B8E6-6B9DD401160B}.DebugGame|Win64.Build.0 = Development|Any CPU
		{63985741-01FA-3DD8-B8E6-6B9DD401160B}.Development Editor|Win64.ActiveCfg = Development|Any CPU
		{63985741-01FA-3DD8-B8E6-6B9DD401160B}.Development Editor|Win64.Build.0 = Development|Any CPU
		{63985741-01FA-3DD8-B8E6-6B9DD401160B}.Development|Win64.ActiveCfg = Development|Any CPU
		{63985741-01FA-3DD8-B8E6-6B9DD401160B}.Development|Win64.Build.0 = Development|Any CPU
		{63985741-01FA-3DD8-B8E6-6B9DD401160B}.Shipping|Win64.ActiveCfg = Development|Any CPU
		{63985741-01FA-3DD8-B8E6-6B9DD401160B}.Shipping|Win64.Build.0 = Development|Any CPU
		{A62F0E02-85C5-3DD6-AB89-9614D056B070}.DebugGame Editor|Win64.ActiveCfg = Development|Any CPU
		{A62F0E02-85C5-3DD6-AB89-9614D056B070}.DebugGame Editor|Win64.Build.0 = Development|Any CPU
		{A62F0E02-85C5-3DD6-AB89-9614D056B070}.DebugGame|Win64.ActiveCfg = Development|Any CPU
		{A62F0E02-85C5-3DD6-AB89-9614D056B070}.DebugGame|Win64.Build.0 = Development|Any CPU
		{A62F0E02-85C5-3DD6-AB89-9614D056B070}.Development Editor|Win64.ActiveCfg = Development|Any CPU
		{A62F0E02-85C5-3DD6-AB89-9614D056B070}.Development Editor|Win64.Build.0 = Development|Any CPU
		{A62F0E02-85C5-3DD6-AB89-9614D056B070}.Development|Win64.ActiveCfg = Development|Any CPU
		{A62F0E02-85C5-3DD6-AB89-9614D056B070}.Development|Win64.Build.0 = Development|Any CPU
		{A62F0E02-85C5-3DD6-AB89-9614D056B070}.Shipping|Win64.ActiveCfg = Development|Any CPU
		{A62F0E02-85C5-3DD6-AB89-9614D056B070}.Shipping|Win64.Build.0 = Development|Any CPU
		{88939F63-30F3-369A-B285-B612AFAE8BE2}.DebugGame Editor|Win64.ActiveCfg = Development|Any CPU
		{88939F63-30F3-369A-B285-B612AFAE8BE2}.DebugGame Editor|Win64.Build.0 = Development|Any CPU
		{88939F63-30F3-369A-B285-B612AFAE8BE2}.DebugGame|Win64.ActiveCfg = Development|Any CPU
		{88939F63-30F3-369A-B285-B612AFAE8BE2}.DebugGame|Win64.Build.0 = Development|Any CPU
		{88939F63-30F3-369A-B285-B612AFAE8BE2}.Development Editor|Win64.ActiveCfg = Development|Any CPU
		{88939F63-30F3-369A-B285-B612AFAE8BE2}.Development Editor|Win64.Build.0 = Development|Any CPU
		{88939F63-30F3-369A-B285-B612AFAE8BE2}.Development|Win64.ActiveCfg = Development|Any CPU
		{88939F63-30F3-369A-B285-B612AFAE8BE2}.Development|Win64.Build.0 = Development|Any CPU
		{88939F63-30F3-369A-B285-B612AFAE8BE2}.Shipping|Win64.ActiveCfg = Development|Any CPU
		{88939F63-30F3-369A-B285-B612AFAE8BE2}.Shipping|Win64.Build.0 = Development|Any CPU
		{8854FA5C-FEC6-3492-820F-2D0C816E6931}.DebugGame Editor|Win64.ActiveCfg = Development|Any CPU
		{8854FA5C-FEC6-3492-820F-2D0C816E6931}.DebugGame Editor|Win64.Build.0 = Development|Any CPU
		{8854FA5C-FEC6-3492-820F-2D0C816E6931}.DebugGame|Win64.ActiveCfg = Development|Any CPU
		{8854FA5C-FEC6-3492-820F-2D0C816E6931}.DebugGame|Win64.Build.0 = Development|Any CPU
		{8854FA5C-FEC6-3492-820F-2D0C816E6931}.Development Editor|Win64.ActiveCfg = Development|Any CPU
		{8854FA5C-FEC6-3492-820F-2D0C816E6931}.Development Editor|Win64.Build.0 = Development|Any CPU
		{8854FA5C-FEC6-3492-820F-2D0C816E6931}.Development|Win64.ActiveCfg = Development|Any CPU
		{8854FA5C-FEC6-3492-820F-2D0C816E6931}.Development|Win64.Build.0 = Development|Any CPU
		{8854FA5C-FEC6-3492-820F-2D0C816E6931}.Shipping|Win64.ActiveCfg = Development|Any CPU
		{8854FA5C-FEC6-3492-820F-2D0C816E6931}.Shipping|Win64.Build.0 = Development|Any CPU
		{0EEB4E2D-7DB8-3855-87D8-66831CAB6FD6}.DebugGame Editor|Win64.ActiveCfg = Development|Any CPU
		{0EEB4E2D-7DB8-3855-87D8-66831CAB6FD6}.DebugGame Editor|Win64.Build.0 = Development|Any CPU
		{0EEB4E2D-7DB8-3855-87D8-66831CAB6FD6}.DebugGame|Win64.ActiveCfg = Development|Any CPU
		{0EEB4E2D-7DB8-3855-87D8-66831CAB6FD6}.DebugGame|Win64.Build.0 = Development|Any CPU
		{0EEB4E2D-7DB8-3855-87D8-66831CAB6FD6}.Development Editor|Win64.ActiveCfg = Development|Any CPU
		{0EEB4E2D-7DB8-3855-87D8-66831CAB6FD6}.Development Editor|Win64.Build.0 = Development|Any CPU
		{0EEB4E2D-7DB8-3855-87D8-66831CAB6FD6}.Development|Win64.ActiveCfg = Development|Any CPU
		{0EEB4E2D-7DB8-3855-87D8-66831CAB6FD6}.Development|Win64.Build.0 = Development|Any CPU
		{0EEB4E2D-7DB8-3855-87D8-66831CAB6FD6}.Shipping|Win64.ActiveCfg = Development|Any CPU
		{0EEB4E2D-7DB8-3855-87D8-66831CAB6FD6}.Shipping|Win64.Build.0 = Development|Any CPU
		{0810A002-1ADC-3306-89D5-C9548516763B}.DebugGame Editor|Win64.ActiveCfg = Development|Any CPU
		{0810A002-1ADC-3306-89D5-C9548516763B}.DebugGame Editor|Win64.Build.0 = Development|Any CPU
		{0810A002-1ADC-3306-89D5-C9548516763B}.DebugGame|Win64.ActiveCfg = Development|Any CPU
		{0810A002-1ADC-3306-89D5-C9548516763B}.DebugGame|Win64.Build.0 = Development|Any CPU
		{0810A002-1ADC-3306-89D5-C9548516763B}.Development Editor|Win64.ActiveCfg = Development|Any CPU
		{0810A002-1ADC-3306-89D5-C9548516763B}.Development Editor|Win64.Build.0 = Development|Any CPU
		{0810A002-1ADC-3306-89D5-C9548516763B}.Development|Win64.ActiveCfg = Development|Any CPU
		{0810A002-1ADC-3306-89D5-C9548516763B}.Development|Win64.Build.0 = Development|Any CPU
		{0810A002-1ADC-3306-89D5-C9548516763B}.Shipping|Win64.ActiveCfg = Development|Any CPU
		{0810A002-1ADC-3306-89D5-C9548516763B}.Shipping|Win64.Build.0 = Development|Any CPU
		{A76D517F-6F56-3A06-BE82-16321B4DFD51}.DebugGame Editor|Win64.ActiveCfg = Development|Any CPU
		{A76D517F-6F56-3A06-BE82-16321B4DFD51}.DebugGame Editor|Win64.Build.0 = Development|Any CPU
		{A76D517F-6F56-3A06-BE82-16321B4DFD51}.DebugGame|Win64.ActiveCfg = Development|Any CPU
		{A76D517F-6F56-3A06-BE82-16321B4DFD51}.DebugGame|Win64.Build.0 = Development|Any CPU
		{A76D517F-6F56-3A06-BE82-16321B4DFD51}.Development Editor|Win64.ActiveCfg = Development|Any CPU
		{A76D517F-6F56-3A06-BE82-16321B4DFD51}.Development Editor|Win64.Build.0 = Development|Any CPU
		{A76D517F-6F56-3A06-BE82-16321B4DFD51}.Development|Win64.ActiveCfg = Development|Any CPU
		{A76D517F-6F56-3A06-BE82-16321B4DFD51}.Development|Win64.Build.0 = Development|Any CPU
		{A76D517F-6F56-3A06-BE82-16321B4DFD51}.Shipping|Win64.ActiveCfg = Development|Any CPU
		{A76D517F-6F56-3A06-BE82-16321B4DFD51}.Shipping|Win64.Build.0 = Development|Any CPU
		{AB5C82A2-28CC-3D30-9945-8F8ED380F198}.DebugGame Editor|Win64.ActiveCfg = Development|Any CPU
		{AB5C82A2-28CC-3D30-9945-8F8ED380F198}.DebugGame Editor|Win64.Build.0 = Development|Any CPU
		{AB5C82A2-28CC-3D30-9945-8F8ED380F198}.DebugGame|Win64.ActiveCfg = Development|Any CPU
		{AB5C82A2-28CC-3D30-9945-8F8ED380F198}.DebugGame|Win64.Build.0 = Development|Any CPU
		{AB5C82A2-28CC-3D30-9945-8F8ED380F198}.Development Editor|Win64.ActiveCfg = Development|Any CPU
		{AB5C82A2-28CC-3D30-9945-8F8ED380F198}.Development Editor|Win64.Build.0 = Development|Any CPU
		{AB5C82A2-28CC-3D30-9945-8F8ED380F198}.Development|Win64.ActiveCfg = Development|Any CPU
		{AB5C82A2-28CC-3D30-9945-8F8ED380F198}.Development|Win64.Build.0 = Development|Any CPU
		{AB5C82A2-28CC-3D30-9945-8F8ED380F198}.Shipping|Win64.ActiveCfg = Development|Any CPU
		{AB5C82A2-28CC-3D30-9945-8F8ED380F198}.Shipping|Win64.Build.0 = Development|Any CPU
		{79377D22-7644-39BC-BB2A-2B5E40EA8ADC}.DebugGame Editor|Win64.ActiveCfg = Development|Any CPU
		{79377D22-7644-39BC-BB2A-2B5E40EA8ADC}.DebugGame Editor|Win64.Build.0 = Development|Any CPU
		{79377D22-7644-39BC-BB2A-2B5E40EA8ADC}.DebugGame|Win64.ActiveCfg = Development|Any CPU
		{79377D22-7644-39BC-BB2A-2B5E40EA8ADC}.DebugGame|Win64.Build.0 = Development|Any CPU
		{79377D22-7644-39BC-BB2A-2B5E40EA8ADC}.Development Editor|Win64.ActiveCfg = Development|Any CPU
		{79377D22-7644-39BC-BB2A-2B5E40EA8ADC}.Development Editor|Win64.Build.0 = Development|Any CPU
		{79377D22-7644-39BC-BB2A-2B5E40EA8ADC}.Development|Win64.ActiveCfg = Development|Any CPU
		{79377D22-7644-39BC-BB2A-2B5E40EA8ADC}.Development|Win64.Build.0 = Development|Any CPU
		{79377D22-7644-39BC-BB2A-2B5E40EA8ADC}.Shipping|Win64.ActiveCfg = Development|Any CPU
		{79377D22-7644-39BC-BB2A-2B5E40EA8ADC}.Shipping|Win64.Build.0 = Development|Any CPU
		{9DE392C5-9A1C-338E-B233-14BCA2C23A4B}.DebugGame Editor|Win64.ActiveCfg = Development|Any CPU
		{9DE392C5-9A1C-338E-B233-14BCA2C23A4B}.DebugGame Editor|Win64.Build.0 = Development|Any CPU
		{9DE392C5-9A1C-338E-B233-14BCA2C23A4B}.DebugGame|Win64.ActiveCfg = Development|Any CPU
		{9DE392C5-9A1C-338E-B233-14BCA2C23A4B}.DebugGame|Win64.Build.0 = Development|Any CPU
		{9DE392C5-9A1C-338E-B233-14BCA2C23A4B}.Development Editor|Win64.ActiveCfg = Development|Any CPU
		{9DE392C5-9A1C-338E-B233-14BCA2C23A4B}.Development Editor|Win64.Build.0 = Development|Any CPU
		{9DE392C5-9A1C-338E-B233-14BCA2C23A4B}.Development|Win64.ActiveCfg = Development|Any CPU
		{9DE392C5-9A1C-338E-B233-14BCA2C23A4B}.Development|Win64.Build.0 = Development|Any CPU
		{9DE392C5-9A1C-338E-B233-14BCA2C23A4B}.Shipping|Win64.ActiveCfg = Development|Any CPU
		{9DE392C5-9A1C-338E-B233-14BCA2C23A4B}.Shipping|Win64.Build.0 = Development|Any CPU
		{4A57D230-139D-303B-9142-B657465A1670}.DebugGame Editor|Win64.ActiveCfg = Development|Any CPU
		{4A57D230-139D-303B-9142-B657465A1670}.DebugGame Editor|Win64.Build.0 = Development|Any CPU
		{4A57D230-139D-303B-9142-B657465A1670}.DebugGame|Win64.ActiveCfg = Development|Any CPU
		{4A57D230-139D-303B-9142-B657465A1670}.DebugGame|Win64.Build.0 = Development|Any CPU
		{4A57D230-139D-303B-9142-B657465A1670}.Development Editor|Win64.ActiveCfg = Development|Any CPU
		{4A57D230-139D-303B-9142-B657465A1670}.Development Editor|Win64.Build.0 = Development|Any CPU
		{4A57D230-139D-303B-9142-B657465A1670}.Development|Win64.ActiveCfg = Development|Any CPU
		{4A57D230-139D-303B-9142-B657465A1670}.Development|Win64.Build.0 = Development|Any CPU
		{4A57D230-139D-303B-9142-B657465A1670}.Shipping|Win64.ActiveCfg = Development|Any CPU
		{4A57D230-139D-303B-9142-B657465A1670}.Shipping|Win64.Build.0 = Development|Any CPU
		{6B9CFAF6-215E-3747-9151-722E7135C12A}.DebugGame Editor|Win64.ActiveCfg = Development|Any CPU
		{6B9CFAF6-215E-3747-9151-722E7135C12A}.DebugGame Editor|Win64.Build.0 = Development|Any CPU
		{6B9CFAF6-215E-3747-9151-722E7135C12A}.DebugGame|Win64.ActiveCfg = Development|Any CPU
		{6B9CFAF6-215E-3747-9151-722E7135C12A}.DebugGame|Win64.Build.0 = Development|Any CPU
		{6B9CFAF6-215E-3747-9151-722E7135C12A}.Development Editor|Win64.ActiveCfg = Development|Any CPU
		{6B9CFAF6-215E-3747-9151-722E7135C12A}.Development Editor|Win64.Build.0 = Development|Any CPU
		{6B9CFAF6-215E-3747-9151-722E7135C12A}.Development|Win64.ActiveCfg = Development|Any CPU
		{6B9CFAF6-215E-3747-9151-722E7135C12A}.Development|Win64.Build.0 = Development|Any CPU
		{6B9CFAF6-215E-3747-9151-722E7135C12A}.Shipping|Win64.ActiveCfg = Development|Any CPU
		{6B9CFAF6-215E-3747-9151-722E7135C12A}.Shipping|Win64.Build.0 = Development|Any CPU
		{2D2C6ABC-6E1A-3539-8B87-EA8F426E3CDE}.DebugGame Editor|Win64.ActiveCfg = Development|Any CPU
		{2D2C6ABC-6E1A-3539-8B87-EA8F426E3CDE}.DebugGame Editor|Win64.Build.0 = Development|Any CPU
		{2D2C6ABC-6E1A-3539-8B87-EA8F426E3CDE}.DebugGame|Win64.ActiveCfg = Development|Any CPU
		{2D2C6ABC-6E1A-3539-8B87-EA8F426E3CDE}.DebugGame|Win64.Build.0 = Development|Any CPU
		{2D2C6ABC-6E1A-3539-8B87-EA8F426E3CDE}.Development Editor|Win64.ActiveCfg = Development|Any CPU
		{2D2C6ABC-6E1A-3539-8B87-EA8F426E3CDE}.Development Editor|Win64.Build.0 = Development|Any CPU
		{2D2C6ABC-6E1A-3539-8B87-EA8F426E3CDE}.Development|Win64.ActiveCfg = Development|Any CPU
		{2D2C6ABC-6E1A-3539-8B87-EA8F426E3CDE}.Development|Win64.Build.0 = Development|Any CPU
		{2D2C6ABC-6E1A-3539-8B87-EA8F426E3CDE}.Shipping|Win64.ActiveCfg = Development|Any CPU
		{2D2C6ABC-6E1A-3539-8B87-EA8F426E3CDE}.Shipping|Win64.Build.0 = Development|Any CPU
		{554C2EB3-E692-366A-A7A7-DB85BBB84801}.DebugGame Editor|Win64.ActiveCfg = Development|Any CPU
		{554C2EB3-E692-366A-A7A7-DB85BBB84801}.DebugGame Editor|Win64.Build.0 = Development|Any CPU
		{554C2EB3-E692-366A-A7A7-DB85BBB84801}.DebugGame|Win64.ActiveCfg = Development|Any CPU
		{554C2EB3-E692-366A-A7A7-DB85BBB84801}.DebugGame|Win64.Build.0 = Development|Any CPU
		{554C2EB3-E692-366A-A7A7-DB85BBB84801}.Development Editor|Win64.ActiveCfg = Development|Any CPU
		{554C2EB3-E692-366A-A7A7-DB85BBB84801}.Development Editor|Win64.Build.0 = Development|Any CPU
		{554C2EB3-E692-366A-A7A7-DB85BBB84801}.Development|Win64.ActiveCfg = Development|Any CPU
		{554C2EB3-E692-366A-A7A7-DB85BBB84801}.Development|Win64.Build.0 = Development|Any CPU
		{554C2EB3-E692-366A-A7A7-DB85BBB84801}.Shipping|Win64.ActiveCfg = Development|Any CPU
		{554C2EB3-E692-366A-A7A7-DB85BBB84801}.Shipping|Win64.Build.0 = Development|Any CPU
		{CDBFD0C6-EFD2-37A0-A7B2-6D41553DEFD0}.DebugGame Editor|Win64.ActiveCfg = Development|Any CPU
		{CDBFD0C6-EFD2-37A0-A7B2-6D41553DEFD0}.DebugGame Editor|Win64.Build.0 = Development|Any CPU
		{CDBFD0C6-EFD2-37A0-A7B2-6D41553DEFD0}.DebugGame|Win64.ActiveCfg = Development|Any CPU
		{CDBFD0C6-EFD2-37A0-A7B2-6D41553DEFD0}.DebugGame|Win64.Build.0 = Development|Any CPU
		{CDBFD0C6-EFD2-37A0-A7B2-6D41553DEFD0}.Development Editor|Win64.ActiveCfg = Development|Any CPU
		{CDBFD0C6-EFD2-37A0-A7B2-6D41553DEFD0}.Development Editor|Win64.Build.0 = Development|Any CPU
		{CDBFD0C6-EFD2-37A0-A7B2-6D41553DEFD0}.Development|Win64.ActiveCfg = Development|Any CPU
		{CDBFD0C6-EFD2-37A0-A7B2-6D41553DEFD0}.Development|Win64.Build.0 = Development|Any CPU
		{CDBFD0C6-EFD2-37A0-A7B2-6D41553DEFD0}.Shipping|Win64.ActiveCfg = Development|Any CPU
		{CDBFD0C6-EFD2-37A0-A7B2-6D41553DEFD0}.Shipping|Win64.Build.0 = Development|Any CPU
		{C4E0402A-484C-3892-BBF5-04ED00D66773}.DebugGame Editor|Win64.ActiveCfg = Development|Any CPU
		{C4E0402A-484C-3892-BBF5-04ED00D66773}.DebugGame Editor|Win64.Build.0 = Development|Any CPU
		{C4E0402A-484C-3892-BBF5-04ED00D66773}.DebugGame|Win64.ActiveCfg = Development|Any CPU
		{C4E0402A-484C-3892-BBF5-04ED00D66773}.DebugGame|Win64.Build.0 = Development|Any CPU
		{C4E0402A-484C-3892-BBF5-04ED00D66773}.Development Editor|Win64.ActiveCfg = Development|Any CPU
		{C4E0402A-484C-3892-BBF5-04ED00D66773}.Development Editor|Win64.Build.0 = Development|Any CPU
		{C4E0402A-484C-3892-BBF5-04ED00D66773}.Development|Win64.ActiveCfg = Development|Any CPU
		{C4E0402A-484C-3892-BBF5-04ED00D66773}.Development|Win64.Build.0 = Development|Any CPU
		{C4E0402A-484C-3892-BBF5-04ED00D66773}.Shipping|Win64.ActiveCfg = Development|Any CPU
		{C4E0402A-484C-3892-BBF5-04ED00D66773}.Shipping|Win64.Build.0 = Development|Any CPU
		{C0CEF9D9-CECA-32B4-87AA-303008BFCC3E}.DebugGame Editor|Win64.ActiveCfg = Development|Any CPU
		{C0CEF9D9-CECA-32B4-87AA-303008BFCC3E}.DebugGame Editor|Win64.Build.0 = Development|Any CPU
		{C0CEF9D9-CECA-32B4-87AA-303008BFCC3E}.DebugGame|Win64.ActiveCfg = Development|Any CPU
		{C0CEF9D9-CECA-32B4-87AA-303008BFCC3E}.DebugGame|Win64.Build.0 = Development|Any CPU
		{C0CEF9D9-CECA-32B4-87AA-303008BFCC3E}.Development Editor|Win64.ActiveCfg = Development|Any CPU
		{C0CEF9D9-CECA-32B4-87AA-303008BFCC3E}.Development Editor|Win64.Build.0 = Development|Any CPU
		{C0CEF9D9-CECA-32B4-87AA-303008BFCC3E}.Development|Win64.ActiveCfg = Development|Any CPU
		{C0CEF9D9-CECA-32B4-87AA-303008BFCC3E}.Development|Win64.Build.0 = Development|Any CPU
		{C0CEF9D9-CECA-32B4-87AA-303008BFCC3E}.Shipping|Win64.ActiveCfg = Development|Any CPU
		{C0CEF9D9-CECA-32B4-87AA-303008BFCC3E}.Shipping|Win64.Build.0 = Development|Any CPU
		{86EDD4CB-ADF3-3ED9-8F0B-6C69A1C01726}.DebugGame Editor|Win64.ActiveCfg = Development|Any CPU
		{86EDD4CB-ADF3-3ED9-8F0B-6C69A1C01726}.DebugGame Editor|Win64.Build.0 = Development|Any CPU
		{86EDD4CB-ADF3-3ED9-8F0B-6C69A1C01726}.DebugGame|Win64.ActiveCfg = Development|Any CPU
		{86EDD4CB-ADF3-3ED9-8F0B-6C69A1C01726}.DebugGame|Win64.Build.0 = Development|Any CPU
		{86EDD4CB-ADF3-3ED9-8F0B-6C69A1C01726}.Development Editor|Win64.ActiveCfg = Development|Any CPU
		{86EDD4CB-ADF3-3ED9-8F0B-6C69A1C01726}.Development Editor|Win64.Build.0 = Development|Any CPU
		{86EDD4CB-ADF3-3ED9-8F0B-6C69A1C01726}.Development|Win64.ActiveCfg = Development|Any CPU
		{86EDD4CB-ADF3-3ED9-8F0B-6C69A1C01726}.Development|Win64.Build.0 = Development|Any CPU
		{86EDD4CB-ADF3-3ED9-8F0B-6C69A1C01726}.Shipping|Win64.ActiveCfg = Development|Any CPU
		{86EDD4CB-ADF3-3ED9-8F0B-6C69A1C01726}.Shipping|Win64.Build.0 = Development|Any CPU
		{6E06AD4C-3266-325F-9B96-CF96CDAD956A}.DebugGame Editor|Win64.ActiveCfg = Development|Any CPU
		{6E06AD4C-3266-325F-9B96-CF96CDAD956A}.DebugGame Editor|Win64.Build.0 = Development|Any CPU
		{6E06AD4C-3266-325F-9B96-CF96CDAD956A}.DebugGame|Win64.ActiveCfg = Development|Any CPU
		{6E06AD4C-3266-325F-9B96-CF96CDAD956A}.DebugGame|Win64.Build.0 = Development|Any CPU
		{6E06AD4C-3266-325F-9B96-CF96CDAD956A}.Development Editor|Win64.ActiveCfg = Development|Any CPU
		{6E06AD4C-3266-325F-9B96-CF96CDAD956A}.Development Editor|Win64.Build.0 = Development|Any CPU
		{6E06AD4C-3266-325F-9B96-CF96CDAD956A}.Development|Win64.ActiveCfg = Development|Any CPU
		{6E06AD4C-3266-325F-9B96-CF96CDAD956A}.Development|Win64.Build.0 = Development|Any CPU
		{6E06AD4C-3266-325F-9B96-CF96CDAD956A}.Shipping|Win64.ActiveCfg = Development|Any CPU
		{6E06AD4C-3266-325F-9B96-CF96CDAD956A}.Shipping|Win64.Build.0 = Development|Any CPU
		{804022CC-66A4-3993-A286-75B3DFC937A2}.DebugGame Editor|Win64.ActiveCfg = Development|Any CPU
		{804022CC-66A4-3993-A286-75B3DFC937A2}.DebugGame Editor|Win64.Build.0 = Development|Any CPU
		{804022CC-66A4-3993-A286-75B3DFC937A2}.DebugGame|Win64.ActiveCfg = Development|Any CPU
		{804022CC-66A4-3993-A286-75B3DFC937A2}.DebugGame|Win64.Build.0 = Development|Any CPU
		{804022CC-66A4-3993-A286-75B3DFC937A2}.Development Editor|Win64.ActiveCfg = Development|Any CPU
		{804022CC-66A4-3993-A286-75B3DFC937A2}.Development Editor|Win64.Build.0 = Development|Any CPU
		{804022CC-66A4-3993-A286-75B3DFC937A2}.Development|Win64.ActiveCfg = Development|Any CPU
		{804022CC-66A4-3993-A286-75B3DFC937A2}.Development|Win64.Build.0 = Development|Any CPU
		{804022CC-66A4-3993-A286-75B3DFC937A2}.Shipping|Win64.ActiveCfg = Development|Any CPU
		{804022CC-66A4-3993-A286-75B3DFC937A2}.Shipping|Win64.Build.0 = Development|Any CPU
		{86D506FE-2D8E-3E6D-8A06-AF3F77DCE1EB}.DebugGame Editor|Win64.ActiveCfg = Development|Any CPU
		{86D506FE-2D8E-3E6D-8A06-AF3F77DCE1EB}.DebugGame Editor|Win64.Build.0 = Development|Any CPU
		{86D506FE-2D8E-3E6D-8A06-AF3F77DCE1EB}.DebugGame|Win64.ActiveCfg = Development|Any CPU
		{86D506FE-2D8E-3E6D-8A06-AF3F77DCE1EB}.DebugGame|Win64.Build.0 = Development|Any CPU
		{86D506FE-2D8E-3E6D-8A06-AF3F77DCE1EB}.Development Editor|Win64.ActiveCfg = Development|Any CPU
		{86D506FE-2D8E-3E6D-8A06-AF3F77DCE1EB}.Development Editor|Win64.Build.0 = Development|Any CPU
		{86D506FE-2D8E-3E6D-8A06-AF3F77DCE1EB}.Development|Win64.ActiveCfg = Development|Any CPU
		{86D506FE-2D8E-3E6D-8A06-AF3F77DCE1EB}.Development|Win64.Build.0 = Development|Any CPU
		{86D506FE-2D8E-3E6D-8A06-AF3F77DCE1EB}.Shipping|Win64.ActiveCfg = Development|Any CPU
		{86D506FE-2D8E-3E6D-8A06-AF3F77DCE1EB}.Shipping|Win64.Build.0 = Development|Any CPU
		{4E27B922-3173-3A6E-873F-90EB29A93812}.DebugGame Editor|Win64.ActiveCfg = Development|Any CPU
		{4E27B922-3173-3A6E-873F-90EB29A93812}.DebugGame Editor|Win64.Build.0 = Development|Any CPU
		{4E27B922-3173-3A6E-873F-90EB29A93812}.DebugGame|Win64.ActiveCfg = Development|Any CPU
		{4E27B922-3173-3A6E-873F-90EB29A93812}.DebugGame|Win64.Build.0 = Development|Any CPU
		{4E27B922-3173-3A6E-873F-90EB29A93812}.Development Editor|Win64.ActiveCfg = Development|Any CPU
		{4E27B922-3173-3A6E-873F-90EB29A93812}.Development Editor|Win64.Build.0 = Development|Any CPU
		{4E27B922-3173-3A6E-873F-90EB29A93812}.Development|Win64.ActiveCfg = Development|Any CPU
		{4E27B922-3173-3A6E-873F-90EB29A93812}.Development|Win64.Build.0 = Development|Any CPU
		{4E27B922-3173-3A6E-873F-90EB29A93812}.Shipping|Win64.ActiveCfg = Development|Any CPU
		{4E27B922-3173-3A6E-873F-90EB29A93812}.Shipping|Win64.Build.0 = Development|Any CPU
		{D0D2512A-211C-3C81-882F-A37B41A759D9}.DebugGame Editor|Win64.ActiveCfg = Development|Any CPU
		{D0D2512A-211C-3C81-882F-A37B41A759D9}.DebugGame Editor|Win64.Build.0 = Development|Any CPU
		{D0D2512A-211C-3C81-882F-A37B41A759D9}.DebugGame|Win64.ActiveCfg = Development|Any CPU
		{D0D2512A-211C-3C81-882F-A37B41A759D9}.DebugGame|Win64.Build.0 = Development|Any CPU
		{D0D2512A-211C-3C81-882F-A37B41A759D9}.Development Editor|Win64.ActiveCfg = Development|Any CPU
		{D0D2512A-211C-3C81-882F-A37B41A759D9}.Development Editor|Win64.Build.0 = Development|Any CPU
		{D0D2512A-211C-3C81-882F-A37B41A759D9}.Development|Win64.ActiveCfg = Development|Any CPU
		{D0D2512A-211C-3C81-882F-A37B41A759D9}.Development|Win64.Build.0 = Development|Any CPU
		{D0D2512A-211C-3C81-882F-A37B41A759D9}.Shipping|Win64.ActiveCfg = Development|Any CPU
		{D0D2512A-211C-3C81-882F-A37B41A759D9}.Shipping|Win64.Build.0 = Development|Any CPU
		{7543F670-6F36-3C09-AF5C-4010F1981FEC}.DebugGame Editor|Win64.ActiveCfg = Development|Any CPU
		{7543F670-6F36-3C09-AF5C-4010F1981FEC}.DebugGame Editor|Win64.Build.0 = Development|Any CPU
		{7543F670-6F36-3C09-AF5C-4010F1981FEC}.DebugGame|Win64.ActiveCfg = Development|Any CPU
		{7543F670-6F36-3C09-AF5C-4010F1981FEC}.DebugGame|Win64.Build.0 = Development|Any CPU
		{7543F670-6F36-3C09-AF5C-4010F1981FEC}.Development Editor|Win64.ActiveCfg = Development|Any CPU
		{7543F670-6F36-3C09-AF5C-4010F1981FEC}.Development Editor|Win64.Build.0 = Development|Any CPU
		{7543F670-6F36-3C09-AF5C-4010F1981FEC}.Development|Win64.ActiveCfg = Development|Any CPU
		{7543F670-6F36-3C09-AF5C-4010F1981FEC}.Development|Win64.Build.0 = Development|Any CPU
		{7543F670-6F36-3C09-AF5C-4010F1981FEC}.Shipping|Win64.ActiveCfg = Development|Any CPU
		{7543F670-6F36-3C09-AF5C-4010F1981FEC}.Shipping|Win64.Build.0 = Development|Any CPU
		{D9BD1DB7-7A23-3C91-8A72-D3604C093931}.DebugGame Editor|Win64.ActiveCfg = Development|Any CPU
		{D9BD1DB7-7A23-3C91-8A72-D3604C093931}.DebugGame Editor|Win64.Build.0 = Development|Any CPU
		{D9BD1DB7-7A23-3C91-8A72-D3604C093931}.DebugGame|Win64.ActiveCfg = Development|Any CPU
		{D9BD1DB7-7A23-3C91-8A72-D3604C093931}.DebugGame|Win64.Build.0 = Development|Any CPU
		{D9BD1DB7-7A23-3C91-8A72-D3604C093931}.Development Editor|Win64.ActiveCfg = Development|Any CPU
		{D9BD1DB7-7A23-3C91-8A72-D3604C093931}.Development Editor|Win64.Build.0 = Development|Any CPU
		{D9BD1DB7-7A23-3C91-8A72-D3604C093931}.Development|Win64.ActiveCfg = Development|Any CPU
		{D9BD1DB7-7A23-3C91-8A72-D3604C093931}.Development|Win64.Build.0 = Development|Any CPU
		{D9BD1DB7-7A23-3C91-8A72-D3604C093931}.Shipping|Win64.ActiveCfg = Development|Any CPU
		{D9BD1DB7-7A23-3C91-8A72-D3604C093931}.Shipping|Win64.Build.0 = Development|Any CPU
		{50279D49-161A-31FD-9077-3A00810621E9}.DebugGame Editor|Win64.ActiveCfg = Development|Any CPU
		{50279D49-161A-31FD-9077-3A00810621E9}.DebugGame Editor|Win64.Build.0 = Development|Any CPU
		{50279D49-161A-31FD-9077-3A00810621E9}.DebugGame|Win64.ActiveCfg = Development|Any CPU
		{50279D49-161A-31FD-9077-3A00810621E9}.DebugGame|Win64.Build.0 = Development|Any CPU
		{50279D49-161A-31FD-9077-3A00810621E9}.Development Editor|Win64.ActiveCfg = Development|Any CPU
		{50279D49-161A-31FD-9077-3A00810621E9}.Development Editor|Win64.Build.0 = Development|Any CPU
		{50279D49-161A-31FD-9077-3A00810621E9}.Development|Win64.ActiveCfg = Development|Any CPU
		{50279D49-161A-31FD-9077-3A00810621E9}.Development|Win64.Build.0 = Development|Any CPU
		{50279D49-161A-31FD-9077-3A00810621E9}.Shipping|Win64.ActiveCfg = Development|Any CPU
		{50279D49-161A-31FD-9077-3A00810621E9}.Shipping|Win64.Build.0 = Development|Any CPU
		{D2F22D78-3A7B-3A8F-B058-64CDE988D32B}.DebugGame Editor|Win64.ActiveCfg = Development|Any CPU
		{D2F22D78-3A7B-3A8F-B058-64CDE988D32B}.DebugGame Editor|Win64.Build.0 = Development|Any CPU
		{D2F22D78-3A7B-3A8F-B058-64CDE988D32B}.DebugGame|Win64.ActiveCfg = Development|Any CPU
		{D2F22D78-3A7B-3A8F-B058-64CDE988D32B}.DebugGame|Win64.Build.0 = Development|Any CPU
		{D2F22D78-3A7B-3A8F-B058-64CDE988D32B}.Development Editor|Win64.ActiveCfg = Development|Any CPU
		{D2F22D78-3A7B-3A8F-B058-64CDE988D32B}.Development Editor|Win64.Build.0 = Development|Any CPU
		{D2F22D78-3A7B-3A8F-B058-64CDE988D32B}.Development|Win64.ActiveCfg = Development|Any CPU
		{D2F22D78-3A7B-3A8F-B058-64CDE988D32B}.Development|Win64.Build.0 = Development|Any CPU
		{D2F22D78-3A7B-3A8F-B058-64CDE988D32B}.Shipping|Win64.ActiveCfg = Development|Any CPU
		{D2F22D78-3A7B-3A8F-B058-64CDE988D32B}.Shipping|Win64.Build.0 = Development|Any CPU
		{32A10EEF-7334-370C-AEC9-56E1225DA46F}.DebugGame Editor|Win64.ActiveCfg = Development|Any CPU
		{32A10EEF-7334-370C-AEC9-56E1225DA46F}.DebugGame Editor|Win64.Build.0 = Development|Any CPU
		{32A10EEF-7334-370C-AEC9-56E1225DA46F}.DebugGame|Win64.ActiveCfg = Development|Any CPU
		{32A10EEF-7334-370C-AEC9-56E1225DA46F}.DebugGame|Win64.Build.0 = Development|Any CPU
		{32A10EEF-7334-370C-AEC9-56E1225DA46F}.Development Editor|Win64.ActiveCfg = Development|Any CPU
		{32A10EEF-7334-370C-AEC9-56E1225DA46F}.Development Editor|Win64.Build.0 = Development|Any CPU
		{32A10EEF-7334-370C-AEC9-56E1225DA46F}.Development|Win64.ActiveCfg = Development|Any CPU
		{32A10EEF-7334-370C-AEC9-56E1225DA46F}.Development|Win64.Build.0 = Development|Any CPU
		{32A10EEF-7334-370C-AEC9-56E1225DA46F}.Shipping|Win64.ActiveCfg = Development|Any CPU
		{32A10EEF-7334-370C-AEC9-56E1225DA46F}.Shipping|Win64.Build.0 = Development|Any CPU
		{F1B6EE42-E42E-309D-83BC-DDEF9DF379E8}.DebugGame Editor|Win64.ActiveCfg = Development|Any CPU
		{F1B6EE42-E42E-309D-83BC-DDEF9DF379E8}.DebugGame Editor|Win64.Build.0 = Development|Any CPU
		{F1B6EE42-E42E-309D-83BC-DDEF9DF379E8}.DebugGame|Win64.ActiveCfg = Development|Any CPU
		{F1B6EE42-E42E-309D-83BC-DDEF9DF379E8}.DebugGame|Win64.Build.0 = Development|Any CPU
		{F1B6EE42-E42E-309D-83BC-DDEF9DF379E8}.Development Editor|Win64.ActiveCfg = Development|Any CPU
		{F1B6EE42-E42E-309D-83BC-DDEF9DF379E8}.Development Editor|Win64.Build.0 = Development|Any CPU
		{F1B6EE42-E42E-309D-83BC-DDEF9DF379E8}.Development|Win64.ActiveCfg = Development|Any CPU
		{F1B6EE42-E42E-309D-83BC-DDEF9DF379E8}.Development|Win64.Build.0 = Development|Any CPU
		{F1B6EE42-E42E-309D-83BC-DDEF9DF379E8}.Shipping|Win64.ActiveCfg = Development|Any CPU
		{F1B6EE42-E42E-309D-83BC-DDEF9DF379E8}.Shipping|Win64.Build.0 = Development|Any CPU
		{33B7C0FC-A17C-33E5-992F-2044F144BFF4}.DebugGame Editor|Win64.ActiveCfg = Development|Any CPU
		{33B7C0FC-A17C-33E5-992F-2044F144BFF4}.DebugGame Editor|Win64.Build.0 = Development|Any CPU
		{33B7C0FC-A17C-33E5-992F-2044F144BFF4}.DebugGame|Win64.ActiveCfg = Development|Any CPU
		{33B7C0FC-A17C-33E5-992F-2044F144BFF4}.DebugGame|Win64.Build.0 = Development|Any CPU
		{33B7C0FC-A17C-33E5-992F-2044F144BFF4}.Development Editor|Win64.ActiveCfg = Development|Any CPU
		{33B7C0FC-A17C-33E5-992F-2044F144BFF4}.Development Editor|Win64.Build.0 = Development|Any CPU
		{33B7C0FC-A17C-33E5-992F-2044F144BFF4}.Development|Win64.ActiveCfg = Development|Any CPU
		{33B7C0FC-A17C-33E5-992F-2044F144BFF4}.Development|Win64.Build.0 = Development|Any CPU
		{33B7C0FC-A17C-33E5-992F-2044F144BFF4}.Shipping|Win64.ActiveCfg = Development|Any CPU
		{33B7C0FC-A17C-33E5-992F-2044F144BFF4}.Shipping|Win64.Build.0 = Development|Any CPU
		{D0FA957A-092F-3589-BE19-AD534846332E}.DebugGame Editor|Win64.ActiveCfg = Development|Any CPU
		{D0FA957A-092F-3589-BE19-AD534846332E}.DebugGame Editor|Win64.Build.0 = Development|Any CPU
		{D0FA957A-092F-3589-BE19-AD534846332E}.DebugGame|Win64.ActiveCfg = Development|Any CPU
		{D0FA957A-092F-3589-BE19-AD534846332E}.DebugGame|Win64.Build.0 = Development|Any CPU
		{D0FA957A-092F-3589-BE19-AD534846332E}.Development Editor|Win64.ActiveCfg = Development|Any CPU
		{D0FA957A-092F-3589-BE19-AD534846332E}.Development Editor|Win64.Build.0 = Development|Any CPU
		{D0FA957A-092F-3589-BE19-AD534846332E}.Development|Win64.ActiveCfg = Development|Any CPU
		{D0FA957A-092F-3589-BE19-AD534846332E}.Development|Win64.Build.0 = Development|Any CPU
		{D0FA957A-092F-3589-BE19-AD534846332E}.Shipping|Win64.ActiveCfg = Development|Any CPU
		{D0FA957A-092F-3589-BE19-AD534846332E}.Shipping|Win64.Build.0 = Development|Any CPU
		{D227430F-B08E-301B-AA74-D53197709EDB}.DebugGame Editor|Win64.ActiveCfg = Development|Any CPU
		{D227430F-B08E-301B-AA74-D53197709EDB}.DebugGame Editor|Win64.Build.0 = Development|Any CPU
		{D227430F-B08E-301B-AA74-D53197709EDB}.DebugGame|Win64.ActiveCfg = Development|Any CPU
		{D227430F-B08E-301B-AA74-D53197709EDB}.DebugGame|Win64.Build.0 = Development|Any CPU
		{D227430F-B08E-301B-AA74-D53197709EDB}.Development Editor|Win64.ActiveCfg = Development|Any CPU
		{D227430F-B08E-301B-AA74-D53197709EDB}.Development Editor|Win64.Build.0 = Development|Any CPU
		{D227430F-B08E-301B-AA74-D53197709EDB}.Development|Win64.ActiveCfg = Development|Any CPU
		{D227430F-B08E-301B-AA74-D53197709EDB}.Development|Win64.Build.0 = Development|Any CPU
		{D227430F-B08E-301B-AA74-D53197709EDB}.Shipping|Win64.ActiveCfg = Development|Any CPU
		{D227430F-B08E-301B-AA74-D53197709EDB}.Shipping|Win64.Build.0 = Development|Any CPU
		{6F5A58D9-7CD5-379D-AE84-CABF5770B8CF}.DebugGame Editor|Win64.ActiveCfg = Development|Any CPU
		{6F5A58D9-7CD5-379D-AE84-CABF5770B8CF}.DebugGame Editor|Win64.Build.0 = Development|Any CPU
		{6F5A58D9-7CD5-379D-AE84-CABF5770B8CF}.DebugGame|Win64.ActiveCfg = Development|Any CPU
		{6F5A58D9-7CD5-379D-AE84-CABF5770B8CF}.DebugGame|Win64.Build.0 = Development|Any CPU
		{6F5A58D9-7CD5-379D-AE84-CABF5770B8CF}.Development Editor|Win64.ActiveCfg = Development|Any CPU
		{6F5A58D9-7CD5-379D-AE84-CABF5770B8CF}.Development Editor|Win64.Build.0 = Development|Any CPU
		{6F5A58D9-7CD5-379D-AE84-CABF5770B8CF}.Development|Win64.ActiveCfg = Development|Any CPU
		{6F5A58D9-7CD5-379D-AE84-CABF5770B8CF}.Development|Win64.Build.0 = Development|Any CPU
		{6F5A58D9-7CD5-379D-AE84-CABF5770B8CF}.Shipping|Win64.ActiveCfg = Development|Any CPU
		{6F5A58D9-7CD5-379D-AE84-CABF5770B8CF}.Shipping|Win64.Build.0 = Development|Any CPU
		{C822FDE9-8A8B-33DA-AC55-C1D855321813}.DebugGame Editor|Win64.ActiveCfg = Development|Any CPU
		{C822FDE9-8A8B-33DA-AC55-C1D855321813}.DebugGame Editor|Win64.Build.0 = Development|Any CPU
		{C822FDE9-8A8B-33DA-AC55-C1D855321813}.DebugGame|Win64.ActiveCfg = Development|Any CPU
		{C822FDE9-8A8B-33DA-AC55-C1D855321813}.DebugGame|Win64.Build.0 = Development|Any CPU
		{C822FDE9-8A8B-33DA-AC55-C1D855321813}.Development Editor|Win64.ActiveCfg = Development|Any CPU
		{C822FDE9-8A8B-33DA-AC55-C1D855321813}.Development Editor|Win64.Build.0 = Development|Any CPU
		{C822FDE9-8A8B-33DA-AC55-C1D855321813}.Development|Win64.ActiveCfg = Development|Any CPU
		{C822FDE9-8A8B-33DA-AC55-C1D855321813}.Development|Win64.Build.0 = Development|Any CPU
		{C822FDE9-8A8B-33DA-AC55-C1D855321813}.Shipping|Win64.ActiveCfg = Development|Any CPU
		{C822FDE9-8A8B-33DA-AC55-C1D855321813}.Shipping|Win64.Build.0 = Development|Any CPU
		{E46D8840-EACE-3EE4-94CE-340A4D1775DF}.DebugGame Editor|Win64.ActiveCfg = Development|Any CPU
		{E46D8840-EACE-3EE4-94CE-340A4D1775DF}.DebugGame Editor|Win64.Build.0 = Development|Any CPU
		{E46D8840-EACE-3EE4-94CE-340A4D1775DF}.DebugGame|Win64.ActiveCfg = Development|Any CPU
		{E46D8840-EACE-3EE4-94CE-340A4D1775DF}.DebugGame|Win64.Build.0 = Development|Any CPU
		{E46D8840-EACE-3EE4-94CE-340A4D1775DF}.Development Editor|Win64.ActiveCfg = Development|Any CPU
		{E46D8840-EACE-3EE4-94CE-340A4D1775DF}.Development Editor|Win64.Build.0 = Development|Any CPU
		{E46D8840-EACE-3EE4-94CE-340A4D1775DF}.Development|Win64.ActiveCfg = Development|Any CPU
		{E46D8840-EACE-3EE4-94CE-340A4D1775DF}.Development|Win64.Build.0 = Development|Any CPU
		{E46D8840-EACE-3EE4-94CE-340A4D1775DF}.Shipping|Win64.ActiveCfg = Development|Any CPU
		{E46D8840-EACE-3EE4-94CE-340A4D1775DF}.Shipping|Win64.Build.0 = Development|Any CPU
		{AEE84960-8B21-39E9-BC7A-8A437541BFC7}.DebugGame Editor|Win64.ActiveCfg = Development|Any CPU
		{AEE84960-8B21-39E9-BC7A-8A437541BFC7}.DebugGame Editor|Win64.Build.0 = Development|Any CPU
		{AEE84960-8B21-39E9-BC7A-8A437541BFC7}.DebugGame|Win64.ActiveCfg = Development|Any CPU
		{AEE84960-8B21-39E9-BC7A-8A437541BFC7}.DebugGame|Win64.Build.0 = Development|Any CPU
		{AEE84960-8B21-39E9-BC7A-8A437541BFC7}.Development Editor|Win64.ActiveCfg = Development|Any CPU
		{AEE84960-8B21-39E9-BC7A-8A437541BFC7}.Development Editor|Win64.Build.0 = Development|Any CPU
		{AEE84960-8B21-39E9-BC7A-8A437541BFC7}.Development|Win64.ActiveCfg = Development|Any CPU
		{AEE84960-8B21-39E9-BC7A-8A437541BFC7}.Development|Win64.Build.0 = Development|Any CPU
		{AEE84960-8B21-39E9-BC7A-8A437541BFC7}.Shipping|Win64.ActiveCfg = Development|Any CPU
		{AEE84960-8B21-39E9-BC7A-8A437541BFC7}.Shipping|Win64.Build.0 = Development|Any CPU
		{7734102C-0708-3E2E-8FD6-5139D92DA894}.DebugGame Editor|Win64.ActiveCfg = Development|Any CPU
		{7734102C-0708-3E2E-8FD6-5139D92DA894}.DebugGame Editor|Win64.Build.0 = Development|Any CPU
		{7734102C-0708-3E2E-8FD6-5139D92DA894}.DebugGame|Win64.ActiveCfg = Development|Any CPU
		{7734102C-0708-3E2E-8FD6-5139D92DA894}.DebugGame|Win64.Build.0 = Development|Any CPU
		{7734102C-0708-3E2E-8FD6-5139D92DA894}.Development Editor|Win64.ActiveCfg = Development|Any CPU
		{7734102C-0708-3E2E-8FD6-5139D92DA894}.Development Editor|Win64.Build.0 = Development|Any CPU
		{7734102C-0708-3E2E-8FD6-5139D92DA894}.Development|Win64.ActiveCfg = Development|Any CPU
		{7734102C-0708-3E2E-8FD6-5139D92DA894}.Development|Win64.Build.0 = Development|Any CPU
		{7734102C-0708-3E2E-8FD6-5139D92DA894}.Shipping|Win64.ActiveCfg = Development|Any CPU
		{7734102C-0708-3E2E-8FD6-5139D92DA894}.Shipping|Win64.Build.0 = Development|Any CPU
		{357FAF76-2C9A-34D1-ADE9-253E509B3347}.DebugGame Editor|Win64.ActiveCfg = Development|Any CPU
		{357FAF76-2C9A-34D1-ADE9-253E509B3347}.DebugGame Editor|Win64.Build.0 = Development|Any CPU
		{357FAF76-2C9A-34D1-ADE9-253E509B3347}.DebugGame|Win64.ActiveCfg = Development|Any CPU
		{357FAF76-2C9A-34D1-ADE9-253E509B3347}.DebugGame|Win64.Build.0 = Development|Any CPU
		{357FAF76-2C9A-34D1-ADE9-253E509B3347}.Development Editor|Win64.ActiveCfg = Development|Any CPU
		{357FAF76-2C9A-34D1-ADE9-253E509B3347}.Development Editor|Win64.Build.0 = Development|Any CPU
		{357FAF76-2C9A-34D1-ADE9-253E509B3347}.Development|Win64.ActiveCfg = Development|Any CPU
		{357FAF76-2C9A-34D1-ADE9-253E509B3347}.Development|Win64.Build.0 = Development|Any CPU
		{357FAF76-2C9A-34D1-ADE9-253E509B3347}.Shipping|Win64.ActiveCfg = Development|Any CPU
		{357FAF76-2C9A-34D1-ADE9-253E509B3347}.Shipping|Win64.Build.0 = Development|Any CPU
		{797B415A-3CEB-3037-977C-F5112956CBC9}.DebugGame Editor|Win64.ActiveCfg = Development|Any CPU
		{797B415A-3CEB-3037-977C-F5112956CBC9}.DebugGame Editor|Win64.Build.0 = Development|Any CPU
		{797B415A-3CEB-3037-977C-F5112956CBC9}.DebugGame|Win64.ActiveCfg = Development|Any CPU
		{797B415A-3CEB-3037-977C-F5112956CBC9}.DebugGame|Win64.Build.0 = Development|Any CPU
		{797B415A-3CEB-3037-977C-F5112956CBC9}.Development Editor|Win64.ActiveCfg = Development|Any CPU
		{797B415A-3CEB-3037-977C-F5112956CBC9}.Development Editor|Win64.Build.0 = Development|Any CPU
		{797B415A-3CEB-3037-977C-F5112956CBC9}.Development|Win64.ActiveCfg = Development|Any CPU
		{797B415A-3CEB-3037-977C-F5112956CBC9}.Development|Win64.Build.0 = Development|Any CPU
		{797B415A-3CEB-3037-977C-F5112956CBC9}.Shipping|Win64.ActiveCfg = Development|Any CPU
		{797B415A-3CEB-3037-977C-F5112956CBC9}.Shipping|Win64.Build.0 = Development|Any CPU
		{3E6E48B2-9278-3C5E-A286-C88C258A27E1}.DebugGame Editor|Win64.ActiveCfg = Development|Any CPU
		{3E6E48B2-9278-3C5E-A286-C88C258A27E1}.DebugGame Editor|Win64.Build.0 = Development|Any CPU
		{3E6E48B2-9278-3C5E-A286-C88C258A27E1}.DebugGame|Win64.ActiveCfg = Development|Any CPU
		{3E6E48B2-9278-3C5E-A286-C88C258A27E1}.DebugGame|Win64.Build.0 = Development|Any CPU
		{3E6E48B2-9278-3C5E-A286-C88C258A27E1}.Development Editor|Win64.ActiveCfg = Development|Any CPU
		{3E6E48B2-9278-3C5E-A286-C88C258A27E1}.Development Editor|Win64.Build.0 = Development|Any CPU
		{3E6E48B2-9278-3C5E-A286-C88C258A27E1}.Development|Win64.ActiveCfg = Development|Any CPU
		{3E6E48B2-9278-3C5E-A286-C88C258A27E1}.Development|Win64.Build.0 = Development|Any CPU
		{3E6E48B2-9278-3C5E-A286-C88C258A27E1}.Shipping|Win64.ActiveCfg = Development|Any CPU
		{3E6E48B2-9278-3C5E-A286-C88C258A27E1}.Shipping|Win64.Build.0 = Development|Any CPU
		{BB32AE33-58EE-37C7-AAC8-10162A14273A}.DebugGame Editor|Win64.ActiveCfg = Development|Any CPU
		{BB32AE33-58EE-37C7-AAC8-10162A14273A}.DebugGame Editor|Win64.Build.0 = Development|Any CPU
		{BB32AE33-58EE-37C7-AAC8-10162A14273A}.DebugGame|Win64.ActiveCfg = Development|Any CPU
		{BB32AE33-58EE-37C7-AAC8-10162A14273A}.DebugGame|Win64.Build.0 = Development|Any CPU
		{BB32AE33-58EE-37C7-AAC8-10162A14273A}.Development Editor|Win64.ActiveCfg = Development|Any CPU
		{BB32AE33-58EE-37C7-AAC8-10162A14273A}.Development Editor|Win64.Build.0 = Development|Any CPU
		{BB32AE33-58EE-37C7-AAC8-10162A14273A}.Development|Win64.ActiveCfg = Development|Any CPU
		{BB32AE33-58EE-37C7-AAC8-10162A14273A}.Development|Win64.Build.0 = Development|Any CPU
		{BB32AE33-58EE-37C7-AAC8-10162A14273A}.Shipping|Win64.ActiveCfg = Development|Any CPU
		{BB32AE33-58EE-37C7-AAC8-10162A14273A}.Shipping|Win64.Build.0 = Development|Any CPU
		{7503271A-CA28-3239-8602-F52CCA7E2A1B}.DebugGame Editor|Win64.ActiveCfg = Development|Any CPU
		{7503271A-CA28-3239-8602-F52CCA7E2A1B}.DebugGame Editor|Win64.Build.0 = Development|Any CPU
		{7503271A-CA28-3239-8602-F52CCA7E2A1B}.DebugGame|Win64.ActiveCfg = Development|Any CPU
		{7503271A-CA28-3239-8602-F52CCA7E2A1B}.DebugGame|Win64.Build.0 = Development|Any CPU
		{7503271A-CA28-3239-8602-F52CCA7E2A1B}.Development Editor|Win64.ActiveCfg = Development|Any CPU
		{7503271A-CA28-3239-8602-F52CCA7E2A1B}.Development Editor|Win64.Build.0 = Development|Any CPU
		{7503271A-CA28-3239-8602-F52CCA7E2A1B}.Development|Win64.ActiveCfg = Development|Any CPU
		{7503271A-CA28-3239-8602-F52CCA7E2A1B}.Development|Win64.Build.0 = Development|Any CPU
		{7503271A-CA28-3239-8602-F52CCA7E2A1B}.Shipping|Win64.ActiveCfg = Development|Any CPU
		{7503271A-CA28-3239-8602-F52CCA7E2A1B}.Shipping|Win64.Build.0 = Development|Any CPU
		{CC342C76-5FDC-31C1-9A88-389832B45C48}.DebugGame Editor|Win64.ActiveCfg = Development|Any CPU
		{CC342C76-5FDC-31C1-9A88-389832B45C48}.DebugGame Editor|Win64.Build.0 = Development|Any CPU
		{CC342C76-5FDC-31C1-9A88-389832B45C48}.DebugGame|Win64.ActiveCfg = Development|Any CPU
		{CC342C76-5FDC-31C1-9A88-389832B45C48}.DebugGame|Win64.Build.0 = Development|Any CPU
		{CC342C76-5FDC-31C1-9A88-389832B45C48}.Development Editor|Win64.ActiveCfg = Development|Any CPU
		{CC342C76-5FDC-31C1-9A88-389832B45C48}.Development Editor|Win64.Build.0 = Development|Any CPU
		{CC342C76-5FDC-31C1-9A88-389832B45C48}.Development|Win64.ActiveCfg = Development|Any CPU
		{CC342C76-5FDC-31C1-9A88-389832B45C48}.Development|Win64.Build.0 = Development|Any CPU
		{CC342C76-5FDC-31C1-9A88-389832B45C48}.Shipping|Win64.ActiveCfg = Development|Any CPU
		{CC342C76-5FDC-31C1-9A88-389832B45C48}.Shipping|Win64.Build.0 = Development|Any CPU
	EndGlobalSection
	GlobalSection(SolutionProperties) = preSolution
		HideSolutionNode = FALSE
	EndGlobalSection
	GlobalSection(NestedProjects) = preSolution
		{E9E8FF93-FA62-3B54-80BD-BD168B9C9FD8} = {233774A8-CC9D-3FA9-86D1-90573E92B704}
		{B444F7B4-D714-30E9-BEBE-E06CFE3D3E35} = {DE1F8B53-6C02-3C13-9101-A7C8D96F3FF6}
		{666EDC70-24E0-3346-8B7A-4DD8D7D45C19} = {A338B9E2-A559-34BE-A46D-F789DD488FAD}
		{E467DF9B-7598-3B84-944D-33F50229E718} = {A338B9E2-A559-34BE-A46D-F789DD488FAD}
		{0BFBE63A-B98A-3411-8EEB-8918FEC737B3} = {A338B9E2-A559-34BE-A46D-F789DD488FAD}
		{7B5CFB44-F0FB-31DF-AE62-C3C096A29A7B} = {A338B9E2-A559-34BE-A46D-F789DD488FAD}
		{57713676-9DBE-331C-AD10-26632AC9EE0C} = {A338B9E2-A559-34BE-A46D-F789DD488FAD}
		{CEFB8F0E-8742-3B4D-AC90-8D1B864249EC} = {0BFBE63A-B98A-3411-8EEB-8918FEC737B3}
		{63985741-01FA-3DD8-B8E6-6B9DD401160B} = {0BFBE63A-B98A-3411-8EEB-8918FEC737B3}
		{A62F0E02-85C5-3DD6-AB89-9614D056B070} = {0BFBE63A-B98A-3411-8EEB-8918FEC737B3}
		{88939F63-30F3-369A-B285-B612AFAE8BE2} = {0BFBE63A-B98A-3411-8EEB-8918FEC737B3}
		{8854FA5C-FEC6-3492-820F-2D0C816E6931} = {0BFBE63A-B98A-3411-8EEB-8918FEC737B3}
		{0EEB4E2D-7DB8-3855-87D8-66831CAB6FD6} = {0BFBE63A-B98A-3411-8EEB-8918FEC737B3}
		{0810A002-1ADC-3306-89D5-C9548516763B} = {0BFBE63A-B98A-3411-8EEB-8918FEC737B3}
		{A76D517F-6F56-3A06-BE82-16321B4DFD51} = {0BFBE63A-B98A-3411-8EEB-8918FEC737B3}
		{AB5C82A2-28CC-3D30-9945-8F8ED380F198} = {0BFBE63A-B98A-3411-8EEB-8918FEC737B3}
		{79377D22-7644-39BC-BB2A-2B5E40EA8ADC} = {0BFBE63A-B98A-3411-8EEB-8918FEC737B3}
		{9DE392C5-9A1C-338E-B233-14BCA2C23A4B} = {0BFBE63A-B98A-3411-8EEB-8918FEC737B3}
		{4A57D230-139D-303B-9142-B657465A1670} = {0BFBE63A-B98A-3411-8EEB-8918FEC737B3}
		{6B9CFAF6-215E-3747-9151-722E7135C12A} = {0BFBE63A-B98A-3411-8EEB-8918FEC737B3}
		{2D2C6ABC-6E1A-3539-8B87-EA8F426E3CDE} = {0BFBE63A-B98A-3411-8EEB-8918FEC737B3}
		{554C2EB3-E692-366A-A7A7-DB85BBB84801} = {0BFBE63A-B98A-3411-8EEB-8918FEC737B3}
		{CDBFD0C6-EFD2-37A0-A7B2-6D41553DEFD0} = {0BFBE63A-B98A-3411-8EEB-8918FEC737B3}
		{C4E0402A-484C-3892-BBF5-04ED00D66773} = {0BFBE63A-B98A-3411-8EEB-8918FEC737B3}
		{C0CEF9D9-CECA-32B4-87AA-303008BFCC3E} = {0BFBE63A-B98A-3411-8EEB-8918FEC737B3}
		{86EDD4CB-ADF3-3ED9-8F0B-6C69A1C01726} = {0BFBE63A-B98A-3411-8EEB-8918FEC737B3}
		{6E06AD4C-3266-325F-9B96-CF96CDAD956A} = {0BFBE63A-B98A-3411-8EEB-8918FEC737B3}
		{804022CC-66A4-3993-A286-75B3DFC937A2} = {7B5CFB44-F0FB-31DF-AE62-C3C096A29A7B}
		{86D506FE-2D8E-3E6D-8A06-AF3F77DCE1EB} = {57713676-9DBE-331C-AD10-26632AC9EE0C}
		{4E27B922-3173-3A6E-873F-90EB29A93812} = {57713676-9DBE-331C-AD10-26632AC9EE0C}
		{D0D2512A-211C-3C81-882F-A37B41A759D9} = {57713676-9DBE-331C-AD10-26632AC9EE0C}
		{7543F670-6F36-3C09-AF5C-4010F1981FEC} = {57713676-9DBE-331C-AD10-26632AC9EE0C}
		{D9BD1DB7-7A23-3C91-8A72-D3604C093931} = {57713676-9DBE-331C-AD10-26632AC9EE0C}
		{50279D49-161A-31FD-9077-3A00810621E9} = {57713676-9DBE-331C-AD10-26632AC9EE0C}
		{D2F22D78-3A7B-3A8F-B058-64CDE988D32B} = {57713676-9DBE-331C-AD10-26632AC9EE0C}
		{32A10EEF-7334-370C-AEC9-56E1225DA46F} = {57713676-9DBE-331C-AD10-26632AC9EE0C}
		{F1B6EE42-E42E-309D-83BC-DDEF9DF379E8} = {57713676-9DBE-331C-AD10-26632AC9EE0C}
		{33B7C0FC-A17C-33E5-992F-2044F144BFF4} = {57713676-9DBE-331C-AD10-26632AC9EE0C}
		{D0FA957A-092F-3589-BE19-AD534846332E} = {57713676-9DBE-331C-AD10-26632AC9EE0C}
		{D227430F-B08E-301B-AA74-D53197709EDB} = {57713676-9DBE-331C-AD10-26632AC9EE0C}
		{6F5A58D9-7CD5-379D-AE84-CABF5770B8CF} = {57713676-9DBE-331C-AD10-26632AC9EE0C}
		{C822FDE9-8A8B-33DA-AC55-C1D855321813} = {57713676-9DBE-331C-AD10-26632AC9EE0C}
		{E46D8840-EACE-3EE4-94CE-340A4D1775DF} = {57713676-9DBE-331C-AD10-26632AC9EE0C}
		{AEE84960-8B21-39E9-BC7A-8A437541BFC7} = {57713676-9DBE-331C-AD10-26632AC9EE0C}
		{7734102C-0708-3E2E-8FD6-5139D92DA894} = {57713676-9DBE-331C-AD10-26632AC9EE0C}
		{357FAF76-2C9A-34D1-ADE9-253E509B3347} = {57713676-9DBE-331C-AD10-26632AC9EE0C}
		{797B415A-3CEB-3037-977C-F5112956CBC9} = {57713676-9DBE-331C-AD10-26632AC9EE0C}
		{3E6E48B2-9278-3C5E-A286-C88C258A27E1} = {57713676-9DBE-331C-AD10-26632AC9EE0C}
		{BB32AE33-58EE-37C7-AAC8-10162A14273A} = {C2F57ECE-B26F-39D8-BDA7-C1D40BD8F180}
		{7503271A-CA28-3239-8602-F52CCA7E2A1B} = {C2F57ECE-B26F-39D8-BDA7-C1D40BD8F180}
		{CC342C76-5FDC-31C1-9A88-389832B45C48} = {C2F57ECE-B26F-39D8-BDA7-C1D40BD8F180}
	EndGlobalSection
EndGlobal
