
Microsoft Visual Studio Solution File, Format Version 12.00
# Visual Studio Version 17
VisualStudioVersion = 17.0.31314.256
MinimumVisualStudioVersion = 10.0.40219.1
Project("{2150E333-8FDC-42A3-9474-1A3956D46DE8}") = "Automation", "Automation", "{0BFBE63A-B98A-3411-8EEB-8918FEC737B3}"
EndProject
Project("{2150E333-8FDC-42A3-9474-1A3956D46DE8}") = "Engine", "Engine", "{233774A8-CC9D-3FA9-86D1-90573E92B704}"
EndProject
Project("{2150E333-8FDC-42A3-9474-1A3956D46DE8}") = "Games", "Games", "{DE1F8B53-6C02-3C13-9101-A7C8D96F3FF6}"
EndProject
Project("{2150E333-8FDC-42A3-9474-1A3956D46DE8}") = "Programs", "Programs", "{A338B9E2-A559-34BE-A46D-F789DD488FAD}"
EndProject
Project("{2150E333-8FDC-42A3-9474-1A3956D46DE8}") = "Rules", "Rules", "{C2F57ECE-B26F-39D8-BDA7-C1D40BD8F180}"
EndProject
Project("{2150E333-8FDC-42A3-9474-1A3956D46DE8}") = "Shared", "Shared", "{57713676-9DBE-331C-AD10-26632AC9EE0C}"
EndProject
Project("{2150E333-8FDC-42A3-9474-1A3956D46DE8}") = "UnrealBuildTool.Plugins", "UnrealBuildTool.Plugins", "{7B5CFB44-F0FB-31DF-AE62-C3C096A29A7B}"
EndProject
Project("{8BC9CEB8-8B4A-11D0-8D11-00A0C91BC942}") = "UE5", "Intermediate\ProjectFiles\UE5.vcxproj", "{44721A7D-1A13-3042-893A-2FE60CCEC6E1}"
EndProject
Project("{8BC9CEB8-8B4A-11D0-8D11-00A0C91BC942}") = "Solstice", "Intermediate\ProjectFiles\Solstice.vcxproj", "{A375D29C-E9EB-3D8B-B1CB-6A51B54E2A6C}"
	ProjectSection(ProjectDependencies) = postProject
		{AF9F4509-8F6F-34E3-8477-07A365E5AC89} = {AF9F4509-8F6F-34E3-8477-07A365E5AC89}
	EndProjectSection
EndProject
Project("{FAE04EC0-301F-11D3-BF4B-00C04F79EFBC}") = "UnrealBuildTool", "..\Downloads\UE_5.0\UE_5.3\Engine\Source\Programs\UnrealBuildTool\UnrealBuildTool.csproj", "{AF9F4509-8F6F-34E3-8477-07A365E5AC89}"
EndProject
Project("{FAE04EC0-301F-11D3-BF4B-00C04F79EFBC}") = "AutomationTool", "..\Downloads\UE_5.0\UE_5.3\Engine\Source\Programs\AutomationTool\AutomationTool.csproj", "{7F5027D7-5AC5-30F9-861D-701631D554D7}"
EndProject
Project("{FAE04EC0-301F-11D3-BF4B-00C04F79EFBC}") = "Android.Automation", "..\Downloads\UE_5.0\UE_5.3\Engine\Source\Programs\AutomationTool\Android\Android.Automation.csproj", "{E41F8D0C-3520-363E-A0F4-3E577C70F649}"
EndProject
Project("{FAE04EC0-301F-11D3-BF4B-00C04F79EFBC}") = "Apple.Automation", "..\Downloads\UE_5.0\UE_5.3\Engine\Source\Programs\AutomationTool\Apple\Apple.Automation.csproj", "{880F9C83-9765-3EE8-91EE-88C7380F3A57}"
EndProject
Project("{FAE04EC0-301F-11D3-BF4B-00C04F79EFBC}") = "AutomationUtils.Automation", "..\Downloads\UE_5.0\UE_5.3\Engine\Source\Programs\AutomationTool\AutomationUtils\AutomationUtils.Automation.csproj", "{9178AA65-8D6C-3A91-90D3-8B76801F5A79}"
EndProject
Project("{FAE04EC0-301F-11D3-BF4B-00C04F79EFBC}") = "BuildGraph.Automation", "..\Downloads\UE_5.0\UE_5.3\Engine\Source\Programs\AutomationTool\BuildGraph\BuildGraph.Automation.csproj", "{D368B3D2-8915-3F41-A8BA-C6B7AEF528AF}"
EndProject
Project("{FAE04EC0-301F-11D3-BF4B-00C04F79EFBC}") = "CookedEditor.Automation", "..\Downloads\UE_5.0\UE_5.3\Engine\Source\Programs\AutomationTool\CookedEditor\CookedEditor.Automation.csproj", "{7AA133A0-4F29-3BCD-8278-D8275E2AC6AE}"
EndProject
Project("{FAE04EC0-301F-11D3-BF4B-00C04F79EFBC}") = "CrowdinLocalization.Automation", "..\Downloads\UE_5.0\UE_5.3\Engine\Source\Programs\AutomationTool\CrowdinLocalization\CrowdinLocalization.Automation.csproj", "{C769818B-4ACC-3D77-AC81-0AABB8DE0294}"
EndProject
Project("{FAE04EC0-301F-11D3-BF4B-00C04F79EFBC}") = "Gauntlet.Automation", "..\Downloads\UE_5.0\UE_5.3\Engine\Source\Programs\AutomationTool\Gauntlet\Gauntlet.Automation.csproj", "{F49ED82C-D835-3E78-A300-06603558381E}"
EndProject
Project("{FAE04EC0-301F-11D3-BF4B-00C04F79EFBC}") = "IOS.Automation", "..\Downloads\UE_5.0\UE_5.3\Engine\Source\Programs\AutomationTool\IOS\IOS.Automation.csproj", "{5C62EFBF-863B-3B78-A3B5-E46089F6A847}"
EndProject
Project("{FAE04EC0-301F-11D3-BF4B-00C04F79EFBC}") = "Linux.Automation", "..\Downloads\UE_5.0\UE_5.3\Engine\Source\Programs\AutomationTool\Linux\Linux.Automation.csproj", "{7BE5D53C-E0F5-33BB-9369-8B2F18A000E3}"
EndProject
Project("{FAE04EC0-301F-11D3-BF4B-00C04F79EFBC}") = "Localization.Automation", "..\Downloads\UE_5.0\UE_5.3\Engine\Source\Programs\AutomationTool\Localization\Localization.Automation.csproj", "{92A27139-3721-30A0-8A75-C22CD7040B0C}"
EndProject
Project("{FAE04EC0-301F-11D3-BF4B-00C04F79EFBC}") = "LowLevelTests.Automation", "..\Downloads\UE_5.0\UE_5.3\Engine\Source\Programs\AutomationTool\LowLevelTests\LowLevelTests.Automation.csproj", "{E425D6B6-19A6-3679-B4D4-7C7AE2655C32}"
EndProject
Project("{FAE04EC0-301F-11D3-BF4B-00C04F79EFBC}") = "Mac.Automation", "..\Downloads\UE_5.0\UE_5.3\Engine\Source\Programs\AutomationTool\Mac\Mac.Automation.csproj", "{2FFB7795-54E1-3E20-8ECC-0D1CA5E7F595}"
EndProject
Project("{FAE04EC0-301F-11D3-BF4B-00C04F79EFBC}") = "OneSkyLocalization.Automation", "..\Downloads\UE_5.0\UE_5.3\Engine\Source\Programs\AutomationTool\OneSkyLocalization\OneSkyLocalization.Automation.csproj", "{485A0626-1F05-3B22-AE60-96611D6276BA}"
EndProject
Project("{FAE04EC0-301F-11D3-BF4B-00C04F79EFBC}") = "AutomationScripts.Automation", "..\Downloads\UE_5.0\UE_5.3\Engine\Source\Programs\AutomationTool\Scripts\AutomationScripts.Automation.csproj", "{4E12DFF3-E9E4-3A4D-99AF-8DD368220AA9}"
EndProject
Project("{FAE04EC0-301F-11D3-BF4B-00C04F79EFBC}") = "SmartlingLocalization.Automation", "..\Downloads\UE_5.0\UE_5.3\Engine\Source\Programs\AutomationTool\SmartlingLocalization\SmartlingLocalization.Automation.csproj", "{99BA81A9-0C06-3B1D-A17B-17757459ED0E}"
EndProject
Project("{FAE04EC0-301F-11D3-BF4B-00C04F79EFBC}") = "SteamDeck.Automation", "..\Downloads\UE_5.0\UE_5.3\Engine\Source\Programs\AutomationTool\SteamDeck\SteamDeck.Automation.csproj", "{A005EB28-07FC-3667-9FE4-87B1A8ECFC3C}"
EndProject
Project("{FAE04EC0-301F-11D3-BF4B-00C04F79EFBC}") = "TVOS.Automation", "..\Downloads\UE_5.0\UE_5.3\Engine\Source\Programs\AutomationTool\TVOS\TVOS.Automation.csproj", "{BBC1DB16-6669-32F4-9B1F-9B657D8A3635}"
EndProject
Project("{FAE04EC0-301F-11D3-BF4B-00C04F79EFBC}") = "Turnkey.Automation", "..\Downloads\UE_5.0\UE_5.3\Engine\Source\Programs\AutomationTool\Turnkey\Turnkey.Automation.csproj", "{CA14A900-A2B2-391C-938A-ED872EEBE860}"
EndProject
Project("{FAE04EC0-301F-11D3-BF4B-00C04F79EFBC}") = "Win.Automation", "..\Downloads\UE_5.0\UE_5.3\Engine\Source\Programs\AutomationTool\Win\Win.Automation.csproj", "{0BC27525-E4BF-3CBE-A1E3-D8DD7BD15559}"
EndProject
Project("{FAE04EC0-301F-11D3-BF4B-00C04F79EFBC}") = "XLocLocalization.Automation", "..\Downloads\UE_5.0\UE_5.3\Engine\Source\Programs\AutomationTool\XLocLocalization\XLocLocalization.Automation.csproj", "{3222064F-4EEC-3892-A42D-1605C0877AC4}"
EndProject
Project("{FAE04EC0-301F-11D3-BF4B-00C04F79EFBC}") = "ScriptGeneratorUbtPlugin.ubtplugin", "..\Downloads\UE_5.0\UE_5.3\Engine\Plugins\ScriptPlugin\Source\ScriptGeneratorUbtPlugin\ScriptGeneratorUbtPlugin.ubtplugin.csproj", "{AEC02116-246A-338C-9F97-9A42395A6862}"
EndProject
Project("{FAE04EC0-301F-11D3-BF4B-00C04F79EFBC}") = "EpicGames.AspNet", "..\Downloads\UE_5.0\UE_5.3\Engine\Source\Programs\Shared\EpicGames.AspNet\EpicGames.AspNet.csproj", "{8A018926-C283-3241-A307-3FEEEF9EA12F}"
EndProject
Project("{FAE04EC0-301F-11D3-BF4B-00C04F79EFBC}") = "EpicGames.Box", "..\Downloads\UE_5.0\UE_5.3\Engine\Source\Programs\Shared\EpicGames.Box\EpicGames.Box.csproj", "{7F4EFAA6-42F5-3A05-B993-65B32C7C0F28}"
EndProject
Project("{FAE04EC0-301F-11D3-BF4B-00C04F79EFBC}") = "EpicGames.Build", "..\Downloads\UE_5.0\UE_5.3\Engine\Source\Programs\Shared\EpicGames.Build\EpicGames.Build.csproj", "{65013434-D0EA-3697-8F42-6EB3D66FAB73}"
EndProject
Project("{FAE04EC0-301F-11D3-BF4B-00C04F79EFBC}") = "EpicGames.BuildGraph", "..\Downloads\UE_5.0\UE_5.3\Engine\Source\Programs\Shared\EpicGames.BuildGraph\EpicGames.BuildGraph.csproj", "{38ABFCBE-A141-3760-AEB4-127D36114EF8}"
EndProject
Project("{FAE04EC0-301F-11D3-BF4B-00C04F79EFBC}") = "EpicGames.Core", "..\Downloads\UE_5.0\UE_5.3\Engine\Source\Programs\Shared\EpicGames.Core\EpicGames.Core.csproj", "{F4A4CDCA-4DFF-38A4-8604-3E99062FDDA7}"
EndProject
Project("{FAE04EC0-301F-11D3-BF4B-00C04F79EFBC}") = "EpicGames.Horde", "..\Downloads\UE_5.0\UE_5.3\Engine\Source\Programs\Shared\EpicGames.Horde\EpicGames.Horde.csproj", "{968F534F-4C69-3338-88A2-015ACBB9915B}"
EndProject
Project("{FAE04EC0-301F-11D3-BF4B-00C04F79EFBC}") = "EpicGames.IoHash", "..\Downloads\UE_5.0\UE_5.3\Engine\Source\Programs\Shared\EpicGames.IoHash\EpicGames.IoHash.csproj", "{052EC077-7031-3746-9A25-B18A82ACB97A}"
EndProject
Project("{FAE04EC0-301F-11D3-BF4B-00C04F79EFBC}") = "EpicGames.Jupiter", "..\Downloads\UE_5.0\UE_5.3\Engine\Source\Programs\Shared\EpicGames.Jupiter\EpicGames.Jupiter.csproj", "{27A2D9B7-4BC6-379D-92B7-5DDC4A985180}"
EndProject
Project("{FAE04EC0-301F-11D3-BF4B-00C04F79EFBC}") = "EpicGames.MongoDB", "..\Downloads\UE_5.0\UE_5.3\Engine\Source\Programs\Shared\EpicGames.MongoDB\EpicGames.MongoDB.csproj", "{408EEE44-7C70-38AD-A260-9BAC6BA52A4D}"
EndProject
Project("{FAE04EC0-301F-11D3-BF4B-00C04F79EFBC}") = "EpicGames.MsBuild", "..\Downloads\UE_5.0\UE_5.3\Engine\Source\Programs\Shared\EpicGames.MsBuild\EpicGames.MsBuild.csproj", "{F6465DD7-3B5E-332D-9087-90970EFE4320}"
EndProject
Project("{FAE04EC0-301F-11D3-BF4B-00C04F79EFBC}") = "EpicGames.OIDC", "..\Downloads\UE_5.0\UE_5.3\Engine\Source\Programs\Shared\EpicGames.OIDC\EpicGames.OIDC.csproj", "{C2CAEB51-0634-31FC-BDA6-F11C7591453F}"
EndProject
Project("{FAE04EC0-301F-11D3-BF4B-00C04F79EFBC}") = "EpicGames.Oodle", "..\Downloads\UE_5.0\UE_5.3\Engine\Source\Programs\Shared\EpicGames.Oodle\EpicGames.Oodle.csproj", "{E1716D74-512D-35CC-8D25-5471E35828A2}"
EndProject
Project("{FAE04EC0-301F-11D3-BF4B-00C04F79EFBC}") = "EpicGames.Perforce", "..\Downloads\UE_5.0\UE_5.3\Engine\Source\Programs\Shared\EpicGames.Perforce\EpicGames.Perforce.csproj", "{B101D842-0B7F-3D5E-937F-D2A9DE053B96}"
EndProject
Project("{FAE04EC0-301F-11D3-BF4B-00C04F79EFBC}") = "EpicGames.Perforce.Fixture", "..\Downloads\UE_5.0\UE_5.3\Engine\Source\Programs\Shared\EpicGames.Perforce.Fixture\EpicGames.Perforce.Fixture.csproj", "{C7643EFD-585E-3EC6-98B5-86A70F694B44}"
EndProject
Project("{FAE04EC0-301F-11D3-BF4B-00C04F79EFBC}") = "EpicGames.Perforce.Managed", "..\Downloads\UE_5.0\UE_5.3\Engine\Source\Programs\Shared\EpicGames.Perforce.Managed\EpicGames.Perforce.Managed.csproj", "{9BD789E1-8CD8-3874-975B-92981B41A1DB}"
EndProject
Project("{FAE04EC0-301F-11D3-BF4B-00C04F79EFBC}") = "EpicGames.Redis", "..\Downloads\UE_5.0\UE_5.3\Engine\Source\Programs\Shared\EpicGames.Redis\EpicGames.Redis.csproj", "{9539825B-0F95-3DC6-BEC6-A8E051E51A4B}"
EndProject
Project("{FAE04EC0-301F-11D3-BF4B-00C04F79EFBC}") = "EpicGames.Serialization", "..\Downloads\UE_5.0\UE_5.3\Engine\Source\Programs\Shared\EpicGames.Serialization\EpicGames.Serialization.csproj", "{20D4CCF2-A513-35B9-8F8D-17E0E302BE03}"
EndProject
Project("{FAE04EC0-301F-11D3-BF4B-00C04F79EFBC}") = "EpicGames.Slack", "..\Downloads\UE_5.0\UE_5.3\Engine\Source\Programs\Shared\EpicGames.Slack\EpicGames.Slack.csproj", "{E4EDB833-C6EF-369E-A249-CFE912EF69D5}"
EndProject
Project("{FAE04EC0-301F-11D3-BF4B-00C04F79EFBC}") = "EpicGames.Tracing", "..\Downloads\UE_5.0\UE_5.3\Engine\Source\Programs\Shared\EpicGames.Tracing\EpicGames.Tracing.csproj", "{EB2A95E7-C9C1-399B-B0C6-3E61975347BD}"
EndProject
Project("{FAE04EC0-301F-11D3-BF4B-00C04F79EFBC}") = "EpicGames.UHT", "..\Downloads\UE_5.0\UE_5.3\Engine\Source\Programs\Shared\EpicGames.UHT\EpicGames.UHT.csproj", "{0DAB820A-08E6-3715-8C17-72F832266E1A}"
EndProject
Project("{FAE04EC0-301F-11D3-BF4B-00C04F79EFBC}") = "UE5ProgramRules", "..\Downloads\UE_5.0\UE_5.3\Engine\Intermediate\Build\BuildRulesProjects\UE5ProgramRules\UE5ProgramRules.csproj", "{8049BCD6-DBF2-34FE-A1F7-D4C063066D1F}"
EndProject
Project("{FAE04EC0-301F-11D3-BF4B-00C04F79EFBC}") = "UE5Rules", "..\Downloads\UE_5.0\UE_5.3\Engine\Intermediate\Build\BuildRulesProjects\UE5Rules\UE5Rules.csproj", "{7D33511D-6563-3B22-8B9D-910155FB60A8}"
EndProject
Project("{FAE04EC0-301F-11D3-BF4B-00C04F79EFBC}") = "SolsticeModuleRules", "Intermediate\Build\BuildRulesProjects\SolsticeModuleRules\SolsticeModuleRules.csproj", "{71029D69-7555-33B5-BE05-8EAE0C3A1D0B}"
EndProject
Project("{2150E333-8FDC-42A3-9474-1A3956D46DE8}") = "Visualizers", "Visualizers", "{1CCEC849-CC72-4C59-8C36-2F7C38706D4C}"
	ProjectSection(SolutionItems) = preProject
		..\Downloads\UE_5.0\UE_5.3\Engine\Extras\VisualStudioDebugging\Unreal.natvis = ..\Downloads\UE_5.0\UE_5.3\Engine\Extras\VisualStudioDebugging\Unreal.natvis
		..\Downloads\UE_5.0\UE_5.3\Engine\Extras\VisualStudioDebugging\Unreal.natstepfilter = ..\Downloads\UE_5.0\UE_5.3\Engine\Extras\VisualStudioDebugging\Unreal.natstepfilter
	EndProjectSection
EndProject
Global
	GlobalSection(SolutionConfigurationPlatforms) = preSolution
		DebugGame Editor|Win64 = DebugGame Editor|Win64
		DebugGame|Win64 = DebugGame|Win64
		Development Editor|Win64 = Development Editor|Win64
		Development|Win64 = Development|Win64
		Shipping|Win64 = Shipping|Win64
	EndGlobalSection
	# UnrealVS Section
	GlobalSection(ddbf523f-7eb6-4887-bd51-85a714ff87eb) = preSolution
		AvailablePlatforms=Win64
	EndGlobalSection
	GlobalSection(ProjectConfigurationPlatforms) = postSolution
		{44721A7D-1A13-3042-893A-2FE60CCEC6E1}.DebugGame Editor|Win64.ActiveCfg = BuiltWithUnrealBuildTool|Win64
		{44721A7D-1A13-3042-893A-2FE60CCEC6E1}.DebugGame|Win64.ActiveCfg = BuiltWithUnrealBuildTool|Win64
		{44721A7D-1A13-3042-893A-2FE60CCEC6E1}.Development Editor|Win64.ActiveCfg = BuiltWithUnrealBuildTool|Win64
		{44721A7D-1A13-3042-893A-2FE60CCEC6E1}.Development|Win64.ActiveCfg = BuiltWithUnrealBuildTool|Win64
		{44721A7D-1A13-3042-893A-2FE60CCEC6E1}.Shipping|Win64.ActiveCfg = BuiltWithUnrealBuildTool|Win64
		{A375D29C-E9EB-3D8B-B1CB-6A51B54E2A6C}.DebugGame Editor|Win64.ActiveCfg = DebugGame_Editor|x64
		{A375D29C-E9EB-3D8B-B1CB-6A51B54E2A6C}.DebugGame Editor|Win64.Build.0 = DebugGame_Editor|x64
		{A375D29C-E9EB-3D8B-B1CB-6A51B54E2A6C}.DebugGame|Win64.ActiveCfg = DebugGame|x64
		{A375D29C-E9EB-3D8B-B1CB-6A51B54E2A6C}.DebugGame|Win64.Build.0 = DebugGame|x64
		{A375D29C-E9EB-3D8B-B1CB-6A51B54E2A6C}.Development Editor|Win64.ActiveCfg = Development_Editor|x64
		{A375D29C-E9EB-3D8B-B1CB-6A51B54E2A6C}.Development Editor|Win64.Build.0 = Development_Editor|x64
		{A375D29C-E9EB-3D8B-B1CB-6A51B54E2A6C}.Development|Win64.ActiveCfg = Development|x64
		{A375D29C-E9EB-3D8B-B1CB-6A51B54E2A6C}.Development|Win64.Build.0 = Development|x64
		{A375D29C-E9EB-3D8B-B1CB-6A51B54E2A6C}.Shipping|Win64.ActiveCfg = Shipping|x64
		{A375D29C-E9EB-3D8B-B1CB-6A51B54E2A6C}.Shipping|Win64.Build.0 = Shipping|x64
		{AF9F4509-8F6F-34E3-8477-07A365E5AC89}.DebugGame Editor|Win64.ActiveCfg = Development|Any CPU
		{AF9F4509-8F6F-34E3-8477-07A365E5AC89}.DebugGame Editor|Win64.Build.0 = Development|Any CPU
		{AF9F4509-8F6F-34E3-8477-07A365E5AC89}.DebugGame|Win64.ActiveCfg = Development|Any CPU
		{AF9F4509-8F6F-34E3-8477-07A365E5AC89}.DebugGame|Win64.Build.0 = Development|Any CPU
		{AF9F4509-8F6F-34E3-8477-07A365E5AC89}.Development Editor|Win64.ActiveCfg = Development|Any CPU
		{AF9F4509-8F6F-34E3-8477-07A365E5AC89}.Development Editor|Win64.Build.0 = Development|Any CPU
		{AF9F4509-8F6F-34E3-8477-07A365E5AC89}.Development|Win64.ActiveCfg = Development|Any CPU
		{AF9F4509-8F6F-34E3-8477-07A365E5AC89}.Development|Win64.Build.0 = Development|Any CPU
		{AF9F4509-8F6F-34E3-8477-07A365E5AC89}.Shipping|Win64.ActiveCfg = Development|Any CPU
		{AF9F4509-8F6F-34E3-8477-07A365E5AC89}.Shipping|Win64.Build.0 = Development|Any CPU
		{7F5027D7-5AC5-30F9-861D-701631D554D7}.DebugGame Editor|Win64.ActiveCfg = Development|Any CPU
		{7F5027D7-5AC5-30F9-861D-701631D554D7}.DebugGame Editor|Win64.Build.0 = Development|Any CPU
		{7F5027D7-5AC5-30F9-861D-701631D554D7}.DebugGame|Win64.ActiveCfg = Development|Any CPU
		{7F5027D7-5AC5-30F9-861D-701631D554D7}.DebugGame|Win64.Build.0 = Development|Any CPU
		{7F5027D7-5AC5-30F9-861D-701631D554D7}.Development Editor|Win64.ActiveCfg = Development|Any CPU
		{7F5027D7-5AC5-30F9-861D-701631D554D7}.Development Editor|Win64.Build.0 = Development|Any CPU
		{7F5027D7-5AC5-30F9-861D-701631D554D7}.Development|Win64.ActiveCfg = Development|Any CPU
		{7F5027D7-5AC5-30F9-861D-701631D554D7}.Development|Win64.Build.0 = Development|Any CPU
		{7F5027D7-5AC5-30F9-861D-701631D554D7}.Shipping|Win64.ActiveCfg = Development|Any CPU
		{7F5027D7-5AC5-30F9-861D-701631D554D7}.Shipping|Win64.Build.0 = Development|Any CPU
		{E41F8D0C-3520-363E-A0F4-3E577C70F649}.DebugGame Editor|Win64.ActiveCfg = Development|Any CPU
		{E41F8D0C-3520-363E-A0F4-3E577C70F649}.DebugGame Editor|Win64.Build.0 = Development|Any CPU
		{E41F8D0C-3520-363E-A0F4-3E577C70F649}.DebugGame|Win64.ActiveCfg = Development|Any CPU
		{E41F8D0C-3520-363E-A0F4-3E577C70F649}.DebugGame|Win64.Build.0 = Development|Any CPU
		{E41F8D0C-3520-363E-A0F4-3E577C70F649}.Development Editor|Win64.ActiveCfg = Development|Any CPU
		{E41F8D0C-3520-363E-A0F4-3E577C70F649}.Development Editor|Win64.Build.0 = Development|Any CPU
		{E41F8D0C-3520-363E-A0F4-3E577C70F649}.Development|Win64.ActiveCfg = Development|Any CPU
		{E41F8D0C-3520-363E-A0F4-3E577C70F649}.Development|Win64.Build.0 = Development|Any CPU
		{E41F8D0C-3520-363E-A0F4-3E577C70F649}.Shipping|Win64.ActiveCfg = Development|Any CPU
		{E41F8D0C-3520-363E-A0F4-3E577C70F649}.Shipping|Win64.Build.0 = Development|Any CPU
		{880F9C83-9765-3EE8-91EE-88C7380F3A57}.DebugGame Editor|Win64.ActiveCfg = Development|Any CPU
		{880F9C83-9765-3EE8-91EE-88C7380F3A57}.DebugGame Editor|Win64.Build.0 = Development|Any CPU
		{880F9C83-9765-3EE8-91EE-88C7380F3A57}.DebugGame|Win64.ActiveCfg = Development|Any CPU
		{880F9C83-9765-3EE8-91EE-88C7380F3A57}.DebugGame|Win64.Build.0 = Development|Any CPU
		{880F9C83-9765-3EE8-91EE-88C7380F3A57}.Development Editor|Win64.ActiveCfg = Development|Any CPU
		{880F9C83-9765-3EE8-91EE-88C7380F3A57}.Development Editor|Win64.Build.0 = Development|Any CPU
		{880F9C83-9765-3EE8-91EE-88C7380F3A57}.Development|Win64.ActiveCfg = Development|Any CPU
		{880F9C83-9765-3EE8-91EE-88C7380F3A57}.Development|Win64.Build.0 = Development|Any CPU
		{880F9C83-9765-3EE8-91EE-88C7380F3A57}.Shipping|Win64.ActiveCfg = Development|Any CPU
		{880F9C83-9765-3EE8-91EE-88C7380F3A57}.Shipping|Win64.Build.0 = Development|Any CPU
		{9178AA65-8D6C-3A91-90D3-8B76801F5A79}.DebugGame Editor|Win64.ActiveCfg = Development|Any CPU
		{9178AA65-8D6C-3A91-90D3-8B76801F5A79}.DebugGame Editor|Win64.Build.0 = Development|Any CPU
		{9178AA65-8D6C-3A91-90D3-8B76801F5A79}.DebugGame|Win64.ActiveCfg = Development|Any CPU
		{9178AA65-8D6C-3A91-90D3-8B76801F5A79}.DebugGame|Win64.Build.0 = Development|Any CPU
		{9178AA65-8D6C-3A91-90D3-8B76801F5A79}.Development Editor|Win64.ActiveCfg = Development|Any CPU
		{9178AA65-8D6C-3A91-90D3-8B76801F5A79}.Development Editor|Win64.Build.0 = Development|Any CPU
		{9178AA65-8D6C-3A91-90D3-8B76801F5A79}.Development|Win64.ActiveCfg = Development|Any CPU
		{9178AA65-8D6C-3A91-90D3-8B76801F5A79}.Development|Win64.Build.0 = Development|Any CPU
		{9178AA65-8D6C-3A91-90D3-8B76801F5A79}.Shipping|Win64.ActiveCfg = Development|Any CPU
		{9178AA65-8D6C-3A91-90D3-8B76801F5A79}.Shipping|Win64.Build.0 = Development|Any CPU
		{D368B3D2-8915-3F41-A8BA-C6B7AEF528AF}.DebugGame Editor|Win64.ActiveCfg = Development|Any CPU
		{D368B3D2-8915-3F41-A8BA-C6B7AEF528AF}.DebugGame Editor|Win64.Build.0 = Development|Any CPU
		{D368B3D2-8915-3F41-A8BA-C6B7AEF528AF}.DebugGame|Win64.ActiveCfg = Development|Any CPU
		{D368B3D2-8915-3F41-A8BA-C6B7AEF528AF}.DebugGame|Win64.Build.0 = Development|Any CPU
		{D368B3D2-8915-3F41-A8BA-C6B7AEF528AF}.Development Editor|Win64.ActiveCfg = Development|Any CPU
		{D368B3D2-8915-3F41-A8BA-C6B7AEF528AF}.Development Editor|Win64.Build.0 = Development|Any CPU
		{D368B3D2-8915-3F41-A8BA-C6B7AEF528AF}.Development|Win64.ActiveCfg = Development|Any CPU
		{D368B3D2-8915-3F41-A8BA-C6B7AEF528AF}.Development|Win64.Build.0 = Development|Any CPU
		{D368B3D2-8915-3F41-A8BA-C6B7AEF528AF}.Shipping|Win64.ActiveCfg = Development|Any CPU
		{D368B3D2-8915-3F41-A8BA-C6B7AEF528AF}.Shipping|Win64.Build.0 = Development|Any CPU
		{7AA133A0-4F29-3BCD-8278-D8275E2AC6AE}.DebugGame Editor|Win64.ActiveCfg = Development|Any CPU
		{7AA133A0-4F29-3BCD-8278-D8275E2AC6AE}.DebugGame Editor|Win64.Build.0 = Development|Any CPU
		{7AA133A0-4F29-3BCD-8278-D8275E2AC6AE}.DebugGame|Win64.ActiveCfg = Development|Any CPU
		{7AA133A0-4F29-3BCD-8278-D8275E2AC6AE}.DebugGame|Win64.Build.0 = Development|Any CPU
		{7AA133A0-4F29-3BCD-8278-D8275E2AC6AE}.Development Editor|Win64.ActiveCfg = Development|Any CPU
		{7AA133A0-4F29-3BCD-8278-D8275E2AC6AE}.Development Editor|Win64.Build.0 = Development|Any CPU
		{7AA133A0-4F29-3BCD-8278-D8275E2AC6AE}.Development|Win64.ActiveCfg = Development|Any CPU
		{7AA133A0-4F29-3BCD-8278-D8275E2AC6AE}.Development|Win64.Build.0 = Development|Any CPU
		{7AA133A0-4F29-3BCD-8278-D8275E2AC6AE}.Shipping|Win64.ActiveCfg = Development|Any CPU
		{7AA133A0-4F29-3BCD-8278-D8275E2AC6AE}.Shipping|Win64.Build.0 = Development|Any CPU
		{C769818B-4ACC-3D77-AC81-0AABB8DE0294}.DebugGame Editor|Win64.ActiveCfg = Development|Any CPU
		{C769818B-4ACC-3D77-AC81-0AABB8DE0294}.DebugGame Editor|Win64.Build.0 = Development|Any CPU
		{C769818B-4ACC-3D77-AC81-0AABB8DE0294}.DebugGame|Win64.ActiveCfg = Development|Any CPU
		{C769818B-4ACC-3D77-AC81-0AABB8DE0294}.DebugGame|Win64.Build.0 = Development|Any CPU
		{C769818B-4ACC-3D77-AC81-0AABB8DE0294}.Development Editor|Win64.ActiveCfg = Development|Any CPU
		{C769818B-4ACC-3D77-AC81-0AABB8DE0294}.Development Editor|Win64.Build.0 = Development|Any CPU
		{C769818B-4ACC-3D77-AC81-0AABB8DE0294}.Development|Win64.ActiveCfg = Development|Any CPU
		{C769818B-4ACC-3D77-AC81-0AABB8DE0294}.Development|Win64.Build.0 = Development|Any CPU
		{C769818B-4ACC-3D77-AC81-0AABB8DE0294}.Shipping|Win64.ActiveCfg = Development|Any CPU
		{C769818B-4ACC-3D77-AC81-0AABB8DE0294}.Shipping|Win64.Build.0 = Development|Any CPU
		{F49ED82C-D835-3E78-A300-06603558381E}.DebugGame Editor|Win64.ActiveCfg = Development|Any CPU
		{F49ED82C-D835-3E78-A300-06603558381E}.DebugGame Editor|Win64.Build.0 = Development|Any CPU
		{F49ED82C-D835-3E78-A300-06603558381E}.DebugGame|Win64.ActiveCfg = Development|Any CPU
		{F49ED82C-D835-3E78-A300-06603558381E}.DebugGame|Win64.Build.0 = Development|Any CPU
		{F49ED82C-D835-3E78-A300-06603558381E}.Development Editor|Win64.ActiveCfg = Development|Any CPU
		{F49ED82C-D835-3E78-A300-06603558381E}.Development Editor|Win64.Build.0 = Development|Any CPU
		{F49ED82C-D835-3E78-A300-06603558381E}.Development|Win64.ActiveCfg = Development|Any CPU
		{F49ED82C-D835-3E78-A300-06603558381E}.Development|Win64.Build.0 = Development|Any CPU
		{F49ED82C-D835-3E78-A300-06603558381E}.Shipping|Win64.ActiveCfg = Development|Any CPU
		{F49ED82C-D835-3E78-A300-06603558381E}.Shipping|Win64.Build.0 = Development|Any CPU
		{5C62EFBF-863B-3B78-A3B5-E46089F6A847}.DebugGame Editor|Win64.ActiveCfg = Development|Any CPU
		{5C62EFBF-863B-3B78-A3B5-E46089F6A847}.DebugGame Editor|Win64.Build.0 = Development|Any CPU
		{5C62EFBF-863B-3B78-A3B5-E46089F6A847}.DebugGame|Win64.ActiveCfg = Development|Any CPU
		{5C62EFBF-863B-3B78-A3B5-E46089F6A847}.DebugGame|Win64.Build.0 = Development|Any CPU
		{5C62EFBF-863B-3B78-A3B5-E46089F6A847}.Development Editor|Win64.ActiveCfg = Development|Any CPU
		{5C62EFBF-863B-3B78-A3B5-E46089F6A847}.Development Editor|Win64.Build.0 = Development|Any CPU
		{5C62EFBF-863B-3B78-A3B5-E46089F6A847}.Development|Win64.ActiveCfg = Development|Any CPU
		{5C62EFBF-863B-3B78-A3B5-E46089F6A847}.Development|Win64.Build.0 = Development|Any CPU
		{5C62EFBF-863B-3B78-A3B5-E46089F6A847}.Shipping|Win64.ActiveCfg = Development|Any CPU
		{5C62EFBF-863B-3B78-A3B5-E46089F6A847}.Shipping|Win64.Build.0 = Development|Any CPU
		{7BE5D53C-E0F5-33BB-9369-8B2F18A000E3}.DebugGame Editor|Win64.ActiveCfg = Development|Any CPU
		{7BE5D53C-E0F5-33BB-9369-8B2F18A000E3}.DebugGame Editor|Win64.Build.0 = Development|Any CPU
		{7BE5D53C-E0F5-33BB-9369-8B2F18A000E3}.DebugGame|Win64.ActiveCfg = Development|Any CPU
		{7BE5D53C-E0F5-33BB-9369-8B2F18A000E3}.DebugGame|Win64.Build.0 = Development|Any CPU
		{7BE5D53C-E0F5-33BB-9369-8B2F18A000E3}.Development Editor|Win64.ActiveCfg = Development|Any CPU
		{7BE5D53C-E0F5-33BB-9369-8B2F18A000E3}.Development Editor|Win64.Build.0 = Development|Any CPU
		{7BE5D53C-E0F5-33BB-9369-8B2F18A000E3}.Development|Win64.ActiveCfg = Development|Any CPU
		{7BE5D53C-E0F5-33BB-9369-8B2F18A000E3}.Development|Win64.Build.0 = Development|Any CPU
		{7BE5D53C-E0F5-33BB-9369-8B2F18A000E3}.Shipping|Win64.ActiveCfg = Development|Any CPU
		{7BE5D53C-E0F5-33BB-9369-8B2F18A000E3}.Shipping|Win64.Build.0 = Development|Any CPU
		{92A27139-3721-30A0-8A75-C22CD7040B0C}.DebugGame Editor|Win64.ActiveCfg = Development|Any CPU
		{92A27139-3721-30A0-8A75-C22CD7040B0C}.DebugGame Editor|Win64.Build.0 = Development|Any CPU
		{92A27139-3721-30A0-8A75-C22CD7040B0C}.DebugGame|Win64.ActiveCfg = Development|Any CPU
		{92A27139-3721-30A0-8A75-C22CD7040B0C}.DebugGame|Win64.Build.0 = Development|Any CPU
		{92A27139-3721-30A0-8A75-C22CD7040B0C}.Development Editor|Win64.ActiveCfg = Development|Any CPU
		{92A27139-3721-30A0-8A75-C22CD7040B0C}.Development Editor|Win64.Build.0 = Development|Any CPU
		{92A27139-3721-30A0-8A75-C22CD7040B0C}.Development|Win64.ActiveCfg = Development|Any CPU
		{92A27139-3721-30A0-8A75-C22CD7040B0C}.Development|Win64.Build.0 = Development|Any CPU
		{92A27139-3721-30A0-8A75-C22CD7040B0C}.Shipping|Win64.ActiveCfg = Development|Any CPU
		{92A27139-3721-30A0-8A75-C22CD7040B0C}.Shipping|Win64.Build.0 = Development|Any CPU
		{E425D6B6-19A6-3679-B4D4-7C7AE2655C32}.DebugGame Editor|Win64.ActiveCfg = Development|Any CPU
		{E425D6B6-19A6-3679-B4D4-7C7AE2655C32}.DebugGame Editor|Win64.Build.0 = Development|Any CPU
		{E425D6B6-19A6-3679-B4D4-7C7AE2655C32}.DebugGame|Win64.ActiveCfg = Development|Any CPU
		{E425D6B6-19A6-3679-B4D4-7C7AE2655C32}.DebugGame|Win64.Build.0 = Development|Any CPU
		{E425D6B6-19A6-3679-B4D4-7C7AE2655C32}.Development Editor|Win64.ActiveCfg = Development|Any CPU
		{E425D6B6-19A6-3679-B4D4-7C7AE2655C32}.Development Editor|Win64.Build.0 = Development|Any CPU
		{E425D6B6-19A6-3679-B4D4-7C7AE2655C32}.Development|Win64.ActiveCfg = Development|Any CPU
		{E425D6B6-19A6-3679-B4D4-7C7AE2655C32}.Development|Win64.Build.0 = Development|Any CPU
		{E425D6B6-19A6-3679-B4D4-7C7AE2655C32}.Shipping|Win64.ActiveCfg = Development|Any CPU
		{E425D6B6-19A6-3679-B4D4-7C7AE2655C32}.Shipping|Win64.Build.0 = Development|Any CPU
		{2FFB7795-54E1-3E20-8ECC-0D1CA5E7F595}.DebugGame Editor|Win64.ActiveCfg = Development|Any CPU
		{2FFB7795-54E1-3E20-8ECC-0D1CA5E7F595}.DebugGame Editor|Win64.Build.0 = Development|Any CPU
		{2FFB7795-54E1-3E20-8ECC-0D1CA5E7F595}.DebugGame|Win64.ActiveCfg = Development|Any CPU
		{2FFB7795-54E1-3E20-8ECC-0D1CA5E7F595}.DebugGame|Win64.Build.0 = Development|Any CPU
		{2FFB7795-54E1-3E20-8ECC-0D1CA5E7F595}.Development Editor|Win64.ActiveCfg = Development|Any CPU
		{2FFB7795-54E1-3E20-8ECC-0D1CA5E7F595}.Development Editor|Win64.Build.0 = Development|Any CPU
		{2FFB7795-54E1-3E20-8ECC-0D1CA5E7F595}.Development|Win64.ActiveCfg = Development|Any CPU
		{2FFB7795-54E1-3E20-8ECC-0D1CA5E7F595}.Development|Win64.Build.0 = Development|Any CPU
		{2FFB7795-54E1-3E20-8ECC-0D1CA5E7F595}.Shipping|Win64.ActiveCfg = Development|Any CPU
		{2FFB7795-54E1-3E20-8ECC-0D1CA5E7F595}.Shipping|Win64.Build.0 = Development|Any CPU
		{485A0626-1F05-3B22-AE60-96611D6276BA}.DebugGame Editor|Win64.ActiveCfg = Development|Any CPU
		{485A0626-1F05-3B22-AE60-96611D6276BA}.DebugGame Editor|Win64.Build.0 = Development|Any CPU
		{485A0626-1F05-3B22-AE60-96611D6276BA}.DebugGame|Win64.ActiveCfg = Development|Any CPU
		{485A0626-1F05-3B22-AE60-96611D6276BA}.DebugGame|Win64.Build.0 = Development|Any CPU
		{485A0626-1F05-3B22-AE60-96611D6276BA}.Development Editor|Win64.ActiveCfg = Development|Any CPU
		{485A0626-1F05-3B22-AE60-96611D6276BA}.Development Editor|Win64.Build.0 = Development|Any CPU
		{485A0626-1F05-3B22-AE60-96611D6276BA}.Development|Win64.ActiveCfg = Development|Any CPU
		{485A0626-1F05-3B22-AE60-96611D6276BA}.Development|Win64.Build.0 = Development|Any CPU
		{485A0626-1F05-3B22-AE60-96611D6276BA}.Shipping|Win64.ActiveCfg = Development|Any CPU
		{485A0626-1F05-3B22-AE60-96611D6276BA}.Shipping|Win64.Build.0 = Development|Any CPU
		{4E12DFF3-E9E4-3A4D-99AF-8DD368220AA9}.DebugGame Editor|Win64.ActiveCfg = Development|Any CPU
		{4E12DFF3-E9E4-3A4D-99AF-8DD368220AA9}.DebugGame Editor|Win64.Build.0 = Development|Any CPU
		{4E12DFF3-E9E4-3A4D-99AF-8DD368220AA9}.DebugGame|Win64.ActiveCfg = Development|Any CPU
		{4E12DFF3-E9E4-3A4D-99AF-8DD368220AA9}.DebugGame|Win64.Build.0 = Development|Any CPU
		{4E12DFF3-E9E4-3A4D-99AF-8DD368220AA9}.Development Editor|Win64.ActiveCfg = Development|Any CPU
		{4E12DFF3-E9E4-3A4D-99AF-8DD368220AA9}.Development Editor|Win64.Build.0 = Development|Any CPU
		{4E12DFF3-E9E4-3A4D-99AF-8DD368220AA9}.Development|Win64.ActiveCfg = Development|Any CPU
		{4E12DFF3-E9E4-3A4D-99AF-8DD368220AA9}.Development|Win64.Build.0 = Development|Any CPU
		{4E12DFF3-E9E4-3A4D-99AF-8DD368220AA9}.Shipping|Win64.ActiveCfg = Development|Any CPU
		{4E12DFF3-E9E4-3A4D-99AF-8DD368220AA9}.Shipping|Win64.Build.0 = Development|Any CPU
		{99BA81A9-0C06-3B1D-A17B-17757459ED0E}.DebugGame Editor|Win64.ActiveCfg = Development|Any CPU
		{99BA81A9-0C06-3B1D-A17B-17757459ED0E}.DebugGame Editor|Win64.Build.0 = Development|Any CPU
		{99BA81A9-0C06-3B1D-A17B-17757459ED0E}.DebugGame|Win64.ActiveCfg = Development|Any CPU
		{99BA81A9-0C06-3B1D-A17B-17757459ED0E}.DebugGame|Win64.Build.0 = Development|Any CPU
		{99BA81A9-0C06-3B1D-A17B-17757459ED0E}.Development Editor|Win64.ActiveCfg = Development|Any CPU
		{99BA81A9-0C06-3B1D-A17B-17757459ED0E}.Development Editor|Win64.Build.0 = Development|Any CPU
		{99BA81A9-0C06-3B1D-A17B-17757459ED0E}.Development|Win64.ActiveCfg = Development|Any CPU
		{99BA81A9-0C06-3B1D-A17B-17757459ED0E}.Development|Win64.Build.0 = Development|Any CPU
		{99BA81A9-0C06-3B1D-A17B-17757459ED0E}.Shipping|Win64.ActiveCfg = Development|Any CPU
		{99BA81A9-0C06-3B1D-A17B-17757459ED0E}.Shipping|Win64.Build.0 = Development|Any CPU
		{A005EB28-07FC-3667-9FE4-87B1A8ECFC3C}.DebugGame Editor|Win64.ActiveCfg = Development|Any CPU
		{A005EB28-07FC-3667-9FE4-87B1A8ECFC3C}.DebugGame Editor|Win64.Build.0 = Development|Any CPU
		{A005EB28-07FC-3667-9FE4-87B1A8ECFC3C}.DebugGame|Win64.ActiveCfg = Development|Any CPU
		{A005EB28-07FC-3667-9FE4-87B1A8ECFC3C}.DebugGame|Win64.Build.0 = Development|Any CPU
		{A005EB28-07FC-3667-9FE4-87B1A8ECFC3C}.Development Editor|Win64.ActiveCfg = Development|Any CPU
		{A005EB28-07FC-3667-9FE4-87B1A8ECFC3C}.Development Editor|Win64.Build.0 = Development|Any CPU
		{A005EB28-07FC-3667-9FE4-87B1A8ECFC3C}.Development|Win64.ActiveCfg = Development|Any CPU
		{A005EB28-07FC-3667-9FE4-87B1A8ECFC3C}.Development|Win64.Build.0 = Development|Any CPU
		{A005EB28-07FC-3667-9FE4-87B1A8ECFC3C}.Shipping|Win64.ActiveCfg = Development|Any CPU
		{A005EB28-07FC-3667-9FE4-87B1A8ECFC3C}.Shipping|Win64.Build.0 = Development|Any CPU
		{BBC1DB16-6669-32F4-9B1F-9B657D8A3635}.DebugGame Editor|Win64.ActiveCfg = Development|Any CPU
		{BBC1DB16-6669-32F4-9B1F-9B657D8A3635}.DebugGame Editor|Win64.Build.0 = Development|Any CPU
		{BBC1DB16-6669-32F4-9B1F-9B657D8A3635}.DebugGame|Win64.ActiveCfg = Development|Any CPU
		{BBC1DB16-6669-32F4-9B1F-9B657D8A3635}.DebugGame|Win64.Build.0 = Development|Any CPU
		{BBC1DB16-6669-32F4-9B1F-9B657D8A3635}.Development Editor|Win64.ActiveCfg = Development|Any CPU
		{BBC1DB16-6669-32F4-9B1F-9B657D8A3635}.Development Editor|Win64.Build.0 = Development|Any CPU
		{BBC1DB16-6669-32F4-9B1F-9B657D8A3635}.Development|Win64.ActiveCfg = Development|Any CPU
		{BBC1DB16-6669-32F4-9B1F-9B657D8A3635}.Development|Win64.Build.0 = Development|Any CPU
		{BBC1DB16-6669-32F4-9B1F-9B657D8A3635}.Shipping|Win64.ActiveCfg = Development|Any CPU
		{BBC1DB16-6669-32F4-9B1F-9B657D8A3635}.Shipping|Win64.Build.0 = Development|Any CPU
		{CA14A900-A2B2-391C-938A-ED872EEBE860}.DebugGame Editor|Win64.ActiveCfg = Development|Any CPU
		{CA14A900-A2B2-391C-938A-ED872EEBE860}.DebugGame Editor|Win64.Build.0 = Development|Any CPU
		{CA14A900-A2B2-391C-938A-ED872EEBE860}.DebugGame|Win64.ActiveCfg = Development|Any CPU
		{CA14A900-A2B2-391C-938A-ED872EEBE860}.DebugGame|Win64.Build.0 = Development|Any CPU
		{CA14A900-A2B2-391C-938A-ED872EEBE860}.Development Editor|Win64.ActiveCfg = Development|Any CPU
		{CA14A900-A2B2-391C-938A-ED872EEBE860}.Development Editor|Win64.Build.0 = Development|Any CPU
		{CA14A900-A2B2-391C-938A-ED872EEBE860}.Development|Win64.ActiveCfg = Development|Any CPU
		{CA14A900-A2B2-391C-938A-ED872EEBE860}.Development|Win64.Build.0 = Development|Any CPU
		{CA14A900-A2B2-391C-938A-ED872EEBE860}.Shipping|Win64.ActiveCfg = Development|Any CPU
		{CA14A900-A2B2-391C-938A-ED872EEBE860}.Shipping|Win64.Build.0 = Development|Any CPU
		{0BC27525-E4BF-3CBE-A1E3-D8DD7BD15559}.DebugGame Editor|Win64.ActiveCfg = Development|Any CPU
		{0BC27525-E4BF-3CBE-A1E3-D8DD7BD15559}.DebugGame Editor|Win64.Build.0 = Development|Any CPU
		{0BC27525-E4BF-3CBE-A1E3-D8DD7BD15559}.DebugGame|Win64.ActiveCfg = Development|Any CPU
		{0BC27525-E4BF-3CBE-A1E3-D8DD7BD15559}.DebugGame|Win64.Build.0 = Development|Any CPU
		{0BC27525-E4BF-3CBE-A1E3-D8DD7BD15559}.Development Editor|Win64.ActiveCfg = Development|Any CPU
		{0BC27525-E4BF-3CBE-A1E3-D8DD7BD15559}.Development Editor|Win64.Build.0 = Development|Any CPU
		{0BC27525-E4BF-3CBE-A1E3-D8DD7BD15559}.Development|Win64.ActiveCfg = Development|Any CPU
		{0BC27525-E4BF-3CBE-A1E3-D8DD7BD15559}.Development|Win64.Build.0 = Development|Any CPU
		{0BC27525-E4BF-3CBE-A1E3-D8DD7BD15559}.Shipping|Win64.ActiveCfg = Development|Any CPU
		{0BC27525-E4BF-3CBE-A1E3-D8DD7BD15559}.Shipping|Win64.Build.0 = Development|Any CPU
		{3222064F-4EEC-3892-A42D-1605C0877AC4}.DebugGame Editor|Win64.ActiveCfg = Development|Any CPU
		{3222064F-4EEC-3892-A42D-1605C0877AC4}.DebugGame Editor|Win64.Build.0 = Development|Any CPU
		{3222064F-4EEC-3892-A42D-1605C0877AC4}.DebugGame|Win64.ActiveCfg = Development|Any CPU
		{3222064F-4EEC-3892-A42D-1605C0877AC4}.DebugGame|Win64.Build.0 = Development|Any CPU
		{3222064F-4EEC-3892-A42D-1605C0877AC4}.Development Editor|Win64.ActiveCfg = Development|Any CPU
		{3222064F-4EEC-3892-A42D-1605C0877AC4}.Development Editor|Win64.Build.0 = Development|Any CPU
		{3222064F-4EEC-3892-A42D-1605C0877AC4}.Development|Win64.ActiveCfg = Development|Any CPU
		{3222064F-4EEC-3892-A42D-1605C0877AC4}.Development|Win64.Build.0 = Development|Any CPU
		{3222064F-4EEC-3892-A42D-1605C0877AC4}.Shipping|Win64.ActiveCfg = Development|Any CPU
		{3222064F-4EEC-3892-A42D-1605C0877AC4}.Shipping|Win64.Build.0 = Development|Any CPU
		{AEC02116-246A-338C-9F97-9A42395A6862}.DebugGame Editor|Win64.ActiveCfg = Development|Any CPU
		{AEC02116-246A-338C-9F97-9A42395A6862}.DebugGame Editor|Win64.Build.0 = Development|Any CPU
		{AEC02116-246A-338C-9F97-9A42395A6862}.DebugGame|Win64.ActiveCfg = Development|Any CPU
		{AEC02116-246A-338C-9F97-9A42395A6862}.DebugGame|Win64.Build.0 = Development|Any CPU
		{AEC02116-246A-338C-9F97-9A42395A6862}.Development Editor|Win64.ActiveCfg = Development|Any CPU
		{AEC02116-246A-338C-9F97-9A42395A6862}.Development Editor|Win64.Build.0 = Development|Any CPU
		{AEC02116-246A-338C-9F97-9A42395A6862}.Development|Win64.ActiveCfg = Development|Any CPU
		{AEC02116-246A-338C-9F97-9A42395A6862}.Development|Win64.Build.0 = Development|Any CPU
		{AEC02116-246A-338C-9F97-9A42395A6862}.Shipping|Win64.ActiveCfg = Development|Any CPU
		{AEC02116-246A-338C-9F97-9A42395A6862}.Shipping|Win64.Build.0 = Development|Any CPU
		{8A018926-C283-3241-A307-3FEEEF9EA12F}.DebugGame Editor|Win64.ActiveCfg = Development|Any CPU
		{8A018926-C283-3241-A307-3FEEEF9EA12F}.DebugGame Editor|Win64.Build.0 = Development|Any CPU
		{8A018926-C283-3241-A307-3FEEEF9EA12F}.DebugGame|Win64.ActiveCfg = Development|Any CPU
		{8A018926-C283-3241-A307-3FEEEF9EA12F}.DebugGame|Win64.Build.0 = Development|Any CPU
		{8A018926-C283-3241-A307-3FEEEF9EA12F}.Development Editor|Win64.ActiveCfg = Development|Any CPU
		{8A018926-C283-3241-A307-3FEEEF9EA12F}.Development Editor|Win64.Build.0 = Development|Any CPU
		{8A018926-C283-3241-A307-3FEEEF9EA12F}.Development|Win64.ActiveCfg = Development|Any CPU
		{8A018926-C283-3241-A307-3FEEEF9EA12F}.Development|Win64.Build.0 = Development|Any CPU
		{8A018926-C283-3241-A307-3FEEEF9EA12F}.Shipping|Win64.ActiveCfg = Development|Any CPU
		{8A018926-C283-3241-A307-3FEEEF9EA12F}.Shipping|Win64.Build.0 = Development|Any CPU
		{7F4EFAA6-42F5-3A05-B993-65B32C7C0F28}.DebugGame Editor|Win64.ActiveCfg = Development|Any CPU
		{7F4EFAA6-42F5-3A05-B993-65B32C7C0F28}.DebugGame Editor|Win64.Build.0 = Development|Any CPU
		{7F4EFAA6-42F5-3A05-B993-65B32C7C0F28}.DebugGame|Win64.ActiveCfg = Development|Any CPU
		{7F4EFAA6-42F5-3A05-B993-65B32C7C0F28}.DebugGame|Win64.Build.0 = Development|Any CPU
		{7F4EFAA6-42F5-3A05-B993-65B32C7C0F28}.Development Editor|Win64.ActiveCfg = Development|Any CPU
		{7F4EFAA6-42F5-3A05-B993-65B32C7C0F28}.Development Editor|Win64.Build.0 = Development|Any CPU
		{7F4EFAA6-42F5-3A05-B993-65B32C7C0F28}.Development|Win64.ActiveCfg = Development|Any CPU
		{7F4EFAA6-42F5-3A05-B993-65B32C7C0F28}.Development|Win64.Build.0 = Development|Any CPU
		{7F4EFAA6-42F5-3A05-B993-65B32C7C0F28}.Shipping|Win64.ActiveCfg = Development|Any CPU
		{7F4EFAA6-42F5-3A05-B993-65B32C7C0F28}.Shipping|Win64.Build.0 = Development|Any CPU
		{65013434-D0EA-3697-8F42-6EB3D66FAB73}.DebugGame Editor|Win64.ActiveCfg = Development|Any CPU
		{65013434-D0EA-3697-8F42-6EB3D66FAB73}.DebugGame Editor|Win64.Build.0 = Development|Any CPU
		{65013434-D0EA-3697-8F42-6EB3D66FAB73}.DebugGame|Win64.ActiveCfg = Development|Any CPU
		{65013434-D0EA-3697-8F42-6EB3D66FAB73}.DebugGame|Win64.Build.0 = Development|Any CPU
		{65013434-D0EA-3697-8F42-6EB3D66FAB73}.Development Editor|Win64.ActiveCfg = Development|Any CPU
		{65013434-D0EA-3697-8F42-6EB3D66FAB73}.Development Editor|Win64.Build.0 = Development|Any CPU
		{65013434-D0EA-3697-8F42-6EB3D66FAB73}.Development|Win64.ActiveCfg = Development|Any CPU
		{65013434-D0EA-3697-8F42-6EB3D66FAB73}.Development|Win64.Build.0 = Development|Any CPU
		{65013434-D0EA-3697-8F42-6EB3D66FAB73}.Shipping|Win64.ActiveCfg = Development|Any CPU
		{65013434-D0EA-3697-8F42-6EB3D66FAB73}.Shipping|Win64.Build.0 = Development|Any CPU
		{38ABFCBE-A141-3760-AEB4-127D36114EF8}.DebugGame Editor|Win64.ActiveCfg = Development|Any CPU
		{38ABFCBE-A141-3760-AEB4-127D36114EF8}.DebugGame Editor|Win64.Build.0 = Development|Any CPU
		{38ABFCBE-A141-3760-AEB4-127D36114EF8}.DebugGame|Win64.ActiveCfg = Development|Any CPU
		{38ABFCBE-A141-3760-AEB4-127D36114EF8}.DebugGame|Win64.Build.0 = Development|Any CPU
		{38ABFCBE-A141-3760-AEB4-127D36114EF8}.Development Editor|Win64.ActiveCfg = Development|Any CPU
		{38ABFCBE-A141-3760-AEB4-127D36114EF8}.Development Editor|Win64.Build.0 = Development|Any CPU
		{38ABFCBE-A141-3760-AEB4-127D36114EF8}.Development|Win64.ActiveCfg = Development|Any CPU
		{38ABFCBE-A141-3760-AEB4-127D36114EF8}.Development|Win64.Build.0 = Development|Any CPU
		{38ABFCBE-A141-3760-AEB4-127D36114EF8}.Shipping|Win64.ActiveCfg = Development|Any CPU
		{38ABFCBE-A141-3760-AEB4-127D36114EF8}.Shipping|Win64.Build.0 = Development|Any CPU
		{F4A4CDCA-4DFF-38A4-8604-3E99062FDDA7}.DebugGame Editor|Win64.ActiveCfg = Development|Any CPU
		{F4A4CDCA-4DFF-38A4-8604-3E99062FDDA7}.DebugGame Editor|Win64.Build.0 = Development|Any CPU
		{F4A4CDCA-4DFF-38A4-8604-3E99062FDDA7}.DebugGame|Win64.ActiveCfg = Development|Any CPU
		{F4A4CDCA-4DFF-38A4-8604-3E99062FDDA7}.DebugGame|Win64.Build.0 = Development|Any CPU
		{F4A4CDCA-4DFF-38A4-8604-3E99062FDDA7}.Development Editor|Win64.ActiveCfg = Development|Any CPU
		{F4A4CDCA-4DFF-38A4-8604-3E99062FDDA7}.Development Editor|Win64.Build.0 = Development|Any CPU
		{F4A4CDCA-4DFF-38A4-8604-3E99062FDDA7}.Development|Win64.ActiveCfg = Development|Any CPU
		{F4A4CDCA-4DFF-38A4-8604-3E99062FDDA7}.Development|Win64.Build.0 = Development|Any CPU
		{F4A4CDCA-4DFF-38A4-8604-3E99062FDDA7}.Shipping|Win64.ActiveCfg = Development|Any CPU
		{F4A4CDCA-4DFF-38A4-8604-3E99062FDDA7}.Shipping|Win64.Build.0 = Development|Any CPU
		{968F534F-4C69-3338-88A2-015ACBB9915B}.DebugGame Editor|Win64.ActiveCfg = Development|Any CPU
		{968F534F-4C69-3338-88A2-015ACBB9915B}.DebugGame Editor|Win64.Build.0 = Development|Any CPU
		{968F534F-4C69-3338-88A2-015ACBB9915B}.DebugGame|Win64.ActiveCfg = Development|Any CPU
		{968F534F-4C69-3338-88A2-015ACBB9915B}.DebugGame|Win64.Build.0 = Development|Any CPU
		{968F534F-4C69-3338-88A2-015ACBB9915B}.Development Editor|Win64.ActiveCfg = Development|Any CPU
		{968F534F-4C69-3338-88A2-015ACBB9915B}.Development Editor|Win64.Build.0 = Development|Any CPU
		{968F534F-4C69-3338-88A2-015ACBB9915B}.Development|Win64.ActiveCfg = Development|Any CPU
		{968F534F-4C69-3338-88A2-015ACBB9915B}.Development|Win64.Build.0 = Development|Any CPU
		{968F534F-4C69-3338-88A2-015ACBB9915B}.Shipping|Win64.ActiveCfg = Development|Any CPU
		{968F534F-4C69-3338-88A2-015ACBB9915B}.Shipping|Win64.Build.0 = Development|Any CPU
		{052EC077-7031-3746-9A25-B18A82ACB97A}.DebugGame Editor|Win64.ActiveCfg = Development|Any CPU
		{052EC077-7031-3746-9A25-B18A82ACB97A}.DebugGame Editor|Win64.Build.0 = Development|Any CPU
		{052EC077-7031-3746-9A25-B18A82ACB97A}.DebugGame|Win64.ActiveCfg = Development|Any CPU
		{052EC077-7031-3746-9A25-B18A82ACB97A}.DebugGame|Win64.Build.0 = Development|Any CPU
		{052EC077-7031-3746-9A25-B18A82ACB97A}.Development Editor|Win64.ActiveCfg = Development|Any CPU
		{052EC077-7031-3746-9A25-B18A82ACB97A}.Development Editor|Win64.Build.0 = Development|Any CPU
		{052EC077-7031-3746-9A25-B18A82ACB97A}.Development|Win64.ActiveCfg = Development|Any CPU
		{052EC077-7031-3746-9A25-B18A82ACB97A}.Development|Win64.Build.0 = Development|Any CPU
		{052EC077-7031-3746-9A25-B18A82ACB97A}.Shipping|Win64.ActiveCfg = Development|Any CPU
		{052EC077-7031-3746-9A25-B18A82ACB97A}.Shipping|Win64.Build.0 = Development|Any CPU
		{27A2D9B7-4BC6-379D-92B7-5DDC4A985180}.DebugGame Editor|Win64.ActiveCfg = Development|Any CPU
		{27A2D9B7-4BC6-379D-92B7-5DDC4A985180}.DebugGame Editor|Win64.Build.0 = Development|Any CPU
		{27A2D9B7-4BC6-379D-92B7-5DDC4A985180}.DebugGame|Win64.ActiveCfg = Development|Any CPU
		{27A2D9B7-4BC6-379D-92B7-5DDC4A985180}.DebugGame|Win64.Build.0 = Development|Any CPU
		{27A2D9B7-4BC6-379D-92B7-5DDC4A985180}.Development Editor|Win64.ActiveCfg = Development|Any CPU
		{27A2D9B7-4BC6-379D-92B7-5DDC4A985180}.Development Editor|Win64.Build.0 = Development|Any CPU
		{27A2D9B7-4BC6-379D-92B7-5DDC4A985180}.Development|Win64.ActiveCfg = Development|Any CPU
		{27A2D9B7-4BC6-379D-92B7-5DDC4A985180}.Development|Win64.Build.0 = Development|Any CPU
		{27A2D9B7-4BC6-379D-92B7-5DDC4A985180}.Shipping|Win64.ActiveCfg = Development|Any CPU
		{27A2D9B7-4BC6-379D-92B7-5DDC4A985180}.Shipping|Win64.Build.0 = Development|Any CPU
		{408EEE44-7C70-38AD-A260-9BAC6BA52A4D}.DebugGame Editor|Win64.ActiveCfg = Development|Any CPU
		{408EEE44-7C70-38AD-A260-9BAC6BA52A4D}.DebugGame Editor|Win64.Build.0 = Development|Any CPU
		{408EEE44-7C70-38AD-A260-9BAC6BA52A4D}.DebugGame|Win64.ActiveCfg = Development|Any CPU
		{408EEE44-7C70-38AD-A260-9BAC6BA52A4D}.DebugGame|Win64.Build.0 = Development|Any CPU
		{408EEE44-7C70-38AD-A260-9BAC6BA52A4D}.Development Editor|Win64.ActiveCfg = Development|Any CPU
		{408EEE44-7C70-38AD-A260-9BAC6BA52A4D}.Development Editor|Win64.Build.0 = Development|Any CPU
		{408EEE44-7C70-38AD-A260-9BAC6BA52A4D}.Development|Win64.ActiveCfg = Development|Any CPU
		{408EEE44-7C70-38AD-A260-9BAC6BA52A4D}.Development|Win64.Build.0 = Development|Any CPU
		{408EEE44-7C70-38AD-A260-9BAC6BA52A4D}.Shipping|Win64.ActiveCfg = Development|Any CPU
		{408EEE44-7C70-38AD-A260-9BAC6BA52A4D}.Shipping|Win64.Build.0 = Development|Any CPU
		{F6465DD7-3B5E-332D-9087-90970EFE4320}.DebugGame Editor|Win64.ActiveCfg = Development|Any CPU
		{F6465DD7-3B5E-332D-9087-90970EFE4320}.DebugGame Editor|Win64.Build.0 = Development|Any CPU
		{F6465DD7-3B5E-332D-9087-90970EFE4320}.DebugGame|Win64.ActiveCfg = Development|Any CPU
		{F6465DD7-3B5E-332D-9087-90970EFE4320}.DebugGame|Win64.Build.0 = Development|Any CPU
		{F6465DD7-3B5E-332D-9087-90970EFE4320}.Development Editor|Win64.ActiveCfg = Development|Any CPU
		{F6465DD7-3B5E-332D-9087-90970EFE4320}.Development Editor|Win64.Build.0 = Development|Any CPU
		{F6465DD7-3B5E-332D-9087-90970EFE4320}.Development|Win64.ActiveCfg = Development|Any CPU
		{F6465DD7-3B5E-332D-9087-90970EFE4320}.Development|Win64.Build.0 = Development|Any CPU
		{F6465DD7-3B5E-332D-9087-90970EFE4320}.Shipping|Win64.ActiveCfg = Development|Any CPU
		{F6465DD7-3B5E-332D-9087-90970EFE4320}.Shipping|Win64.Build.0 = Development|Any CPU
		{C2CAEB51-0634-31FC-BDA6-F11C7591453F}.DebugGame Editor|Win64.ActiveCfg = Development|Any CPU
		{C2CAEB51-0634-31FC-BDA6-F11C7591453F}.DebugGame Editor|Win64.Build.0 = Development|Any CPU
		{C2CAEB51-0634-31FC-BDA6-F11C7591453F}.DebugGame|Win64.ActiveCfg = Development|Any CPU
		{C2CAEB51-0634-31FC-BDA6-F11C7591453F}.DebugGame|Win64.Build.0 = Development|Any CPU
		{C2CAEB51-0634-31FC-BDA6-F11C7591453F}.Development Editor|Win64.ActiveCfg = Development|Any CPU
		{C2CAEB51-0634-31FC-BDA6-F11C7591453F}.Development Editor|Win64.Build.0 = Development|Any CPU
		{C2CAEB51-0634-31FC-BDA6-F11C7591453F}.Development|Win64.ActiveCfg = Development|Any CPU
		{C2CAEB51-0634-31FC-BDA6-F11C7591453F}.Development|Win64.Build.0 = Development|Any CPU
		{C2CAEB51-0634-31FC-BDA6-F11C7591453F}.Shipping|Win64.ActiveCfg = Development|Any CPU
		{C2CAEB51-0634-31FC-BDA6-F11C7591453F}.Shipping|Win64.Build.0 = Development|Any CPU
		{E1716D74-512D-35CC-8D25-5471E35828A2}.DebugGame Editor|Win64.ActiveCfg = Development|Any CPU
		{E1716D74-512D-35CC-8D25-5471E35828A2}.DebugGame Editor|Win64.Build.0 = Development|Any CPU
		{E1716D74-512D-35CC-8D25-5471E35828A2}.DebugGame|Win64.ActiveCfg = Development|Any CPU
		{E1716D74-512D-35CC-8D25-5471E35828A2}.DebugGame|Win64.Build.0 = Development|Any CPU
		{E1716D74-512D-35CC-8D25-5471E35828A2}.Development Editor|Win64.ActiveCfg = Development|Any CPU
		{E1716D74-512D-35CC-8D25-5471E35828A2}.Development Editor|Win64.Build.0 = Development|Any CPU
		{E1716D74-512D-35CC-8D25-5471E35828A2}.Development|Win64.ActiveCfg = Development|Any CPU
		{E1716D74-512D-35CC-8D25-5471E35828A2}.Development|Win64.Build.0 = Development|Any CPU
		{E1716D74-512D-35CC-8D25-5471E35828A2}.Shipping|Win64.ActiveCfg = Development|Any CPU
		{E1716D74-512D-35CC-8D25-5471E35828A2}.Shipping|Win64.Build.0 = Development|Any CPU
		{B101D842-0B7F-3D5E-937F-D2A9DE053B96}.DebugGame Editor|Win64.ActiveCfg = Development|Any CPU
		{B101D842-0B7F-3D5E-937F-D2A9DE053B96}.DebugGame Editor|Win64.Build.0 = Development|Any CPU
		{B101D842-0B7F-3D5E-937F-D2A9DE053B96}.DebugGame|Win64.ActiveCfg = Development|Any CPU
		{B101D842-0B7F-3D5E-937F-D2A9DE053B96}.DebugGame|Win64.Build.0 = Development|Any CPU
		{B101D842-0B7F-3D5E-937F-D2A9DE053B96}.Development Editor|Win64.ActiveCfg = Development|Any CPU
		{B101D842-0B7F-3D5E-937F-D2A9DE053B96}.Development Editor|Win64.Build.0 = Development|Any CPU
		{B101D842-0B7F-3D5E-937F-D2A9DE053B96}.Development|Win64.ActiveCfg = Development|Any CPU
		{B101D842-0B7F-3D5E-937F-D2A9DE053B96}.Development|Win64.Build.0 = Development|Any CPU
		{B101D842-0B7F-3D5E-937F-D2A9DE053B96}.Shipping|Win64.ActiveCfg = Development|Any CPU
		{B101D842-0B7F-3D5E-937F-D2A9DE053B96}.Shipping|Win64.Build.0 = Development|Any CPU
		{C7643EFD-585E-3EC6-98B5-86A70F694B44}.DebugGame Editor|Win64.ActiveCfg = Development|Any CPU
		{C7643EFD-585E-3EC6-98B5-86A70F694B44}.DebugGame Editor|Win64.Build.0 = Development|Any CPU
		{C7643EFD-585E-3EC6-98B5-86A70F694B44}.DebugGame|Win64.ActiveCfg = Development|Any CPU
		{C7643EFD-585E-3EC6-98B5-86A70F694B44}.DebugGame|Win64.Build.0 = Development|Any CPU
		{C7643EFD-585E-3EC6-98B5-86A70F694B44}.Development Editor|Win64.ActiveCfg = Development|Any CPU
		{C7643EFD-585E-3EC6-98B5-86A70F694B44}.Development Editor|Win64.Build.0 = Development|Any CPU
		{C7643EFD-585E-3EC6-98B5-86A70F694B44}.Development|Win64.ActiveCfg = Development|Any CPU
		{C7643EFD-585E-3EC6-98B5-86A70F694B44}.Development|Win64.Build.0 = Development|Any CPU
		{C7643EFD-585E-3EC6-98B5-86A70F694B44}.Shipping|Win64.ActiveCfg = Development|Any CPU
		{C7643EFD-585E-3EC6-98B5-86A70F694B44}.Shipping|Win64.Build.0 = Development|Any CPU
		{9BD789E1-8CD8-3874-975B-92981B41A1DB}.DebugGame Editor|Win64.ActiveCfg = Development|Any CPU
		{9BD789E1-8CD8-3874-975B-92981B41A1DB}.DebugGame Editor|Win64.Build.0 = Development|Any CPU
		{9BD789E1-8CD8-3874-975B-92981B41A1DB}.DebugGame|Win64.ActiveCfg = Development|Any CPU
		{9BD789E1-8CD8-3874-975B-92981B41A1DB}.DebugGame|Win64.Build.0 = Development|Any CPU
		{9BD789E1-8CD8-3874-975B-92981B41A1DB}.Development Editor|Win64.ActiveCfg = Development|Any CPU
		{9BD789E1-8CD8-3874-975B-92981B41A1DB}.Development Editor|Win64.Build.0 = Development|Any CPU
		{9BD789E1-8CD8-3874-975B-92981B41A1DB}.Development|Win64.ActiveCfg = Development|Any CPU
		{9BD789E1-8CD8-3874-975B-92981B41A1DB}.Development|Win64.Build.0 = Development|Any CPU
		{9BD789E1-8CD8-3874-975B-92981B41A1DB}.Shipping|Win64.ActiveCfg = Development|Any CPU
		{9BD789E1-8CD8-3874-975B-92981B41A1DB}.Shipping|Win64.Build.0 = Development|Any CPU
		{9539825B-0F95-3DC6-BEC6-A8E051E51A4B}.DebugGame Editor|Win64.ActiveCfg = Development|Any CPU
		{9539825B-0F95-3DC6-BEC6-A8E051E51A4B}.DebugGame Editor|Win64.Build.0 = Development|Any CPU
		{9539825B-0F95-3DC6-BEC6-A8E051E51A4B}.DebugGame|Win64.ActiveCfg = Development|Any CPU
		{9539825B-0F95-3DC6-BEC6-A8E051E51A4B}.DebugGame|Win64.Build.0 = Development|Any CPU
		{9539825B-0F95-3DC6-BEC6-A8E051E51A4B}.Development Editor|Win64.ActiveCfg = Development|Any CPU
		{9539825B-0F95-3DC6-BEC6-A8E051E51A4B}.Development Editor|Win64.Build.0 = Development|Any CPU
		{9539825B-0F95-3DC6-BEC6-A8E051E51A4B}.Development|Win64.ActiveCfg = Development|Any CPU
		{9539825B-0F95-3DC6-BEC6-A8E051E51A4B}.Development|Win64.Build.0 = Development|Any CPU
		{9539825B-0F95-3DC6-BEC6-A8E051E51A4B}.Shipping|Win64.ActiveCfg = Development|Any CPU
		{9539825B-0F95-3DC6-BEC6-A8E051E51A4B}.Shipping|Win64.Build.0 = Development|Any CPU
		{20D4CCF2-A513-35B9-8F8D-17E0E302BE03}.DebugGame Editor|Win64.ActiveCfg = Development|Any CPU
		{20D4CCF2-A513-35B9-8F8D-17E0E302BE03}.DebugGame Editor|Win64.Build.0 = Development|Any CPU
		{20D4CCF2-A513-35B9-8F8D-17E0E302BE03}.DebugGame|Win64.ActiveCfg = Development|Any CPU
		{20D4CCF2-A513-35B9-8F8D-17E0E302BE03}.DebugGame|Win64.Build.0 = Development|Any CPU
		{20D4CCF2-A513-35B9-8F8D-17E0E302BE03}.Development Editor|Win64.ActiveCfg = Development|Any CPU
		{20D4CCF2-A513-35B9-8F8D-17E0E302BE03}.Development Editor|Win64.Build.0 = Development|Any CPU
		{20D4CCF2-A513-35B9-8F8D-17E0E302BE03}.Development|Win64.ActiveCfg = Development|Any CPU
		{20D4CCF2-A513-35B9-8F8D-17E0E302BE03}.Development|Win64.Build.0 = Development|Any CPU
		{20D4CCF2-A513-35B9-8F8D-17E0E302BE03}.Shipping|Win64.ActiveCfg = Development|Any CPU
		{20D4CCF2-A513-35B9-8F8D-17E0E302BE03}.Shipping|Win64.Build.0 = Development|Any CPU
		{E4EDB833-C6EF-369E-A249-CFE912EF69D5}.DebugGame Editor|Win64.ActiveCfg = Development|Any CPU
		{E4EDB833-C6EF-369E-A249-CFE912EF69D5}.DebugGame Editor|Win64.Build.0 = Development|Any CPU
		{E4EDB833-C6EF-369E-A249-CFE912EF69D5}.DebugGame|Win64.ActiveCfg = Development|Any CPU
		{E4EDB833-C6EF-369E-A249-CFE912EF69D5}.DebugGame|Win64.Build.0 = Development|Any CPU
		{E4EDB833-C6EF-369E-A249-CFE912EF69D5}.Development Editor|Win64.ActiveCfg = Development|Any CPU
		{E4EDB833-C6EF-369E-A249-CFE912EF69D5}.Development Editor|Win64.Build.0 = Development|Any CPU
		{E4EDB833-C6EF-369E-A249-CFE912EF69D5}.Development|Win64.ActiveCfg = Development|Any CPU
		{E4EDB833-C6EF-369E-A249-CFE912EF69D5}.Development|Win64.Build.0 = Development|Any CPU
		{E4EDB833-C6EF-369E-A249-CFE912EF69D5}.Shipping|Win64.ActiveCfg = Development|Any CPU
		{E4EDB833-C6EF-369E-A249-CFE912EF69D5}.Shipping|Win64.Build.0 = Development|Any CPU
		{EB2A95E7-C9C1-399B-B0C6-3E61975347BD}.DebugGame Editor|Win64.ActiveCfg = Development|Any CPU
		{EB2A95E7-C9C1-399B-B0C6-3E61975347BD}.DebugGame Editor|Win64.Build.0 = Development|Any CPU
		{EB2A95E7-C9C1-399B-B0C6-3E61975347BD}.DebugGame|Win64.ActiveCfg = Development|Any CPU
		{EB2A95E7-C9C1-399B-B0C6-3E61975347BD}.DebugGame|Win64.Build.0 = Development|Any CPU
		{EB2A95E7-C9C1-399B-B0C6-3E61975347BD}.Development Editor|Win64.ActiveCfg = Development|Any CPU
		{EB2A95E7-C9C1-399B-B0C6-3E61975347BD}.Development Editor|Win64.Build.0 = Development|Any CPU
		{EB2A95E7-C9C1-399B-B0C6-3E61975347BD}.Development|Win64.ActiveCfg = Development|Any CPU
		{EB2A95E7-C9C1-399B-B0C6-3E61975347BD}.Development|Win64.Build.0 = Development|Any CPU
		{EB2A95E7-C9C1-399B-B0C6-3E61975347BD}.Shipping|Win64.ActiveCfg = Development|Any CPU
		{EB2A95E7-C9C1-399B-B0C6-3E61975347BD}.Shipping|Win64.Build.0 = Development|Any CPU
		{0DAB820A-08E6-3715-8C17-72F832266E1A}.DebugGame Editor|Win64.ActiveCfg = Development|Any CPU
		{0DAB820A-08E6-3715-8C17-72F832266E1A}.DebugGame Editor|Win64.Build.0 = Development|Any CPU
		{0DAB820A-08E6-3715-8C17-72F832266E1A}.DebugGame|Win64.ActiveCfg = Development|Any CPU
		{0DAB820A-08E6-3715-8C17-72F832266E1A}.DebugGame|Win64.Build.0 = Development|Any CPU
		{0DAB820A-08E6-3715-8C17-72F832266E1A}.Development Editor|Win64.ActiveCfg = Development|Any CPU
		{0DAB820A-08E6-3715-8C17-72F832266E1A}.Development Editor|Win64.Build.0 = Development|Any CPU
		{0DAB820A-08E6-3715-8C17-72F832266E1A}.Development|Win64.ActiveCfg = Development|Any CPU
		{0DAB820A-08E6-3715-8C17-72F832266E1A}.Development|Win64.Build.0 = Development|Any CPU
		{0DAB820A-08E6-3715-8C17-72F832266E1A}.Shipping|Win64.ActiveCfg = Development|Any CPU
		{0DAB820A-08E6-3715-8C17-72F832266E1A}.Shipping|Win64.Build.0 = Development|Any CPU
		{8049BCD6-DBF2-34FE-A1F7-D4C063066D1F}.DebugGame Editor|Win64.ActiveCfg = Development|Any CPU
		{8049BCD6-DBF2-34FE-A1F7-D4C063066D1F}.DebugGame Editor|Win64.Build.0 = Development|Any CPU
		{8049BCD6-DBF2-34FE-A1F7-D4C063066D1F}.DebugGame|Win64.ActiveCfg = Development|Any CPU
		{8049BCD6-DBF2-34FE-A1F7-D4C063066D1F}.DebugGame|Win64.Build.0 = Development|Any CPU
		{8049BCD6-DBF2-34FE-A1F7-D4C063066D1F}.Development Editor|Win64.ActiveCfg = Development|Any CPU
		{8049BCD6-DBF2-34FE-A1F7-D4C063066D1F}.Development Editor|Win64.Build.0 = Development|Any CPU
		{8049BCD6-DBF2-34FE-A1F7-D4C063066D1F}.Development|Win64.ActiveCfg = Development|Any CPU
		{8049BCD6-DBF2-34FE-A1F7-D4C063066D1F}.Development|Win64.Build.0 = Development|Any CPU
		{8049BCD6-DBF2-34FE-A1F7-D4C063066D1F}.Shipping|Win64.ActiveCfg = Development|Any CPU
		{8049BCD6-DBF2-34FE-A1F7-D4C063066D1F}.Shipping|Win64.Build.0 = Development|Any CPU
		{7D33511D-6563-3B22-8B9D-910155FB60A8}.DebugGame Editor|Win64.ActiveCfg = Development|Any CPU
		{7D33511D-6563-3B22-8B9D-910155FB60A8}.DebugGame Editor|Win64.Build.0 = Development|Any CPU
		{7D33511D-6563-3B22-8B9D-910155FB60A8}.DebugGame|Win64.ActiveCfg = Development|Any CPU
		{7D33511D-6563-3B22-8B9D-910155FB60A8}.DebugGame|Win64.Build.0 = Development|Any CPU
		{7D33511D-6563-3B22-8B9D-910155FB60A8}.Development Editor|Win64.ActiveCfg = Development|Any CPU
		{7D33511D-6563-3B22-8B9D-910155FB60A8}.Development Editor|Win64.Build.0 = Development|Any CPU
		{7D33511D-6563-3B22-8B9D-910155FB60A8}.Development|Win64.ActiveCfg = Development|Any CPU
		{7D33511D-6563-3B22-8B9D-910155FB60A8}.Development|Win64.Build.0 = Development|Any CPU
		{7D33511D-6563-3B22-8B9D-910155FB60A8}.Shipping|Win64.ActiveCfg = Development|Any CPU
		{7D33511D-6563-3B22-8B9D-910155FB60A8}.Shipping|Win64.Build.0 = Development|Any CPU
		{71029D69-7555-33B5-BE05-8EAE0C3A1D0B}.DebugGame Editor|Win64.ActiveCfg = Development|Any CPU
		{71029D69-7555-33B5-BE05-8EAE0C3A1D0B}.DebugGame Editor|Win64.Build.0 = Development|Any CPU
		{71029D69-7555-33B5-BE05-8EAE0C3A1D0B}.DebugGame|Win64.ActiveCfg = Development|Any CPU
		{71029D69-7555-33B5-BE05-8EAE0C3A1D0B}.DebugGame|Win64.Build.0 = Development|Any CPU
		{71029D69-7555-33B5-BE05-8EAE0C3A1D0B}.Development Editor|Win64.ActiveCfg = Development|Any CPU
		{71029D69-7555-33B5-BE05-8EAE0C3A1D0B}.Development Editor|Win64.Build.0 = Development|Any CPU
		{71029D69-7555-33B5-BE05-8EAE0C3A1D0B}.Development|Win64.ActiveCfg = Development|Any CPU
		{71029D69-7555-33B5-BE05-8EAE0C3A1D0B}.Development|Win64.Build.0 = Development|Any CPU
		{71029D69-7555-33B5-BE05-8EAE0C3A1D0B}.Shipping|Win64.ActiveCfg = Development|Any CPU
		{71029D69-7555-33B5-BE05-8EAE0C3A1D0B}.Shipping|Win64.Build.0 = Development|Any CPU
	EndGlobalSection
	GlobalSection(SolutionProperties) = preSolution
		HideSolutionNode = FALSE
	EndGlobalSection
	GlobalSection(NestedProjects) = preSolution
		{44721A7D-1A13-3042-893A-2FE60CCEC6E1} = {233774A8-CC9D-3FA9-86D1-90573E92B704}
		{A375D29C-E9EB-3D8B-B1CB-6A51B54E2A6C} = {DE1F8B53-6C02-3C13-9101-A7C8D96F3FF6}
		{AF9F4509-8F6F-34E3-8477-07A365E5AC89} = {A338B9E2-A559-34BE-A46D-F789DD488FAD}
		{7F5027D7-5AC5-30F9-861D-701631D554D7} = {A338B9E2-A559-34BE-A46D-F789DD488FAD}
		{0BFBE63A-B98A-3411-8EEB-8918FEC737B3} = {A338B9E2-A559-34BE-A46D-F789DD488FAD}
		{7B5CFB44-F0FB-31DF-AE62-C3C096A29A7B} = {A338B9E2-A559-34BE-A46D-F789DD488FAD}
		{57713676-9DBE-331C-AD10-26632AC9EE0C} = {A338B9E2-A559-34BE-A46D-F789DD488FAD}
		{E41F8D0C-3520-363E-A0F4-3E577C70F649} = {0BFBE63A-B98A-3411-8EEB-8918FEC737B3}
		{880F9C83-9765-3EE8-91EE-88C7380F3A57} = {0BFBE63A-B98A-3411-8EEB-8918FEC737B3}
		{9178AA65-8D6C-3A91-90D3-8B76801F5A79} = {0BFBE63A-B98A-3411-8EEB-8918FEC737B3}
		{D368B3D2-8915-3F41-A8BA-C6B7AEF528AF} = {0BFBE63A-B98A-3411-8EEB-8918FEC737B3}
		{7AA133A0-4F29-3BCD-8278-D8275E2AC6AE} = {0BFBE63A-B98A-3411-8EEB-8918FEC737B3}
		{C769818B-4ACC-3D77-AC81-0AABB8DE0294} = {0BFBE63A-B98A-3411-8EEB-8918FEC737B3}
		{F49ED82C-D835-3E78-A300-06603558381E} = {0BFBE63A-B98A-3411-8EEB-8918FEC737B3}
		{5C62EFBF-863B-3B78-A3B5-E46089F6A847} = {0BFBE63A-B98A-3411-8EEB-8918FEC737B3}
		{7BE5D53C-E0F5-33BB-9369-8B2F18A000E3} = {0BFBE63A-B98A-3411-8EEB-8918FEC737B3}
		{92A27139-3721-30A0-8A75-C22CD7040B0C} = {0BFBE63A-B98A-3411-8EEB-8918FEC737B3}
		{E425D6B6-19A6-3679-B4D4-7C7AE2655C32} = {0BFBE63A-B98A-3411-8EEB-8918FEC737B3}
		{2FFB7795-54E1-3E20-8ECC-0D1CA5E7F595} = {0BFBE63A-B98A-3411-8EEB-8918FEC737B3}
		{485A0626-1F05-3B22-AE60-96611D6276BA} = {0BFBE63A-B98A-3411-8EEB-8918FEC737B3}
		{4E12DFF3-E9E4-3A4D-99AF-8DD368220AA9} = {0BFBE63A-B98A-3411-8EEB-8918FEC737B3}
		{99BA81A9-0C06-3B1D-A17B-17757459ED0E} = {0BFBE63A-B98A-3411-8EEB-8918FEC737B3}
		{A005EB28-07FC-3667-9FE4-87B1A8ECFC3C} = {0BFBE63A-B98A-3411-8EEB-8918FEC737B3}
		{BBC1DB16-6669-32F4-9B1F-9B657D8A3635} = {0BFBE63A-B98A-3411-8EEB-8918FEC737B3}
		{CA14A900-A2B2-391C-938A-ED872EEBE860} = {0BFBE63A-B98A-3411-8EEB-8918FEC737B3}
		{0BC27525-E4BF-3CBE-A1E3-D8DD7BD15559} = {0BFBE63A-B98A-3411-8EEB-8918FEC737B3}
		{3222064F-4EEC-3892-A42D-1605C0877AC4} = {0BFBE63A-B98A-3411-8EEB-8918FEC737B3}
		{AEC02116-246A-338C-9F97-9A42395A6862} = {7B5CFB44-F0FB-31DF-AE62-C3C096A29A7B}
		{8A018926-C283-3241-A307-3FEEEF9EA12F} = {57713676-9DBE-331C-AD10-26632AC9EE0C}
		{7F4EFAA6-42F5-3A05-B993-65B32C7C0F28} = {57713676-9DBE-331C-AD10-26632AC9EE0C}
		{65013434-D0EA-3697-8F42-6EB3D66FAB73} = {57713676-9DBE-331C-AD10-26632AC9EE0C}
		{38ABFCBE-A141-3760-AEB4-127D36114EF8} = {57713676-9DBE-331C-AD10-26632AC9EE0C}
		{F4A4CDCA-4DFF-38A4-8604-3E99062FDDA7} = {57713676-9DBE-331C-AD10-26632AC9EE0C}
		{968F534F-4C69-3338-88A2-015ACBB9915B} = {57713676-9DBE-331C-AD10-26632AC9EE0C}
		{052EC077-7031-3746-9A25-B18A82ACB97A} = {57713676-9DBE-331C-AD10-26632AC9EE0C}
		{27A2D9B7-4BC6-379D-92B7-5DDC4A985180} = {57713676-9DBE-331C-AD10-26632AC9EE0C}
		{408EEE44-7C70-38AD-A260-9BAC6BA52A4D} = {57713676-9DBE-331C-AD10-26632AC9EE0C}
		{F6465DD7-3B5E-332D-9087-90970EFE4320} = {57713676-9DBE-331C-AD10-26632AC9EE0C}
		{C2CAEB51-0634-31FC-BDA6-F11C7591453F} = {57713676-9DBE-331C-AD10-26632AC9EE0C}
		{E1716D74-512D-35CC-8D25-5471E35828A2} = {57713676-9DBE-331C-AD10-26632AC9EE0C}
		{B101D842-0B7F-3D5E-937F-D2A9DE053B96} = {57713676-9DBE-331C-AD10-26632AC9EE0C}
		{C7643EFD-585E-3EC6-98B5-86A70F694B44} = {57713676-9DBE-331C-AD10-26632AC9EE0C}
		{9BD789E1-8CD8-3874-975B-92981B41A1DB} = {57713676-9DBE-331C-AD10-26632AC9EE0C}
		{9539825B-0F95-3DC6-BEC6-A8E051E51A4B} = {57713676-9DBE-331C-AD10-26632AC9EE0C}
		{20D4CCF2-A513-35B9-8F8D-17E0E302BE03} = {57713676-9DBE-331C-AD10-26632AC9EE0C}
		{E4EDB833-C6EF-369E-A249-CFE912EF69D5} = {57713676-9DBE-331C-AD10-26632AC9EE0C}
		{EB2A95E7-C9C1-399B-B0C6-3E61975347BD} = {57713676-9DBE-331C-AD10-26632AC9EE0C}
		{0DAB820A-08E6-3715-8C17-72F832266E1A} = {57713676-9DBE-331C-AD10-26632AC9EE0C}
		{8049BCD6-DBF2-34FE-A1F7-D4C063066D1F} = {C2F57ECE-B26F-39D8-BDA7-C1D40BD8F180}
		{7D33511D-6563-3B22-8B9D-910155FB60A8} = {C2F57ECE-B26F-39D8-BDA7-C1D40BD8F180}
		{71029D69-7555-33B5-BE05-8EAE0C3A1D0B} = {C2F57ECE-B26F-39D8-BDA7-C1D40BD8F180}
	EndGlobalSection
EndGlobal
